{
  "version": 4,
  "terraform_version": "1.14.4",
  "serial": 778,
  "lineage": "c4e9c044-ffc2-3b70-37fb-26039cc690cd",
  "outputs": {
    "alb_controller_role_arn": {
      "value": "arn:aws:iam::960828421635:role/weather-app-eks-alb-controller-role",
      "type": "string"
    },
    "ci_alb_dns": {
      "value": "devops-alb-359781775.us-east-1.elb.amazonaws.com",
      "type": "string"
    },
    "cluster_name": {
      "value": "weather-app-eks",
      "type": "string"
    },
    "gitlab_dns_record": {
      "value": "gitlab.omerlevy03.com",
      "type": "string"
    },
    "jenkins_dns_record": {
      "value": "jenkins.omerlevy03.com",
      "type": "string"
    },
    "solitaire_ingress_host": {
      "value": "solitaire.omerlevy03.com",
      "type": "string"
    },
    "solitaire_node_port": {
      "value": 32400,
      "type": "number"
    },
    "weather_ingress_host": {
      "value": "weather.omerlevy03.com",
      "type": "string"
    },
    "weather_node_port": {
      "value": 32300,
      "type": "number"
    },
    "weather_service_name": {
      "value": "weather-service",
      "type": "string"
    }
  },
  "resources": [
    {
      "mode": "data",
      "type": "aws_eks_cluster",
      "name": "this",
      "provider": "provider[\"registry.terraform.io/hashicorp/aws\"]",
      "instances": [
        {
          "schema_version": 0,
          "attributes": {
            "access_config": [
              {
                "authentication_mode": "API_AND_CONFIG_MAP",
                "bootstrap_cluster_creator_admin_permissions": true
              }
            ],
            "arn": "arn:aws:eks:us-east-1:960828421635:cluster/weather-app-eks",
            "certificate_authority": [
              {
                "data": "LS0tLS1CRUdJTiBDRVJUSUZJQ0FURS0tLS0tCk1JSURCVENDQWUyZ0F3SUJBZ0lJWFIyZXZSamZTSFF3RFFZSktvWklodmNOQVFFTEJRQXdGVEVUTUJFR0ExVUUKQXhNS2EzVmlaWEp1WlhSbGN6QWVGdzB5TmpBeU1UWXhNekl3TlRaYUZ3MHpOakF5TVRReE16STFOVFphTUJVeApFekFSQmdOVkJBTVRDbXQxWW1WeWJtVjBaWE13Z2dFaU1BMEdDU3FHU0liM0RRRUJBUVVBQTRJQkR3QXdnZ0VLCkFvSUJBUUQ1b2d5dlg4SnVzdnI5bmVvcFBwR2RXSGZKQnFBNWUvZy8rOGFpcjYxU0dJcjNDY0tmRGVaMDkrbmUKYzJEcDhDY2xYWjBoc25JSEJPd3NVOWh1K2FVay9DTWNsZDE4OEtOSkJEdVJUelJCSGx5bFQ0eUo3Q0JPVHVvQgo1R1lEbXExVkdTYjQ3R0JuZlhlSG83VWM0WTJFVGl5UTlXNERwdTZnQnBVMFNMSVZTN2p5ZEYwMWR1VlZ4NHdyCkN4aEZJNmlBRW9HR3huME9lcVFoN3BySkhRV2w3VlBETDVBN3NXUmVMNlJpV015VGpnVFVtL1U5T3JoaXovR3UKdVN0RXFBQmlBcjRUeW9NajZyWlIvWDdBRm9ONUIvMXM4NXF0eGZrZkZ4TjIvS1NUQ3hhaEZITTVROEtQNWdsVApUeWdHWVNJV2Q5SDFuZGQ0elJ5Y0phdU9DRmlqQWdNQkFBR2pXVEJYTUE0R0ExVWREd0VCL3dRRUF3SUNwREFQCkJnTlZIUk1CQWY4RUJUQURBUUgvTUIwR0ExVWREZ1FXQkJSNlVSSi9mOEE3MDU3RUN2WVc2RE93QjlZV1NEQVYKQmdOVkhSRUVEakFNZ2dwcmRXSmxjbTVsZEdWek1BMEdDU3FHU0liM0RRRUJDd1VBQTRJQkFRQUR2MVJBMVFTcQp1T29xL0hkYysxSmx0WHRGeEFNbWJIekdwQ0xnM2JqTThhcXEwa0srbEU2QkxkOHFiR3RrakZUenFkaFlla2IxCjZjRlo2ZTZNZ3NRajY3ZXFzd2RiMTBjUUpvNUF4K1A5WVpoZzNnbHNiSzluL1hpUnZZOE5zZGkyZ21xMzUwUDEKZ2p2WFhOb3pSakcyTkN0dFIzUU1GcmtPbDV2cEhhL05nandRakR1c1diTjN3UWsxMHFuazNCeEUwQS8xS1o1ZQpjZjVuOXBmWUdrWVdHMUlza0xoa1hPdzM4RFFNUEJPTXJ3c0ZQREFSOER5UlhLV05tNjBLOFhhQ25CZ1FJRTJkClQ4S0JUanJMaGg2dGJ2dTBSYmxCOWZQSHA4a2JqYTZYUVhNRW82b2hxNlduaXhldHJJaVpqN0U4NDREWjdDcXkKcGkzQTdlRjVLVjZQCi0tLS0tRU5EIENFUlRJRklDQVRFLS0tLS0K"
              }
            ],
            "cluster_id": null,
            "compute_config": [],
            "created_at": "2026-02-16T13:19:05Z",
            "enabled_cluster_log_types": [
              "api",
              "audit",
              "authenticator"
            ],
            "endpoint": "https://62AE89267DEAB322E7F39FBE25CE8319.gr7.us-east-1.eks.amazonaws.com",
            "id": "weather-app-eks",
            "identity": [
              {
                "oidc": [
                  {
                    "issuer": "https://oidc.eks.us-east-1.amazonaws.com/id/62AE89267DEAB322E7F39FBE25CE8319"
                  }
                ]
              }
            ],
            "kubernetes_network_config": [
              {
                "elastic_load_balancing": [
                  {
                    "enabled": false
                  }
                ],
                "ip_family": "ipv4",
                "service_ipv4_cidr": "172.20.0.0/16",
                "service_ipv6_cidr": ""
              }
            ],
            "name": "weather-app-eks",
            "outpost_config": [],
            "platform_version": "eks.61",
            "remote_network_config": [],
            "role_arn": "arn:aws:iam::960828421635:role/weather-app-eks-cluster-20260216131840798000000001",
            "status": "ACTIVE",
            "storage_config": [],
            "tags": {
              "terraform-aws-modules": "eks"
            },
            "upgrade_policy": [
              {
                "support_type": "EXTENDED"
              }
            ],
            "version": "1.29",
            "vpc_config": [
              {
                "cluster_security_group_id": "sg-0b7819607c52a77d0",
                "endpoint_private_access": true,
                "endpoint_public_access": true,
                "public_access_cidrs": [
                  "0.0.0.0/0"
                ],
                "security_group_ids": [
                  "sg-0657a35eb8bf35947"
                ],
                "subnet_ids": [
                  "subnet-0323792cba24f82a9",
                  "subnet-0704f05d04d0f330a"
                ],
                "vpc_id": "vpc-02ee336af566d61f6"
              }
            ],
            "zonal_shift_config": []
          },
          "sensitive_attributes": [],
          "identity_schema_version": 0
        }
      ]
    },
    {
      "mode": "data",
      "type": "aws_eks_cluster_auth",
      "name": "this",
      "provider": "provider[\"registry.terraform.io/hashicorp/aws\"]",
      "instances": [
        {
          "schema_version": 0,
          "attributes": {
            "id": "weather-app-eks",
            "name": "weather-app-eks",
            "token": "k8s-aws-v1.aHR0cHM6Ly9zdHMudXMtZWFzdC0xLmFtYXpvbmF3cy5jb20vP0FjdGlvbj1HZXRDYWxsZXJJZGVudGl0eSZWZXJzaW9uPTIwMTEtMDYtMTUmWC1BbXotQWxnb3JpdGhtPUFXUzQtSE1BQy1TSEEyNTYmWC1BbXotQ3JlZGVudGlhbD1BS0lBNTdOT1dHWUJWTTU0SkZYViUyRjIwMjYwMjE2JTJGdXMtZWFzdC0xJTJGc3RzJTJGYXdzNF9yZXF1ZXN0JlgtQW16LURhdGU9MjAyNjAyMTZUMjAyMTA2WiZYLUFtei1FeHBpcmVzPTAmWC1BbXotU2lnbmVkSGVhZGVycz1ob3N0JTNCeC1rOHMtYXdzLWlkJlgtQW16LVNpZ25hdHVyZT1mOTVlM2UxM2ViNmExZDRhZmI0YmM5NjIxYTg1OWZiOTAyNTU5ZmRlNzQ0ZjdiYjg4YzM3M2NhMDI5NTMwOGVk"
          },
          "sensitive_attributes": [
            [
              {
                "type": "get_attr",
                "value": "token"
              }
            ]
          ],
          "identity_schema_version": 0
        }
      ]
    },
    {
      "mode": "data",
      "type": "aws_iam_policy",
      "name": "alb_controller",
      "provider": "provider[\"registry.terraform.io/hashicorp/aws\"]",
      "instances": [
        {
          "schema_version": 0,
          "attributes": {
            "arn": "arn:aws:iam::960828421635:policy/AWSLoadBalancerControllerIAMPolicy",
            "attachment_count": 1,
            "description": "",
            "id": "arn:aws:iam::960828421635:policy/AWSLoadBalancerControllerIAMPolicy",
            "name": "AWSLoadBalancerControllerIAMPolicy",
            "path": "/",
            "path_prefix": null,
            "policy": "{\n    \"Version\": \"2012-10-17\",\n    \"Statement\": [\n        {\n            \"Effect\": \"Allow\",\n            \"Action\": [\n                \"iam:CreateServiceLinkedRole\"\n            ],\n            \"Resource\": \"*\",\n            \"Condition\": {\n                \"StringEquals\": {\n                    \"iam:AWSServiceName\": \"elasticloadbalancing.amazonaws.com\"\n                }\n            }\n        },\n        {\n            \"Effect\": \"Allow\",\n            \"Action\": [\n                \"ec2:DescribeAccountAttributes\",\n                \"ec2:DescribeAddresses\",\n                \"ec2:DescribeAvailabilityZones\",\n                \"ec2:DescribeInternetGateways\",\n                \"ec2:DescribeVpcs\",\n                \"ec2:DescribeVpcPeeringConnections\",\n                \"ec2:DescribeSubnets\",\n                \"ec2:DescribeSecurityGroups\",\n                \"ec2:DescribeInstances\",\n                \"ec2:DescribeNetworkInterfaces\",\n                \"ec2:DescribeTags\",\n                \"ec2:GetCoipPoolUsage\",\n                \"ec2:DescribeCoipPools\",\n                \"ec2:GetSecurityGroupsForVpc\",\n                \"ec2:DescribeIpamPools\",\n                \"ec2:DescribeRouteTables\",\n                \"elasticloadbalancing:DescribeLoadBalancers\",\n                \"elasticloadbalancing:DescribeLoadBalancerAttributes\",\n                \"elasticloadbalancing:DescribeListeners\",\n                \"elasticloadbalancing:DescribeListenerCertificates\",\n                \"elasticloadbalancing:DescribeSSLPolicies\",\n                \"elasticloadbalancing:DescribeRules\",\n                \"elasticloadbalancing:DescribeTargetGroups\",\n                \"elasticloadbalancing:DescribeTargetGroupAttributes\",\n                \"elasticloadbalancing:DescribeTargetHealth\",\n                \"elasticloadbalancing:DescribeTags\",\n                \"elasticloadbalancing:DescribeTrustStores\",\n                \"elasticloadbalancing:DescribeListenerAttributes\",\n                \"elasticloadbalancing:DescribeCapacityReservation\"\n            ],\n            \"Resource\": \"*\"\n        },\n        {\n            \"Effect\": \"Allow\",\n            \"Action\": [\n                \"cognito-idp:DescribeUserPoolClient\",\n                \"acm:ListCertificates\",\n                \"acm:DescribeCertificate\",\n                \"iam:ListServerCertificates\",\n                \"iam:GetServerCertificate\",\n                \"waf-regional:GetWebACL\",\n                \"waf-regional:GetWebACLForResource\",\n                \"waf-regional:AssociateWebACL\",\n                \"waf-regional:DisassociateWebACL\",\n                \"wafv2:GetWebACL\",\n                \"wafv2:GetWebACLForResource\",\n                \"wafv2:AssociateWebACL\",\n                \"wafv2:DisassociateWebACL\",\n                \"shield:GetSubscriptionState\",\n                \"shield:DescribeProtection\",\n                \"shield:CreateProtection\",\n                \"shield:DeleteProtection\"\n            ],\n            \"Resource\": \"*\"\n        },\n        {\n            \"Effect\": \"Allow\",\n            \"Action\": [\n                \"ec2:AuthorizeSecurityGroupIngress\",\n                \"ec2:RevokeSecurityGroupIngress\"\n            ],\n            \"Resource\": \"*\"\n        },\n        {\n            \"Effect\": \"Allow\",\n            \"Action\": [\n                \"ec2:CreateSecurityGroup\"\n            ],\n            \"Resource\": \"*\"\n        },\n        {\n            \"Effect\": \"Allow\",\n            \"Action\": [\n                \"ec2:CreateTags\"\n            ],\n            \"Resource\": \"arn:aws:ec2:*:*:security-group/*\",\n            \"Condition\": {\n                \"StringEquals\": {\n                    \"ec2:CreateAction\": \"CreateSecurityGroup\"\n                },\n                \"Null\": {\n                    \"aws:RequestTag/elbv2.k8s.aws/cluster\": \"false\"\n                }\n            }\n        },\n        {\n            \"Effect\": \"Allow\",\n            \"Action\": [\n                \"ec2:CreateTags\",\n                \"ec2:DeleteTags\"\n            ],\n            \"Resource\": \"arn:aws:ec2:*:*:security-group/*\",\n            \"Condition\": {\n                \"Null\": {\n                    \"aws:RequestTag/elbv2.k8s.aws/cluster\": \"true\",\n                    \"aws:ResourceTag/elbv2.k8s.aws/cluster\": \"false\"\n                }\n            }\n        },\n        {\n            \"Effect\": \"Allow\",\n            \"Action\": [\n                \"ec2:AuthorizeSecurityGroupIngress\",\n                \"ec2:RevokeSecurityGroupIngress\",\n                \"ec2:DeleteSecurityGroup\"\n            ],\n            \"Resource\": \"*\",\n            \"Condition\": {\n                \"Null\": {\n                    \"aws:ResourceTag/elbv2.k8s.aws/cluster\": \"false\"\n                }\n            }\n        },\n        {\n            \"Effect\": \"Allow\",\n            \"Action\": [\n                \"elasticloadbalancing:CreateLoadBalancer\",\n                \"elasticloadbalancing:CreateTargetGroup\"\n            ],\n            \"Resource\": \"*\",\n            \"Condition\": {\n                \"Null\": {\n                    \"aws:RequestTag/elbv2.k8s.aws/cluster\": \"false\"\n                }\n            }\n        },\n        {\n            \"Effect\": \"Allow\",\n            \"Action\": [\n                \"elasticloadbalancing:CreateListener\",\n                \"elasticloadbalancing:DeleteListener\",\n                \"elasticloadbalancing:CreateRule\",\n                \"elasticloadbalancing:DeleteRule\"\n            ],\n            \"Resource\": \"*\"\n        },\n        {\n            \"Effect\": \"Allow\",\n            \"Action\": [\n                \"elasticloadbalancing:AddTags\",\n                \"elasticloadbalancing:RemoveTags\"\n            ],\n            \"Resource\": [\n                \"arn:aws:elasticloadbalancing:*:*:targetgroup/*/*\",\n                \"arn:aws:elasticloadbalancing:*:*:loadbalancer/net/*/*\",\n                \"arn:aws:elasticloadbalancing:*:*:loadbalancer/app/*/*\"\n            ],\n            \"Condition\": {\n                \"Null\": {\n                    \"aws:RequestTag/elbv2.k8s.aws/cluster\": \"true\",\n                    \"aws:ResourceTag/elbv2.k8s.aws/cluster\": \"false\"\n                }\n            }\n        },\n        {\n            \"Effect\": \"Allow\",\n            \"Action\": [\n                \"elasticloadbalancing:AddTags\",\n                \"elasticloadbalancing:RemoveTags\"\n            ],\n            \"Resource\": [\n                \"arn:aws:elasticloadbalancing:*:*:listener/net/*/*/*\",\n                \"arn:aws:elasticloadbalancing:*:*:listener/app/*/*/*\",\n                \"arn:aws:elasticloadbalancing:*:*:listener-rule/net/*/*/*\",\n                \"arn:aws:elasticloadbalancing:*:*:listener-rule/app/*/*/*\"\n            ]\n        },\n        {\n            \"Effect\": \"Allow\",\n            \"Action\": [\n                \"elasticloadbalancing:ModifyLoadBalancerAttributes\",\n                \"elasticloadbalancing:SetIpAddressType\",\n                \"elasticloadbalancing:SetSecurityGroups\",\n                \"elasticloadbalancing:SetSubnets\",\n                \"elasticloadbalancing:DeleteLoadBalancer\",\n                \"elasticloadbalancing:ModifyTargetGroup\",\n                \"elasticloadbalancing:ModifyTargetGroupAttributes\",\n                \"elasticloadbalancing:DeleteTargetGroup\",\n                \"elasticloadbalancing:ModifyListenerAttributes\",\n                \"elasticloadbalancing:ModifyCapacityReservation\",\n                \"elasticloadbalancing:ModifyIpPools\"\n            ],\n            \"Resource\": \"*\",\n            \"Condition\": {\n                \"Null\": {\n                    \"aws:ResourceTag/elbv2.k8s.aws/cluster\": \"false\"\n                }\n            }\n        },\n        {\n            \"Effect\": \"Allow\",\n            \"Action\": [\n                \"elasticloadbalancing:AddTags\"\n            ],\n            \"Resource\": [\n                \"arn:aws:elasticloadbalancing:*:*:targetgroup/*/*\",\n                \"arn:aws:elasticloadbalancing:*:*:loadbalancer/net/*/*\",\n                \"arn:aws:elasticloadbalancing:*:*:loadbalancer/app/*/*\"\n            ],\n            \"Condition\": {\n                \"StringEquals\": {\n                    \"elasticloadbalancing:CreateAction\": [\n                        \"CreateTargetGroup\",\n                        \"CreateLoadBalancer\"\n                    ]\n                },\n                \"Null\": {\n                    \"aws:RequestTag/elbv2.k8s.aws/cluster\": \"false\"\n                }\n            }\n        },\n        {\n            \"Effect\": \"Allow\",\n            \"Action\": [\n                \"elasticloadbalancing:RegisterTargets\",\n                \"elasticloadbalancing:DeregisterTargets\"\n            ],\n            \"Resource\": \"arn:aws:elasticloadbalancing:*:*:targetgroup/*/*\"\n        },\n        {\n            \"Effect\": \"Allow\",\n            \"Action\": [\n                \"elasticloadbalancing:SetWebAcl\",\n                \"elasticloadbalancing:ModifyListener\",\n                \"elasticloadbalancing:AddListenerCertificates\",\n                \"elasticloadbalancing:RemoveListenerCertificates\",\n                \"elasticloadbalancing:ModifyRule\",\n                \"elasticloadbalancing:SetRulePriorities\"\n            ],\n            \"Resource\": \"*\"\n        }\n    ]\n}\n",
            "policy_id": "ANPA57NOWGYB5NFD2SI56",
            "tags": {}
          },
          "sensitive_attributes": [],
          "identity_schema_version": 0
        }
      ]
    },
    {
      "mode": "managed",
      "type": "aws_iam_role_policy_attachment",
      "name": "alb_controller",
      "provider": "provider[\"registry.terraform.io/hashicorp/aws\"]",
      "instances": [
        {
          "schema_version": 0,
          "attributes": {
            "id": "weather-app-eks-alb-controller-role-2026021613323310770000001c",
            "policy_arn": "arn:aws:iam::960828421635:policy/AWSLoadBalancerControllerIAMPolicy",
            "role": "weather-app-eks-alb-controller-role"
          },
          "sensitive_attributes": [],
          "identity_schema_version": 0,
          "private": "bnVsbA==",
          "dependencies": [
            "data.aws_eks_cluster.this",
            "data.aws_eks_cluster_auth.this",
            "data.aws_iam_policy.alb_controller",
            "module.alb_controller.aws_iam_role.alb_controller",
            "module.alb_controller.data.aws_iam_policy_document.alb_controller_assume_role",
            "module.alb_controller.helm_release.aws_load_balancer_controller",
            "module.alb_controller.kubernetes_service_account_v1.alb_controller",
            "module.infrastructure.module.eks.data.aws_caller_identity.current",
            "module.infrastructure.module.eks.module.eks.aws_cloudwatch_log_group.this",
            "module.infrastructure.module.eks.module.eks.aws_eks_access_entry.this",
            "module.infrastructure.module.eks.module.eks.aws_eks_access_policy_association.this",
            "module.infrastructure.module.eks.module.eks.aws_eks_cluster.this",
            "module.infrastructure.module.eks.module.eks.aws_iam_openid_connect_provider.oidc_provider",
            "module.infrastructure.module.eks.module.eks.aws_iam_policy.cni_ipv6_policy",
            "module.infrastructure.module.eks.module.eks.aws_iam_role.eks_auto",
            "module.infrastructure.module.eks.module.eks.aws_iam_role.this",
            "module.infrastructure.module.eks.module.eks.aws_iam_role_policy_attachment.this",
            "module.infrastructure.module.eks.module.eks.aws_security_group.cluster",
            "module.infrastructure.module.eks.module.eks.aws_security_group.node",
            "module.infrastructure.module.eks.module.eks.aws_security_group_rule.cluster",
            "module.infrastructure.module.eks.module.eks.aws_security_group_rule.node",
            "module.infrastructure.module.eks.module.eks.data.aws_caller_identity.current",
            "module.infrastructure.module.eks.module.eks.data.aws_iam_policy_document.assume_role_policy",
            "module.infrastructure.module.eks.module.eks.data.aws_iam_policy_document.cni_ipv6_policy",
            "module.infrastructure.module.eks.module.eks.data.aws_iam_policy_document.node_assume_role_policy",
            "module.infrastructure.module.eks.module.eks.data.aws_iam_session_context.current",
            "module.infrastructure.module.eks.module.eks.data.aws_partition.current",
            "module.infrastructure.module.eks.module.eks.data.tls_certificate.this",
            "module.infrastructure.module.eks.module.eks.module.kms.aws_kms_external_key.this",
            "module.infrastructure.module.eks.module.eks.module.kms.aws_kms_key.this",
            "module.infrastructure.module.eks.module.eks.module.kms.aws_kms_replica_external_key.this",
            "module.infrastructure.module.eks.module.eks.module.kms.aws_kms_replica_key.this",
            "module.infrastructure.module.eks.module.eks.module.kms.data.aws_caller_identity.current",
            "module.infrastructure.module.eks.module.eks.module.kms.data.aws_iam_policy_document.this",
            "module.infrastructure.module.eks.module.eks.module.kms.data.aws_partition.current",
            "module.infrastructure.module.security_groups.aws_security_group.alb_sg",
            "module.infrastructure.module.vpc.aws_subnet.private",
            "module.infrastructure.module.vpc.aws_vpc.this",
            "module.infrastructure.module.vpc.data.aws_availability_zones.available"
          ]
        }
      ]
    },
    {
      "module": "module.alb",
      "mode": "managed",
      "type": "aws_autoscaling_attachment",
      "name": "weather_eks_nodes",
      "provider": "provider[\"registry.terraform.io/hashicorp/aws\"]",
      "instances": [
        {
          "index_key": "default",
          "schema_version": 0,
          "attributes": {
            "autoscaling_group_name": "eks-default-2026021613305692390000001a-f4ce3352-d148-a606-3332-31f1774b7ebb",
            "elb": null,
            "id": "eks-default-2026021613305692390000001a-f4ce3352-d148-a606-3332-31f1774b7ebb-2026021613323698300000001d",
            "lb_target_group_arn": "arn:aws:elasticloadbalancing:us-east-1:960828421635:targetgroup/wt-20260216131841983400000005/56fb0bded428e525"
          },
          "sensitive_attributes": [],
          "identity_schema_version": 0,
          "private": "bnVsbA==",
          "dependencies": [
            "module.alb.aws_lb_target_group.weather_eks",
            "module.infrastructure.module.eks.module.eks.aws_cloudwatch_log_group.this",
            "module.infrastructure.module.eks.module.eks.aws_eks_cluster.this",
            "module.infrastructure.module.eks.module.eks.aws_iam_policy.cni_ipv6_policy",
            "module.infrastructure.module.eks.module.eks.aws_iam_role.eks_auto",
            "module.infrastructure.module.eks.module.eks.aws_iam_role.this",
            "module.infrastructure.module.eks.module.eks.aws_iam_role_policy_attachment.this",
            "module.infrastructure.module.eks.module.eks.aws_security_group.cluster",
            "module.infrastructure.module.eks.module.eks.aws_security_group.node",
            "module.infrastructure.module.eks.module.eks.aws_security_group_rule.cluster",
            "module.infrastructure.module.eks.module.eks.aws_security_group_rule.node",
            "module.infrastructure.module.eks.module.eks.data.aws_caller_identity.current",
            "module.infrastructure.module.eks.module.eks.data.aws_iam_policy_document.assume_role_policy",
            "module.infrastructure.module.eks.module.eks.data.aws_iam_policy_document.cni_ipv6_policy",
            "module.infrastructure.module.eks.module.eks.data.aws_iam_policy_document.node_assume_role_policy",
            "module.infrastructure.module.eks.module.eks.data.aws_iam_session_context.current",
            "module.infrastructure.module.eks.module.eks.data.aws_partition.current",
            "module.infrastructure.module.eks.module.eks.module.eks_managed_node_group.aws_autoscaling_schedule.this",
            "module.infrastructure.module.eks.module.eks.module.eks_managed_node_group.aws_eks_node_group.this",
            "module.infrastructure.module.eks.module.eks.module.eks_managed_node_group.aws_iam_role.this",
            "module.infrastructure.module.eks.module.eks.module.eks_managed_node_group.aws_iam_role_policy.this",
            "module.infrastructure.module.eks.module.eks.module.eks_managed_node_group.aws_iam_role_policy_attachment.additional",
            "module.infrastructure.module.eks.module.eks.module.eks_managed_node_group.aws_iam_role_policy_attachment.this",
            "module.infrastructure.module.eks.module.eks.module.eks_managed_node_group.aws_launch_template.this",
            "module.infrastructure.module.eks.module.eks.module.eks_managed_node_group.aws_placement_group.this",
            "module.infrastructure.module.eks.module.eks.module.eks_managed_node_group.data.aws_caller_identity.current",
            "module.infrastructure.module.eks.module.eks.module.eks_managed_node_group.data.aws_ec2_instance_type.this",
            "module.infrastructure.module.eks.module.eks.module.eks_managed_node_group.data.aws_ec2_instance_type_offerings.this",
            "module.infrastructure.module.eks.module.eks.module.eks_managed_node_group.data.aws_iam_policy_document.assume_role_policy",
            "module.infrastructure.module.eks.module.eks.module.eks_managed_node_group.data.aws_iam_policy_document.role",
            "module.infrastructure.module.eks.module.eks.module.eks_managed_node_group.data.aws_partition.current",
            "module.infrastructure.module.eks.module.eks.module.eks_managed_node_group.data.aws_ssm_parameter.ami",
            "module.infrastructure.module.eks.module.eks.module.eks_managed_node_group.data.aws_subnets.placement_group",
            "module.infrastructure.module.eks.module.eks.module.eks_managed_node_group.module.user_data.data.cloudinit_config.al2023_eks_managed_node_group",
            "module.infrastructure.module.eks.module.eks.module.eks_managed_node_group.module.user_data.data.cloudinit_config.linux_eks_managed_node_group",
            "module.infrastructure.module.eks.module.eks.module.eks_managed_node_group.module.user_data.null_resource.validate_cluster_service_cidr",
            "module.infrastructure.module.eks.module.eks.module.kms.aws_kms_external_key.this",
            "module.infrastructure.module.eks.module.eks.module.kms.aws_kms_key.this",
            "module.infrastructure.module.eks.module.eks.module.kms.aws_kms_replica_external_key.this",
            "module.infrastructure.module.eks.module.eks.module.kms.aws_kms_replica_key.this",
            "module.infrastructure.module.eks.module.eks.module.kms.data.aws_caller_identity.current",
            "module.infrastructure.module.eks.module.eks.module.kms.data.aws_iam_policy_document.this",
            "module.infrastructure.module.eks.module.eks.module.kms.data.aws_partition.current",
            "module.infrastructure.module.eks.module.eks.time_sleep.this",
            "module.infrastructure.module.security_groups.aws_security_group.alb_sg",
            "module.infrastructure.module.vpc.aws_subnet.private",
            "module.infrastructure.module.vpc.aws_vpc.this",
            "module.infrastructure.module.vpc.data.aws_availability_zones.available"
          ]
        }
      ]
    },
    {
      "module": "module.alb",
      "mode": "managed",
      "type": "aws_lb",
      "name": "this",
      "provider": "provider[\"registry.terraform.io/hashicorp/aws\"]",
      "instances": [
        {
          "schema_version": 0,
          "attributes": {
            "access_logs": [
              {
                "bucket": "",
                "enabled": false,
                "prefix": ""
              }
            ],
            "arn": "arn:aws:elasticloadbalancing:us-east-1:960828421635:loadbalancer/app/devops-alb/38f396512ae623d4",
            "arn_suffix": "app/devops-alb/38f396512ae623d4",
            "client_keep_alive": 3600,
            "connection_logs": [
              {
                "bucket": "",
                "enabled": false,
                "prefix": ""
              }
            ],
            "customer_owned_ipv4_pool": "",
            "desync_mitigation_mode": "defensive",
            "dns_name": "devops-alb-359781775.us-east-1.elb.amazonaws.com",
            "dns_record_client_routing_policy": null,
            "drop_invalid_header_fields": false,
            "enable_cross_zone_load_balancing": true,
            "enable_deletion_protection": false,
            "enable_http2": true,
            "enable_tls_version_and_cipher_suite_headers": false,
            "enable_waf_fail_open": false,
            "enable_xff_client_port": false,
            "enable_zonal_shift": false,
            "enforce_security_group_inbound_rules_on_private_link_traffic": "",
            "id": "arn:aws:elasticloadbalancing:us-east-1:960828421635:loadbalancer/app/devops-alb/38f396512ae623d4",
            "idle_timeout": 60,
            "internal": false,
            "ip_address_type": "ipv4",
            "ipam_pools": [],
            "load_balancer_type": "application",
            "minimum_load_balancer_capacity": [],
            "name": "devops-alb",
            "name_prefix": "",
            "preserve_host_header": false,
            "security_groups": [
              "sg-04ee603842f3d2771"
            ],
            "subnet_mapping": [
              {
                "allocation_id": "",
                "ipv6_address": "",
                "outpost_id": "",
                "private_ipv4_address": "",
                "subnet_id": "subnet-01d9f97149cf8f403"
              },
              {
                "allocation_id": "",
                "ipv6_address": "",
                "outpost_id": "",
                "private_ipv4_address": "",
                "subnet_id": "subnet-0838d54df3a0db3ac"
              }
            ],
            "subnets": [
              "subnet-01d9f97149cf8f403",
              "subnet-0838d54df3a0db3ac"
            ],
            "tags": {},
            "tags_all": {},
            "timeouts": null,
            "vpc_id": "vpc-02ee336af566d61f6",
            "xff_header_processing_mode": "append",
            "zone_id": "Z35SXDOTRQ7X7K"
          },
          "sensitive_attributes": [],
          "identity_schema_version": 0,
          "private": "eyJlMmJmYjczMC1lY2FhLTExZTYtOGY4OC0zNDM2M2JjN2M0YzAiOnsiY3JlYXRlIjo2MDAwMDAwMDAwMDAsImRlbGV0ZSI6NjAwMDAwMDAwMDAwLCJ1cGRhdGUiOjYwMDAwMDAwMDAwMH19",
          "dependencies": [
            "module.infrastructure.module.security_groups.aws_security_group.alb_sg",
            "module.infrastructure.module.vpc.aws_subnet.public",
            "module.infrastructure.module.vpc.aws_vpc.this",
            "module.infrastructure.module.vpc.data.aws_availability_zones.available"
          ]
        }
      ]
    },
    {
      "module": "module.alb",
      "mode": "managed",
      "type": "aws_lb_listener",
      "name": "http",
      "provider": "provider[\"registry.terraform.io/hashicorp/aws\"]",
      "instances": [
        {
          "schema_version": 0,
          "attributes": {
            "alpn_policy": null,
            "arn": "arn:aws:elasticloadbalancing:us-east-1:960828421635:listener/app/devops-alb/38f396512ae623d4/789824ea75821eac",
            "certificate_arn": null,
            "default_action": [
              {
                "authenticate_cognito": [],
                "authenticate_oidc": [],
                "fixed_response": [],
                "forward": [],
                "order": 1,
                "redirect": [
                  {
                    "host": "#{host}",
                    "path": "/#{path}",
                    "port": "443",
                    "protocol": "HTTPS",
                    "query": "#{query}",
                    "status_code": "HTTP_301"
                  }
                ],
                "target_group_arn": "",
                "type": "redirect"
              }
            ],
            "id": "arn:aws:elasticloadbalancing:us-east-1:960828421635:listener/app/devops-alb/38f396512ae623d4/789824ea75821eac",
            "load_balancer_arn": "arn:aws:elasticloadbalancing:us-east-1:960828421635:loadbalancer/app/devops-alb/38f396512ae623d4",
            "mutual_authentication": [],
            "port": 80,
            "protocol": "HTTP",
            "routing_http_request_x_amzn_mtls_clientcert_header_name": null,
            "routing_http_request_x_amzn_mtls_clientcert_issuer_header_name": null,
            "routing_http_request_x_amzn_mtls_clientcert_leaf_header_name": null,
            "routing_http_request_x_amzn_mtls_clientcert_serial_number_header_name": null,
            "routing_http_request_x_amzn_mtls_clientcert_subject_header_name": null,
            "routing_http_request_x_amzn_mtls_clientcert_validity_header_name": null,
            "routing_http_request_x_amzn_tls_cipher_suite_header_name": null,
            "routing_http_request_x_amzn_tls_version_header_name": null,
            "routing_http_response_access_control_allow_credentials_header_value": "",
            "routing_http_response_access_control_allow_headers_header_value": "",
            "routing_http_response_access_control_allow_methods_header_value": "",
            "routing_http_response_access_control_allow_origin_header_value": "",
            "routing_http_response_access_control_expose_headers_header_value": "",
            "routing_http_response_access_control_max_age_header_value": "",
            "routing_http_response_content_security_policy_header_value": "",
            "routing_http_response_server_enabled": true,
            "routing_http_response_strict_transport_security_header_value": "",
            "routing_http_response_x_content_type_options_header_value": "",
            "routing_http_response_x_frame_options_header_value": "",
            "ssl_policy": "",
            "tags": {},
            "tags_all": {},
            "tcp_idle_timeout_seconds": null,
            "timeouts": null
          },
          "sensitive_attributes": [],
          "identity_schema_version": 0,
          "private": "eyJlMmJmYjczMC1lY2FhLTExZTYtOGY4OC0zNDM2M2JjN2M0YzAiOnsiY3JlYXRlIjozMDAwMDAwMDAwMDAsInVwZGF0ZSI6MzAwMDAwMDAwMDAwfX0=",
          "dependencies": [
            "module.alb.aws_lb.this",
            "module.infrastructure.module.security_groups.aws_security_group.alb_sg",
            "module.infrastructure.module.vpc.aws_subnet.public",
            "module.infrastructure.module.vpc.aws_vpc.this",
            "module.infrastructure.module.vpc.data.aws_availability_zones.available"
          ]
        }
      ]
    },
    {
      "module": "module.alb",
      "mode": "managed",
      "type": "aws_lb_listener",
      "name": "https",
      "provider": "provider[\"registry.terraform.io/hashicorp/aws\"]",
      "instances": [
        {
          "schema_version": 0,
          "attributes": {
            "alpn_policy": null,
            "arn": "arn:aws:elasticloadbalancing:us-east-1:960828421635:listener/app/devops-alb/38f396512ae623d4/0705d17ff226c8d5",
            "certificate_arn": "arn:aws:acm:us-east-1:960828421635:certificate/354e07ad-76e2-4921-a459-85fe48702d1f",
            "default_action": [
              {
                "authenticate_cognito": [],
                "authenticate_oidc": [],
                "fixed_response": [
                  {
                    "content_type": "text/plain",
                    "message_body": "Not Found",
                    "status_code": "404"
                  }
                ],
                "forward": [],
                "order": 1,
                "redirect": [],
                "target_group_arn": "",
                "type": "fixed-response"
              }
            ],
            "id": "arn:aws:elasticloadbalancing:us-east-1:960828421635:listener/app/devops-alb/38f396512ae623d4/0705d17ff226c8d5",
            "load_balancer_arn": "arn:aws:elasticloadbalancing:us-east-1:960828421635:loadbalancer/app/devops-alb/38f396512ae623d4",
            "mutual_authentication": [
              {
                "advertise_trust_store_ca_names": "",
                "ignore_client_certificate_expiry": false,
                "mode": "off",
                "trust_store_arn": ""
              }
            ],
            "port": 443,
            "protocol": "HTTPS",
            "routing_http_request_x_amzn_mtls_clientcert_header_name": "",
            "routing_http_request_x_amzn_mtls_clientcert_issuer_header_name": "",
            "routing_http_request_x_amzn_mtls_clientcert_leaf_header_name": "",
            "routing_http_request_x_amzn_mtls_clientcert_serial_number_header_name": "",
            "routing_http_request_x_amzn_mtls_clientcert_subject_header_name": "",
            "routing_http_request_x_amzn_mtls_clientcert_validity_header_name": "",
            "routing_http_request_x_amzn_tls_cipher_suite_header_name": "",
            "routing_http_request_x_amzn_tls_version_header_name": "",
            "routing_http_response_access_control_allow_credentials_header_value": "",
            "routing_http_response_access_control_allow_headers_header_value": "",
            "routing_http_response_access_control_allow_methods_header_value": "",
            "routing_http_response_access_control_allow_origin_header_value": "",
            "routing_http_response_access_control_expose_headers_header_value": "",
            "routing_http_response_access_control_max_age_header_value": "",
            "routing_http_response_content_security_policy_header_value": "",
            "routing_http_response_server_enabled": true,
            "routing_http_response_strict_transport_security_header_value": "",
            "routing_http_response_x_content_type_options_header_value": "",
            "routing_http_response_x_frame_options_header_value": "",
            "ssl_policy": "ELBSecurityPolicy-2016-08",
            "tags": {},
            "tags_all": {},
            "tcp_idle_timeout_seconds": null,
            "timeouts": null
          },
          "sensitive_attributes": [],
          "identity_schema_version": 0,
          "private": "eyJlMmJmYjczMC1lY2FhLTExZTYtOGY4OC0zNDM2M2JjN2M0YzAiOnsiY3JlYXRlIjozMDAwMDAwMDAwMDAsInVwZGF0ZSI6MzAwMDAwMDAwMDAwfX0=",
          "dependencies": [
            "module.alb.aws_lb.this",
            "module.infrastructure.module.security_groups.aws_security_group.alb_sg",
            "module.infrastructure.module.vpc.aws_subnet.public",
            "module.infrastructure.module.vpc.aws_vpc.this",
            "module.infrastructure.module.vpc.data.aws_availability_zones.available"
          ]
        }
      ]
    },
    {
      "module": "module.alb",
      "mode": "managed",
      "type": "aws_lb_listener_rule",
      "name": "gitlab",
      "provider": "provider[\"registry.terraform.io/hashicorp/aws\"]",
      "instances": [
        {
          "schema_version": 0,
          "attributes": {
            "action": [
              {
                "authenticate_cognito": [],
                "authenticate_oidc": [],
                "fixed_response": [],
                "forward": [],
                "order": 1,
                "redirect": [],
                "target_group_arn": "arn:aws:elasticloadbalancing:us-east-1:960828421635:targetgroup/gl-20260216131841817700000004/fe74940796fdb5a1",
                "type": "forward"
              }
            ],
            "arn": "arn:aws:elasticloadbalancing:us-east-1:960828421635:listener-rule/app/devops-alb/38f396512ae623d4/0705d17ff226c8d5/4e3ce50bc6a035ab",
            "condition": [
              {
                "host_header": [
                  {
                    "values": [
                      "gitlab.omerlevy03.com"
                    ]
                  }
                ],
                "http_header": [],
                "http_request_method": [],
                "path_pattern": [],
                "query_string": [],
                "source_ip": []
              }
            ],
            "id": "arn:aws:elasticloadbalancing:us-east-1:960828421635:listener-rule/app/devops-alb/38f396512ae623d4/0705d17ff226c8d5/4e3ce50bc6a035ab",
            "listener_arn": "arn:aws:elasticloadbalancing:us-east-1:960828421635:listener/app/devops-alb/38f396512ae623d4/0705d17ff226c8d5",
            "priority": 10,
            "tags": {},
            "tags_all": {}
          },
          "sensitive_attributes": [],
          "identity_schema_version": 0,
          "private": "bnVsbA==",
          "dependencies": [
            "module.alb.aws_lb.this",
            "module.alb.aws_lb_listener.https",
            "module.alb.aws_lb_target_group.gitlab",
            "module.infrastructure.module.security_groups.aws_security_group.alb_sg",
            "module.infrastructure.module.vpc.aws_subnet.public",
            "module.infrastructure.module.vpc.aws_vpc.this",
            "module.infrastructure.module.vpc.data.aws_availability_zones.available"
          ]
        }
      ]
    },
    {
      "module": "module.alb",
      "mode": "managed",
      "type": "aws_lb_listener_rule",
      "name": "jenkins",
      "provider": "provider[\"registry.terraform.io/hashicorp/aws\"]",
      "instances": [
        {
          "schema_version": 0,
          "attributes": {
            "action": [
              {
                "authenticate_cognito": [],
                "authenticate_oidc": [],
                "fixed_response": [],
                "forward": [],
                "order": 1,
                "redirect": [],
                "target_group_arn": "arn:aws:elasticloadbalancing:us-east-1:960828421635:targetgroup/jk-20260216131840798400000003/bcc2b5a7b588c219",
                "type": "forward"
              }
            ],
            "arn": "arn:aws:elasticloadbalancing:us-east-1:960828421635:listener-rule/app/devops-alb/38f396512ae623d4/0705d17ff226c8d5/ba24d9080cc12803",
            "condition": [
              {
                "host_header": [
                  {
                    "values": [
                      "jenkins.omerlevy03.com"
                    ]
                  }
                ],
                "http_header": [],
                "http_request_method": [],
                "path_pattern": [],
                "query_string": [],
                "source_ip": []
              }
            ],
            "id": "arn:aws:elasticloadbalancing:us-east-1:960828421635:listener-rule/app/devops-alb/38f396512ae623d4/0705d17ff226c8d5/ba24d9080cc12803",
            "listener_arn": "arn:aws:elasticloadbalancing:us-east-1:960828421635:listener/app/devops-alb/38f396512ae623d4/0705d17ff226c8d5",
            "priority": 20,
            "tags": {},
            "tags_all": {}
          },
          "sensitive_attributes": [],
          "identity_schema_version": 0,
          "private": "bnVsbA==",
          "dependencies": [
            "module.alb.aws_lb.this",
            "module.alb.aws_lb_listener.https",
            "module.alb.aws_lb_target_group.jenkins",
            "module.infrastructure.module.security_groups.aws_security_group.alb_sg",
            "module.infrastructure.module.vpc.aws_subnet.public",
            "module.infrastructure.module.vpc.aws_vpc.this",
            "module.infrastructure.module.vpc.data.aws_availability_zones.available"
          ]
        }
      ]
    },
    {
      "module": "module.alb",
      "mode": "managed",
      "type": "aws_lb_listener_rule",
      "name": "weather",
      "provider": "provider[\"registry.terraform.io/hashicorp/aws\"]",
      "instances": [
        {
          "schema_version": 0,
          "attributes": {
            "action": [
              {
                "authenticate_cognito": [],
                "authenticate_oidc": [],
                "fixed_response": [],
                "forward": [],
                "order": 1,
                "redirect": [],
                "target_group_arn": "arn:aws:elasticloadbalancing:us-east-1:960828421635:targetgroup/wt-20260216131841983400000005/56fb0bded428e525",
                "type": "forward"
              }
            ],
            "arn": "arn:aws:elasticloadbalancing:us-east-1:960828421635:listener-rule/app/devops-alb/38f396512ae623d4/0705d17ff226c8d5/c6aff49efc209635",
            "condition": [
              {
                "host_header": [
                  {
                    "values": [
                      "weather.omerlevy03.com"
                    ]
                  }
                ],
                "http_header": [],
                "http_request_method": [],
                "path_pattern": [],
                "query_string": [],
                "source_ip": []
              }
            ],
            "id": "arn:aws:elasticloadbalancing:us-east-1:960828421635:listener-rule/app/devops-alb/38f396512ae623d4/0705d17ff226c8d5/c6aff49efc209635",
            "listener_arn": "arn:aws:elasticloadbalancing:us-east-1:960828421635:listener/app/devops-alb/38f396512ae623d4/0705d17ff226c8d5",
            "priority": 30,
            "tags": {},
            "tags_all": {}
          },
          "sensitive_attributes": [],
          "identity_schema_version": 0,
          "private": "bnVsbA==",
          "dependencies": [
            "module.alb.aws_lb.this",
            "module.alb.aws_lb_listener.https",
            "module.alb.aws_lb_target_group.weather_eks",
            "module.infrastructure.module.security_groups.aws_security_group.alb_sg",
            "module.infrastructure.module.vpc.aws_subnet.public",
            "module.infrastructure.module.vpc.aws_vpc.this",
            "module.infrastructure.module.vpc.data.aws_availability_zones.available"
          ]
        }
      ]
    },
    {
      "module": "module.alb",
      "mode": "managed",
      "type": "aws_lb_target_group",
      "name": "gitlab",
      "provider": "provider[\"registry.terraform.io/hashicorp/aws\"]",
      "instances": [
        {
          "schema_version": 0,
          "attributes": {
            "arn": "arn:aws:elasticloadbalancing:us-east-1:960828421635:targetgroup/gl-20260216131841817700000004/fe74940796fdb5a1",
            "arn_suffix": "targetgroup/gl-20260216131841817700000004/fe74940796fdb5a1",
            "connection_termination": null,
            "deregistration_delay": "300",
            "health_check": [
              {
                "enabled": true,
                "healthy_threshold": 3,
                "interval": 30,
                "matcher": "200-399",
                "path": "/users/sign_in",
                "port": "traffic-port",
                "protocol": "HTTP",
                "timeout": 5,
                "unhealthy_threshold": 3
              }
            ],
            "id": "arn:aws:elasticloadbalancing:us-east-1:960828421635:targetgroup/gl-20260216131841817700000004/fe74940796fdb5a1",
            "ip_address_type": "ipv4",
            "lambda_multi_value_headers_enabled": false,
            "load_balancer_arns": [
              "arn:aws:elasticloadbalancing:us-east-1:960828421635:loadbalancer/app/devops-alb/38f396512ae623d4"
            ],
            "load_balancing_algorithm_type": "round_robin",
            "load_balancing_anomaly_mitigation": "off",
            "load_balancing_cross_zone_enabled": "use_load_balancer_configuration",
            "name": "gl-20260216131841817700000004",
            "name_prefix": "gl-",
            "port": 80,
            "preserve_client_ip": null,
            "protocol": "HTTP",
            "protocol_version": "HTTP1",
            "proxy_protocol_v2": false,
            "slow_start": 0,
            "stickiness": [
              {
                "cookie_duration": 86400,
                "cookie_name": "",
                "enabled": false,
                "type": "lb_cookie"
              }
            ],
            "tags": {},
            "tags_all": {},
            "target_failover": [
              {
                "on_deregistration": null,
                "on_unhealthy": null
              }
            ],
            "target_group_health": [
              {
                "dns_failover": [
                  {
                    "minimum_healthy_targets_count": "1",
                    "minimum_healthy_targets_percentage": "off"
                  }
                ],
                "unhealthy_state_routing": [
                  {
                    "minimum_healthy_targets_count": 1,
                    "minimum_healthy_targets_percentage": "off"
                  }
                ]
              }
            ],
            "target_health_state": [
              {
                "enable_unhealthy_connection_termination": null,
                "unhealthy_draining_interval": null
              }
            ],
            "target_type": "instance",
            "vpc_id": "vpc-02ee336af566d61f6"
          },
          "sensitive_attributes": [],
          "identity_schema_version": 0,
          "private": "bnVsbA==",
          "dependencies": [
            "module.infrastructure.module.vpc.aws_vpc.this"
          ],
          "create_before_destroy": true
        }
      ]
    },
    {
      "module": "module.alb",
      "mode": "managed",
      "type": "aws_lb_target_group",
      "name": "jenkins",
      "provider": "provider[\"registry.terraform.io/hashicorp/aws\"]",
      "instances": [
        {
          "schema_version": 0,
          "attributes": {
            "arn": "arn:aws:elasticloadbalancing:us-east-1:960828421635:targetgroup/jk-20260216131840798400000003/bcc2b5a7b588c219",
            "arn_suffix": "targetgroup/jk-20260216131840798400000003/bcc2b5a7b588c219",
            "connection_termination": null,
            "deregistration_delay": "300",
            "health_check": [
              {
                "enabled": true,
                "healthy_threshold": 3,
                "interval": 30,
                "matcher": "200-499",
                "path": "/login",
                "port": "traffic-port",
                "protocol": "HTTP",
                "timeout": 5,
                "unhealthy_threshold": 3
              }
            ],
            "id": "arn:aws:elasticloadbalancing:us-east-1:960828421635:targetgroup/jk-20260216131840798400000003/bcc2b5a7b588c219",
            "ip_address_type": "ipv4",
            "lambda_multi_value_headers_enabled": false,
            "load_balancer_arns": [
              "arn:aws:elasticloadbalancing:us-east-1:960828421635:loadbalancer/app/devops-alb/38f396512ae623d4"
            ],
            "load_balancing_algorithm_type": "round_robin",
            "load_balancing_anomaly_mitigation": "off",
            "load_balancing_cross_zone_enabled": "use_load_balancer_configuration",
            "name": "jk-20260216131840798400000003",
            "name_prefix": "jk-",
            "port": 8080,
            "preserve_client_ip": null,
            "protocol": "HTTP",
            "protocol_version": "HTTP1",
            "proxy_protocol_v2": false,
            "slow_start": 0,
            "stickiness": [
              {
                "cookie_duration": 86400,
                "cookie_name": "",
                "enabled": false,
                "type": "lb_cookie"
              }
            ],
            "tags": {},
            "tags_all": {},
            "target_failover": [
              {
                "on_deregistration": null,
                "on_unhealthy": null
              }
            ],
            "target_group_health": [
              {
                "dns_failover": [
                  {
                    "minimum_healthy_targets_count": "1",
                    "minimum_healthy_targets_percentage": "off"
                  }
                ],
                "unhealthy_state_routing": [
                  {
                    "minimum_healthy_targets_count": 1,
                    "minimum_healthy_targets_percentage": "off"
                  }
                ]
              }
            ],
            "target_health_state": [
              {
                "enable_unhealthy_connection_termination": null,
                "unhealthy_draining_interval": null
              }
            ],
            "target_type": "instance",
            "vpc_id": "vpc-02ee336af566d61f6"
          },
          "sensitive_attributes": [],
          "identity_schema_version": 0,
          "private": "bnVsbA==",
          "dependencies": [
            "module.infrastructure.module.vpc.aws_vpc.this"
          ],
          "create_before_destroy": true
        }
      ]
    },
    {
      "module": "module.alb",
      "mode": "managed",
      "type": "aws_lb_target_group",
      "name": "weather_eks",
      "provider": "provider[\"registry.terraform.io/hashicorp/aws\"]",
      "instances": [
        {
          "schema_version": 0,
          "attributes": {
            "arn": "arn:aws:elasticloadbalancing:us-east-1:960828421635:targetgroup/wt-20260216131841983400000005/56fb0bded428e525",
            "arn_suffix": "targetgroup/wt-20260216131841983400000005/56fb0bded428e525",
            "connection_termination": null,
            "deregistration_delay": "300",
            "health_check": [
              {
                "enabled": true,
                "healthy_threshold": 3,
                "interval": 30,
                "matcher": "200",
                "path": "/",
                "port": "traffic-port",
                "protocol": "HTTP",
                "timeout": 5,
                "unhealthy_threshold": 3
              }
            ],
            "id": "arn:aws:elasticloadbalancing:us-east-1:960828421635:targetgroup/wt-20260216131841983400000005/56fb0bded428e525",
            "ip_address_type": "ipv4",
            "lambda_multi_value_headers_enabled": false,
            "load_balancer_arns": [
              "arn:aws:elasticloadbalancing:us-east-1:960828421635:loadbalancer/app/devops-alb/38f396512ae623d4"
            ],
            "load_balancing_algorithm_type": "round_robin",
            "load_balancing_anomaly_mitigation": "off",
            "load_balancing_cross_zone_enabled": "use_load_balancer_configuration",
            "name": "wt-20260216131841983400000005",
            "name_prefix": "wt-",
            "port": 32300,
            "preserve_client_ip": null,
            "protocol": "HTTP",
            "protocol_version": "HTTP1",
            "proxy_protocol_v2": false,
            "slow_start": 0,
            "stickiness": [
              {
                "cookie_duration": 86400,
                "cookie_name": "",
                "enabled": false,
                "type": "lb_cookie"
              }
            ],
            "tags": {},
            "tags_all": {},
            "target_failover": [
              {
                "on_deregistration": null,
                "on_unhealthy": null
              }
            ],
            "target_group_health": [
              {
                "dns_failover": [
                  {
                    "minimum_healthy_targets_count": "1",
                    "minimum_healthy_targets_percentage": "off"
                  }
                ],
                "unhealthy_state_routing": [
                  {
                    "minimum_healthy_targets_count": 1,
                    "minimum_healthy_targets_percentage": "off"
                  }
                ]
              }
            ],
            "target_health_state": [
              {
                "enable_unhealthy_connection_termination": null,
                "unhealthy_draining_interval": null
              }
            ],
            "target_type": "instance",
            "vpc_id": "vpc-02ee336af566d61f6"
          },
          "sensitive_attributes": [],
          "identity_schema_version": 0,
          "private": "bnVsbA==",
          "dependencies": [
            "module.infrastructure.module.vpc.aws_vpc.this"
          ],
          "create_before_destroy": true
        }
      ]
    },
    {
      "module": "module.alb",
      "mode": "managed",
      "type": "aws_lb_target_group_attachment",
      "name": "gitlab",
      "provider": "provider[\"registry.terraform.io/hashicorp/aws\"]",
      "instances": [
        {
          "schema_version": 0,
          "attributes": {
            "availability_zone": null,
            "id": "arn:aws:elasticloadbalancing:us-east-1:960828421635:targetgroup/gl-20260216131841817700000004/fe74940796fdb5a1-20260216131910333000000017",
            "port": 80,
            "target_group_arn": "arn:aws:elasticloadbalancing:us-east-1:960828421635:targetgroup/gl-20260216131841817700000004/fe74940796fdb5a1",
            "target_id": "i-052fd8898f8b75e77"
          },
          "sensitive_attributes": [],
          "identity_schema_version": 0,
          "private": "bnVsbA==",
          "dependencies": [
            "module.alb.aws_lb_target_group.gitlab",
            "module.infrastructure.aws_iam_instance_profile.gitlab_ssm_profile",
            "module.infrastructure.aws_iam_role.gitlab_ssm_role",
            "module.infrastructure.data.aws_iam_policy_document.gitlab_ssm_assume_role",
            "module.infrastructure.module.gitlab.aws_instance.this",
            "module.infrastructure.module.security_groups.aws_security_group.private_instances_sg",
            "module.infrastructure.module.vpc.aws_subnet.private",
            "module.infrastructure.module.vpc.aws_vpc.this",
            "module.infrastructure.module.vpc.data.aws_availability_zones.available"
          ]
        }
      ]
    },
    {
      "module": "module.alb",
      "mode": "managed",
      "type": "aws_lb_target_group_attachment",
      "name": "jenkins",
      "provider": "provider[\"registry.terraform.io/hashicorp/aws\"]",
      "instances": [
        {
          "schema_version": 0,
          "attributes": {
            "availability_zone": null,
            "id": "arn:aws:elasticloadbalancing:us-east-1:960828421635:targetgroup/jk-20260216131840798400000003/bcc2b5a7b588c219-20260216131903396900000016",
            "port": 8080,
            "target_group_arn": "arn:aws:elasticloadbalancing:us-east-1:960828421635:targetgroup/jk-20260216131840798400000003/bcc2b5a7b588c219",
            "target_id": "i-0e6a7901c6afccdd4"
          },
          "sensitive_attributes": [],
          "identity_schema_version": 0,
          "private": "bnVsbA==",
          "dependencies": [
            "module.alb.aws_lb_target_group.jenkins",
            "module.infrastructure.module.jenkins_controller.aws_instance.this",
            "module.infrastructure.module.security_groups.aws_security_group.private_instances_sg",
            "module.infrastructure.module.vpc.aws_subnet.private",
            "module.infrastructure.module.vpc.aws_vpc.this",
            "module.infrastructure.module.vpc.data.aws_availability_zones.available"
          ]
        }
      ]
    },
    {
      "module": "module.alb_controller",
      "mode": "data",
      "type": "aws_iam_policy_document",
      "name": "alb_controller_assume_role",
      "provider": "provider[\"registry.terraform.io/hashicorp/aws\"]",
      "instances": [
        {
          "schema_version": 0,
          "attributes": {
            "id": "2042096943",
            "json": "{\n  \"Version\": \"2012-10-17\",\n  \"Statement\": [\n    {\n      \"Effect\": \"Allow\",\n      \"Action\": \"sts:AssumeRoleWithWebIdentity\",\n      \"Principal\": {\n        \"Federated\": \"arn:aws:iam::960828421635:oidc-provider/oidc.eks.us-east-1.amazonaws.com/id/62AE89267DEAB322E7F39FBE25CE8319\"\n      },\n      \"Condition\": {\n        \"StringEquals\": {\n          \"oidc.eks.us-east-1.amazonaws.com/id/62AE89267DEAB322E7F39FBE25CE8319:aud\": \"sts.amazonaws.com\",\n          \"oidc.eks.us-east-1.amazonaws.com/id/62AE89267DEAB322E7F39FBE25CE8319:sub\": \"system:serviceaccount:kube-system:aws-load-balancer-controller\"\n        }\n      }\n    }\n  ]\n}",
            "minified_json": "{\"Version\":\"2012-10-17\",\"Statement\":[{\"Effect\":\"Allow\",\"Action\":\"sts:AssumeRoleWithWebIdentity\",\"Principal\":{\"Federated\":\"arn:aws:iam::960828421635:oidc-provider/oidc.eks.us-east-1.amazonaws.com/id/62AE89267DEAB322E7F39FBE25CE8319\"},\"Condition\":{\"StringEquals\":{\"oidc.eks.us-east-1.amazonaws.com/id/62AE89267DEAB322E7F39FBE25CE8319:aud\":\"sts.amazonaws.com\",\"oidc.eks.us-east-1.amazonaws.com/id/62AE89267DEAB322E7F39FBE25CE8319:sub\":\"system:serviceaccount:kube-system:aws-load-balancer-controller\"}}}]}",
            "override_json": null,
            "override_policy_documents": null,
            "policy_id": null,
            "source_json": null,
            "source_policy_documents": null,
            "statement": [
              {
                "actions": [
                  "sts:AssumeRoleWithWebIdentity"
                ],
                "condition": [
                  {
                    "test": "StringEquals",
                    "values": [
                      "sts.amazonaws.com"
                    ],
                    "variable": "oidc.eks.us-east-1.amazonaws.com/id/62AE89267DEAB322E7F39FBE25CE8319:aud"
                  },
                  {
                    "test": "StringEquals",
                    "values": [
                      "system:serviceaccount:kube-system:aws-load-balancer-controller"
                    ],
                    "variable": "oidc.eks.us-east-1.amazonaws.com/id/62AE89267DEAB322E7F39FBE25CE8319:sub"
                  }
                ],
                "effect": "Allow",
                "not_actions": [],
                "not_principals": [],
                "not_resources": [],
                "principals": [
                  {
                    "identifiers": [
                      "arn:aws:iam::960828421635:oidc-provider/oidc.eks.us-east-1.amazonaws.com/id/62AE89267DEAB322E7F39FBE25CE8319"
                    ],
                    "type": "Federated"
                  }
                ],
                "resources": [],
                "sid": ""
              }
            ],
            "version": "2012-10-17"
          },
          "sensitive_attributes": [],
          "identity_schema_version": 0
        }
      ]
    },
    {
      "module": "module.alb_controller",
      "mode": "managed",
      "type": "aws_iam_role",
      "name": "alb_controller",
      "provider": "provider[\"registry.terraform.io/hashicorp/aws\"]",
      "instances": [
        {
          "schema_version": 0,
          "attributes": {
            "arn": "arn:aws:iam::960828421635:role/weather-app-eks-alb-controller-role",
            "assume_role_policy": "{\"Statement\":[{\"Action\":\"sts:AssumeRoleWithWebIdentity\",\"Condition\":{\"StringEquals\":{\"oidc.eks.us-east-1.amazonaws.com/id/62AE89267DEAB322E7F39FBE25CE8319:aud\":\"sts.amazonaws.com\",\"oidc.eks.us-east-1.amazonaws.com/id/62AE89267DEAB322E7F39FBE25CE8319:sub\":\"system:serviceaccount:kube-system:aws-load-balancer-controller\"}},\"Effect\":\"Allow\",\"Principal\":{\"Federated\":\"arn:aws:iam::960828421635:oidc-provider/oidc.eks.us-east-1.amazonaws.com/id/62AE89267DEAB322E7F39FBE25CE8319\"}}],\"Version\":\"2012-10-17\"}",
            "create_date": "2026-02-16T13:30:22Z",
            "description": "",
            "force_detach_policies": false,
            "id": "weather-app-eks-alb-controller-role",
            "inline_policy": [],
            "managed_policy_arns": [
              "arn:aws:iam::960828421635:policy/AWSLoadBalancerControllerIAMPolicy"
            ],
            "max_session_duration": 3600,
            "name": "weather-app-eks-alb-controller-role",
            "name_prefix": "",
            "path": "/",
            "permissions_boundary": "",
            "tags": {},
            "tags_all": {},
            "unique_id": "AROA57NOWGYB2L3ITTUSG"
          },
          "sensitive_attributes": [],
          "identity_schema_version": 0,
          "private": "bnVsbA==",
          "dependencies": [
            "module.alb_controller.data.aws_iam_policy_document.alb_controller_assume_role",
            "module.infrastructure.module.eks.data.aws_caller_identity.current",
            "module.infrastructure.module.eks.module.eks.aws_cloudwatch_log_group.this",
            "module.infrastructure.module.eks.module.eks.aws_eks_access_entry.this",
            "module.infrastructure.module.eks.module.eks.aws_eks_access_policy_association.this",
            "module.infrastructure.module.eks.module.eks.aws_eks_cluster.this",
            "module.infrastructure.module.eks.module.eks.aws_iam_openid_connect_provider.oidc_provider",
            "module.infrastructure.module.eks.module.eks.aws_iam_policy.cni_ipv6_policy",
            "module.infrastructure.module.eks.module.eks.aws_iam_role.eks_auto",
            "module.infrastructure.module.eks.module.eks.aws_iam_role.this",
            "module.infrastructure.module.eks.module.eks.aws_iam_role_policy_attachment.this",
            "module.infrastructure.module.eks.module.eks.aws_security_group.cluster",
            "module.infrastructure.module.eks.module.eks.aws_security_group.node",
            "module.infrastructure.module.eks.module.eks.aws_security_group_rule.cluster",
            "module.infrastructure.module.eks.module.eks.aws_security_group_rule.node",
            "module.infrastructure.module.eks.module.eks.data.aws_caller_identity.current",
            "module.infrastructure.module.eks.module.eks.data.aws_iam_policy_document.assume_role_policy",
            "module.infrastructure.module.eks.module.eks.data.aws_iam_policy_document.cni_ipv6_policy",
            "module.infrastructure.module.eks.module.eks.data.aws_iam_policy_document.node_assume_role_policy",
            "module.infrastructure.module.eks.module.eks.data.aws_iam_session_context.current",
            "module.infrastructure.module.eks.module.eks.data.aws_partition.current",
            "module.infrastructure.module.eks.module.eks.data.tls_certificate.this",
            "module.infrastructure.module.eks.module.eks.module.kms.aws_kms_external_key.this",
            "module.infrastructure.module.eks.module.eks.module.kms.aws_kms_key.this",
            "module.infrastructure.module.eks.module.eks.module.kms.aws_kms_replica_external_key.this",
            "module.infrastructure.module.eks.module.eks.module.kms.aws_kms_replica_key.this",
            "module.infrastructure.module.eks.module.eks.module.kms.data.aws_caller_identity.current",
            "module.infrastructure.module.eks.module.eks.module.kms.data.aws_iam_policy_document.this",
            "module.infrastructure.module.eks.module.eks.module.kms.data.aws_partition.current",
            "module.infrastructure.module.security_groups.aws_security_group.alb_sg",
            "module.infrastructure.module.vpc.aws_subnet.private",
            "module.infrastructure.module.vpc.aws_vpc.this",
            "module.infrastructure.module.vpc.data.aws_availability_zones.available"
          ]
        }
      ]
    },
    {
      "module": "module.alb_controller",
      "mode": "managed",
      "type": "helm_release",
      "name": "aws_load_balancer_controller",
      "provider": "provider[\"registry.terraform.io/hashicorp/helm\"]",
      "instances": [
        {
          "schema_version": 1,
          "attributes": {
            "atomic": false,
            "chart": "aws-load-balancer-controller",
            "cleanup_on_fail": false,
            "create_namespace": false,
            "dependency_update": false,
            "description": null,
            "devel": null,
            "disable_crd_hooks": false,
            "disable_openapi_validation": false,
            "disable_webhooks": false,
            "force_update": false,
            "id": "aws-load-balancer-controller",
            "keyring": null,
            "lint": false,
            "manifest": null,
            "max_history": 0,
            "metadata": [
              {
                "app_version": "v3.0.0",
                "chart": "aws-load-balancer-controller",
                "first_deployed": 1771248631,
                "last_deployed": 1771248631,
                "name": "aws-load-balancer-controller",
                "namespace": "kube-system",
                "notes": "AWS Load Balancer controller installed!\n",
                "revision": 1,
                "values": "{\"clusterName\":\"weather-app-eks\",\"region\":\"us-east-1\",\"serviceAccount\":{\"create\":false,\"name\":\"aws-load-balancer-controller\"},\"vpcId\":\"vpc-02ee336af566d61f6\"}",
                "version": "3.0.0"
              }
            ],
            "name": "aws-load-balancer-controller",
            "namespace": "kube-system",
            "pass_credentials": false,
            "postrender": [],
            "recreate_pods": false,
            "render_subchart_notes": true,
            "replace": false,
            "repository": "https://aws.github.io/eks-charts",
            "repository_ca_file": null,
            "repository_cert_file": null,
            "repository_key_file": null,
            "repository_password": null,
            "repository_username": null,
            "reset_values": false,
            "reuse_values": false,
            "set": [
              {
                "name": "clusterName",
                "type": "",
                "value": "weather-app-eks"
              },
              {
                "name": "region",
                "type": "",
                "value": "us-east-1"
              },
              {
                "name": "serviceAccount.create",
                "type": "",
                "value": "false"
              },
              {
                "name": "serviceAccount.name",
                "type": "",
                "value": "aws-load-balancer-controller"
              },
              {
                "name": "vpcId",
                "type": "",
                "value": "vpc-02ee336af566d61f6"
              }
            ],
            "set_list": [],
            "set_sensitive": [],
            "skip_crds": false,
            "status": "deployed",
            "timeout": 300,
            "upgrade_install": null,
            "values": null,
            "verify": false,
            "version": "3.0.0",
            "wait": true,
            "wait_for_jobs": false
          },
          "sensitive_attributes": [
            [
              {
                "type": "get_attr",
                "value": "repository_password"
              }
            ]
          ],
          "identity_schema_version": 0,
          "private": "eyJzY2hlbWFfdmVyc2lvbiI6IjEifQ==",
          "dependencies": [
            "data.aws_eks_cluster.this",
            "data.aws_eks_cluster_auth.this",
            "module.alb_controller.aws_iam_role.alb_controller",
            "module.alb_controller.data.aws_iam_policy_document.alb_controller_assume_role",
            "module.alb_controller.kubernetes_service_account_v1.alb_controller",
            "module.infrastructure.module.eks.data.aws_caller_identity.current",
            "module.infrastructure.module.eks.module.eks.aws_cloudwatch_log_group.this",
            "module.infrastructure.module.eks.module.eks.aws_eks_access_entry.this",
            "module.infrastructure.module.eks.module.eks.aws_eks_access_policy_association.this",
            "module.infrastructure.module.eks.module.eks.aws_eks_cluster.this",
            "module.infrastructure.module.eks.module.eks.aws_iam_openid_connect_provider.oidc_provider",
            "module.infrastructure.module.eks.module.eks.aws_iam_policy.cni_ipv6_policy",
            "module.infrastructure.module.eks.module.eks.aws_iam_role.eks_auto",
            "module.infrastructure.module.eks.module.eks.aws_iam_role.this",
            "module.infrastructure.module.eks.module.eks.aws_iam_role_policy_attachment.this",
            "module.infrastructure.module.eks.module.eks.aws_security_group.cluster",
            "module.infrastructure.module.eks.module.eks.aws_security_group.node",
            "module.infrastructure.module.eks.module.eks.aws_security_group_rule.cluster",
            "module.infrastructure.module.eks.module.eks.aws_security_group_rule.node",
            "module.infrastructure.module.eks.module.eks.data.aws_caller_identity.current",
            "module.infrastructure.module.eks.module.eks.data.aws_iam_policy_document.assume_role_policy",
            "module.infrastructure.module.eks.module.eks.data.aws_iam_policy_document.cni_ipv6_policy",
            "module.infrastructure.module.eks.module.eks.data.aws_iam_policy_document.node_assume_role_policy",
            "module.infrastructure.module.eks.module.eks.data.aws_iam_session_context.current",
            "module.infrastructure.module.eks.module.eks.data.aws_partition.current",
            "module.infrastructure.module.eks.module.eks.data.tls_certificate.this",
            "module.infrastructure.module.eks.module.eks.module.kms.aws_kms_external_key.this",
            "module.infrastructure.module.eks.module.eks.module.kms.aws_kms_key.this",
            "module.infrastructure.module.eks.module.eks.module.kms.aws_kms_replica_external_key.this",
            "module.infrastructure.module.eks.module.eks.module.kms.aws_kms_replica_key.this",
            "module.infrastructure.module.eks.module.eks.module.kms.data.aws_caller_identity.current",
            "module.infrastructure.module.eks.module.eks.module.kms.data.aws_iam_policy_document.this",
            "module.infrastructure.module.eks.module.eks.module.kms.data.aws_partition.current",
            "module.infrastructure.module.security_groups.aws_security_group.alb_sg",
            "module.infrastructure.module.vpc.aws_subnet.private",
            "module.infrastructure.module.vpc.aws_vpc.this",
            "module.infrastructure.module.vpc.data.aws_availability_zones.available"
          ]
        }
      ]
    },
    {
      "module": "module.alb_controller",
      "mode": "managed",
      "type": "kubernetes_service_account_v1",
      "name": "alb_controller",
      "provider": "provider[\"registry.terraform.io/hashicorp/kubernetes\"]",
      "instances": [
        {
          "schema_version": 0,
          "attributes": {
            "automount_service_account_token": true,
            "default_secret_name": "",
            "id": "kube-system/aws-load-balancer-controller",
            "image_pull_secret": [],
            "metadata": [
              {
                "annotations": {
                  "eks.amazonaws.com/role-arn": "arn:aws:iam::960828421635:role/weather-app-eks-alb-controller-role"
                },
                "generate_name": "",
                "generation": 0,
                "labels": {
                  "app.kubernetes.io/component": "controller",
                  "app.kubernetes.io/name": "aws-load-balancer-controller"
                },
                "name": "aws-load-balancer-controller",
                "namespace": "kube-system",
                "resource_version": "941",
                "uid": "e148225e-4420-4a9e-993d-0befccdebb4b"
              }
            ],
            "secret": [],
            "timeouts": null
          },
          "sensitive_attributes": [],
          "identity_schema_version": 1,
          "identity": {
            "api_version": "v1",
            "kind": "ServiceAccount",
            "name": "aws-load-balancer-controller",
            "namespace": "kube-system"
          },
          "private": "eyJlMmJmYjczMC1lY2FhLTExZTYtOGY4OC0zNDM2M2JjN2M0YzAiOnsiY3JlYXRlIjozMDAwMDAwMDAwMH19",
          "dependencies": [
            "data.aws_eks_cluster.this",
            "data.aws_eks_cluster_auth.this",
            "module.alb_controller.aws_iam_role.alb_controller",
            "module.alb_controller.data.aws_iam_policy_document.alb_controller_assume_role",
            "module.infrastructure.module.eks.data.aws_caller_identity.current",
            "module.infrastructure.module.eks.module.eks.aws_cloudwatch_log_group.this",
            "module.infrastructure.module.eks.module.eks.aws_eks_access_entry.this",
            "module.infrastructure.module.eks.module.eks.aws_eks_access_policy_association.this",
            "module.infrastructure.module.eks.module.eks.aws_eks_cluster.this",
            "module.infrastructure.module.eks.module.eks.aws_iam_openid_connect_provider.oidc_provider",
            "module.infrastructure.module.eks.module.eks.aws_iam_policy.cni_ipv6_policy",
            "module.infrastructure.module.eks.module.eks.aws_iam_role.eks_auto",
            "module.infrastructure.module.eks.module.eks.aws_iam_role.this",
            "module.infrastructure.module.eks.module.eks.aws_iam_role_policy_attachment.this",
            "module.infrastructure.module.eks.module.eks.aws_security_group.cluster",
            "module.infrastructure.module.eks.module.eks.aws_security_group.node",
            "module.infrastructure.module.eks.module.eks.aws_security_group_rule.cluster",
            "module.infrastructure.module.eks.module.eks.aws_security_group_rule.node",
            "module.infrastructure.module.eks.module.eks.data.aws_caller_identity.current",
            "module.infrastructure.module.eks.module.eks.data.aws_iam_policy_document.assume_role_policy",
            "module.infrastructure.module.eks.module.eks.data.aws_iam_policy_document.cni_ipv6_policy",
            "module.infrastructure.module.eks.module.eks.data.aws_iam_policy_document.node_assume_role_policy",
            "module.infrastructure.module.eks.module.eks.data.aws_iam_session_context.current",
            "module.infrastructure.module.eks.module.eks.data.aws_partition.current",
            "module.infrastructure.module.eks.module.eks.data.tls_certificate.this",
            "module.infrastructure.module.eks.module.eks.module.kms.aws_kms_external_key.this",
            "module.infrastructure.module.eks.module.eks.module.kms.aws_kms_key.this",
            "module.infrastructure.module.eks.module.eks.module.kms.aws_kms_replica_external_key.this",
            "module.infrastructure.module.eks.module.eks.module.kms.aws_kms_replica_key.this",
            "module.infrastructure.module.eks.module.eks.module.kms.data.aws_caller_identity.current",
            "module.infrastructure.module.eks.module.eks.module.kms.data.aws_iam_policy_document.this",
            "module.infrastructure.module.eks.module.eks.module.kms.data.aws_partition.current",
            "module.infrastructure.module.security_groups.aws_security_group.alb_sg",
            "module.infrastructure.module.vpc.aws_subnet.private",
            "module.infrastructure.module.vpc.aws_vpc.this",
            "module.infrastructure.module.vpc.data.aws_availability_zones.available"
          ]
        }
      ]
    },
    {
      "module": "module.dns_gitlab",
      "mode": "managed",
      "type": "cloudflare_record",
      "name": "this",
      "provider": "provider[\"registry.terraform.io/cloudflare/cloudflare\"]",
      "instances": [
        {
          "schema_version": 3,
          "attributes": {
            "allow_overwrite": false,
            "comment": "",
            "content": "devops-alb-359781775.us-east-1.elb.amazonaws.com",
            "created_on": "2026-02-16T13:21:30.828903Z",
            "data": [],
            "hostname": "gitlab.omerlevy03.com",
            "id": "aa60ddecbc6c2dbd873fd56feadd8dfc",
            "metadata": {},
            "modified_on": "2026-02-16T13:21:30.828903Z",
            "name": "gitlab",
            "priority": null,
            "proxiable": true,
            "proxied": false,
            "tags": [],
            "timeouts": null,
            "ttl": 1,
            "type": "CNAME",
            "value": null,
            "zone_id": "8c97e7ebab9dc3e0ee71ff49b653ecfa"
          },
          "sensitive_attributes": [],
          "identity_schema_version": 0,
          "private": "eyJlMmJmYjczMC1lY2FhLTExZTYtOGY4OC0zNDM2M2JjN2M0YzAiOnsiY3JlYXRlIjozMDAwMDAwMDAwMCwidXBkYXRlIjozMDAwMDAwMDAwMH0sInNjaGVtYV92ZXJzaW9uIjoiMyJ9",
          "dependencies": [
            "module.alb.aws_lb.this",
            "module.infrastructure.module.security_groups.aws_security_group.alb_sg",
            "module.infrastructure.module.vpc.aws_subnet.public",
            "module.infrastructure.module.vpc.aws_vpc.this",
            "module.infrastructure.module.vpc.data.aws_availability_zones.available"
          ]
        }
      ]
    },
    {
      "module": "module.dns_jenkins",
      "mode": "managed",
      "type": "cloudflare_record",
      "name": "this",
      "provider": "provider[\"registry.terraform.io/cloudflare/cloudflare\"]",
      "instances": [
        {
          "schema_version": 3,
          "attributes": {
            "allow_overwrite": false,
            "comment": "",
            "content": "devops-alb-359781775.us-east-1.elb.amazonaws.com",
            "created_on": "2026-02-16T13:21:30.849186Z",
            "data": [],
            "hostname": "jenkins.omerlevy03.com",
            "id": "6492353100df4666accac155a1eda486",
            "metadata": {},
            "modified_on": "2026-02-16T13:21:30.849186Z",
            "name": "jenkins",
            "priority": null,
            "proxiable": true,
            "proxied": false,
            "tags": [],
            "timeouts": null,
            "ttl": 1,
            "type": "CNAME",
            "value": null,
            "zone_id": "8c97e7ebab9dc3e0ee71ff49b653ecfa"
          },
          "sensitive_attributes": [],
          "identity_schema_version": 0,
          "private": "eyJlMmJmYjczMC1lY2FhLTExZTYtOGY4OC0zNDM2M2JjN2M0YzAiOnsiY3JlYXRlIjozMDAwMDAwMDAwMCwidXBkYXRlIjozMDAwMDAwMDAwMH0sInNjaGVtYV92ZXJzaW9uIjoiMyJ9",
          "dependencies": [
            "module.alb.aws_lb.this",
            "module.infrastructure.module.security_groups.aws_security_group.alb_sg",
            "module.infrastructure.module.vpc.aws_subnet.public",
            "module.infrastructure.module.vpc.aws_vpc.this",
            "module.infrastructure.module.vpc.data.aws_availability_zones.available"
          ]
        }
      ]
    },
    {
      "module": "module.infrastructure",
      "mode": "data",
      "type": "aws_iam_policy_document",
      "name": "gitlab_ssm_assume_role",
      "provider": "provider[\"registry.terraform.io/hashicorp/aws\"]",
      "instances": [
        {
          "schema_version": 0,
          "attributes": {
            "id": "2851119427",
            "json": "{\n  \"Version\": \"2012-10-17\",\n  \"Statement\": [\n    {\n      \"Effect\": \"Allow\",\n      \"Action\": \"sts:AssumeRole\",\n      \"Principal\": {\n        \"Service\": \"ec2.amazonaws.com\"\n      }\n    }\n  ]\n}",
            "minified_json": "{\"Version\":\"2012-10-17\",\"Statement\":[{\"Effect\":\"Allow\",\"Action\":\"sts:AssumeRole\",\"Principal\":{\"Service\":\"ec2.amazonaws.com\"}}]}",
            "override_json": null,
            "override_policy_documents": null,
            "policy_id": null,
            "source_json": null,
            "source_policy_documents": null,
            "statement": [
              {
                "actions": [
                  "sts:AssumeRole"
                ],
                "condition": [],
                "effect": "Allow",
                "not_actions": [],
                "not_principals": [],
                "not_resources": [],
                "principals": [
                  {
                    "identifiers": [
                      "ec2.amazonaws.com"
                    ],
                    "type": "Service"
                  }
                ],
                "resources": [],
                "sid": ""
              }
            ],
            "version": "2012-10-17"
          },
          "sensitive_attributes": [],
          "identity_schema_version": 0
        }
      ]
    },
    {
      "module": "module.infrastructure",
      "mode": "managed",
      "type": "aws_efs_file_system",
      "name": "weather_history",
      "provider": "provider[\"registry.terraform.io/hashicorp/aws\"]",
      "instances": [
        {
          "schema_version": 0,
          "attributes": {
            "arn": "arn:aws:elasticfilesystem:us-east-1:960828421635:file-system/fs-02f7530e598c97d62",
            "availability_zone_id": "",
            "availability_zone_name": "",
            "creation_token": "weather-app-eks-weather-history",
            "dns_name": "fs-02f7530e598c97d62.efs.us-east-1.amazonaws.com",
            "encrypted": false,
            "id": "fs-02f7530e598c97d62",
            "kms_key_id": "",
            "lifecycle_policy": [],
            "name": "",
            "number_of_mount_targets": 2,
            "owner_id": "960828421635",
            "performance_mode": "generalPurpose",
            "protection": [
              {
                "replication_overwrite": "ENABLED"
              }
            ],
            "provisioned_throughput_in_mibps": 0,
            "size_in_bytes": [
              {
                "value": 18432,
                "value_in_ia": 0,
                "value_in_standard": 18432
              }
            ],
            "tags": {},
            "tags_all": {},
            "throughput_mode": "bursting"
          },
          "sensitive_attributes": [],
          "identity_schema_version": 0,
          "private": "bnVsbA=="
        }
      ]
    },
    {
      "module": "module.infrastructure",
      "mode": "managed",
      "type": "aws_efs_mount_target",
      "name": "weather_history",
      "provider": "provider[\"registry.terraform.io/hashicorp/aws\"]",
      "instances": [
        {
          "index_key": "subnet-0323792cba24f82a9",
          "schema_version": 0,
          "attributes": {
            "availability_zone_id": "use1-az1",
            "availability_zone_name": "us-east-1a",
            "dns_name": "fs-02f7530e598c97d62.efs.us-east-1.amazonaws.com",
            "file_system_arn": "arn:aws:elasticfilesystem:us-east-1:960828421635:file-system/fs-02f7530e598c97d62",
            "file_system_id": "fs-02f7530e598c97d62",
            "id": "fsmt-0094169fb40c1059c",
            "ip_address": "10.0.2.14",
            "mount_target_dns_name": "us-east-1a.fs-02f7530e598c97d62.efs.us-east-1.amazonaws.com",
            "network_interface_id": "eni-06f01aacc3f85672e",
            "owner_id": "960828421635",
            "security_groups": [
              "sg-0f5bd8929e8ae3eaa"
            ],
            "subnet_id": "subnet-0323792cba24f82a9",
            "timeouts": null
          },
          "sensitive_attributes": [],
          "identity_schema_version": 0,
          "private": "eyJlMmJmYjczMC1lY2FhLTExZTYtOGY4OC0zNDM2M2JjN2M0YzAiOnsiY3JlYXRlIjoxODAwMDAwMDAwMDAwLCJkZWxldGUiOjYwMDAwMDAwMDAwMH19",
          "dependencies": [
            "module.infrastructure.aws_efs_file_system.weather_history",
            "module.infrastructure.aws_security_group.efs",
            "module.infrastructure.module.vpc.aws_subnet.private",
            "module.infrastructure.module.vpc.aws_vpc.this",
            "module.infrastructure.module.vpc.data.aws_availability_zones.available"
          ]
        },
        {
          "index_key": "subnet-0704f05d04d0f330a",
          "schema_version": 0,
          "attributes": {
            "availability_zone_id": "use1-az2",
            "availability_zone_name": "us-east-1b",
            "dns_name": "fs-02f7530e598c97d62.efs.us-east-1.amazonaws.com",
            "file_system_arn": "arn:aws:elasticfilesystem:us-east-1:960828421635:file-system/fs-02f7530e598c97d62",
            "file_system_id": "fs-02f7530e598c97d62",
            "id": "fsmt-0282923d4c5ca4cc2",
            "ip_address": "10.0.3.72",
            "mount_target_dns_name": "us-east-1b.fs-02f7530e598c97d62.efs.us-east-1.amazonaws.com",
            "network_interface_id": "eni-05553fb0842fce8bf",
            "owner_id": "960828421635",
            "security_groups": [
              "sg-0f5bd8929e8ae3eaa"
            ],
            "subnet_id": "subnet-0704f05d04d0f330a",
            "timeouts": null
          },
          "sensitive_attributes": [],
          "identity_schema_version": 0,
          "private": "eyJlMmJmYjczMC1lY2FhLTExZTYtOGY4OC0zNDM2M2JjN2M0YzAiOnsiY3JlYXRlIjoxODAwMDAwMDAwMDAwLCJkZWxldGUiOjYwMDAwMDAwMDAwMH19",
          "dependencies": [
            "module.infrastructure.aws_efs_file_system.weather_history",
            "module.infrastructure.aws_security_group.efs",
            "module.infrastructure.module.vpc.aws_subnet.private",
            "module.infrastructure.module.vpc.aws_vpc.this",
            "module.infrastructure.module.vpc.data.aws_availability_zones.available"
          ]
        }
      ]
    },
    {
      "module": "module.infrastructure",
      "mode": "managed",
      "type": "aws_iam_instance_profile",
      "name": "gitlab_ssm_profile",
      "provider": "provider[\"registry.terraform.io/hashicorp/aws\"]",
      "instances": [
        {
          "schema_version": 0,
          "attributes": {
            "arn": "arn:aws:iam::960828421635:instance-profile/weather-app-eks-gitlab-ssm-profile",
            "create_date": "2026-02-16T13:18:45Z",
            "id": "weather-app-eks-gitlab-ssm-profile",
            "name": "weather-app-eks-gitlab-ssm-profile",
            "name_prefix": "",
            "path": "/",
            "role": "weather-app-eks-gitlab-ssm-role",
            "tags": {},
            "tags_all": {},
            "unique_id": "AIPA57NOWGYBX456Q2PZO"
          },
          "sensitive_attributes": [],
          "identity_schema_version": 0,
          "private": "bnVsbA==",
          "dependencies": [
            "module.infrastructure.aws_iam_role.gitlab_ssm_role",
            "module.infrastructure.data.aws_iam_policy_document.gitlab_ssm_assume_role"
          ]
        }
      ]
    },
    {
      "module": "module.infrastructure",
      "mode": "managed",
      "type": "aws_iam_role",
      "name": "gitlab_ssm_role",
      "provider": "provider[\"registry.terraform.io/hashicorp/aws\"]",
      "instances": [
        {
          "schema_version": 0,
          "attributes": {
            "arn": "arn:aws:iam::960828421635:role/weather-app-eks-gitlab-ssm-role",
            "assume_role_policy": "{\"Statement\":[{\"Action\":\"sts:AssumeRole\",\"Effect\":\"Allow\",\"Principal\":{\"Service\":\"ec2.amazonaws.com\"}}],\"Version\":\"2012-10-17\"}",
            "create_date": "2026-02-16T13:18:41Z",
            "description": "",
            "force_detach_policies": false,
            "id": "weather-app-eks-gitlab-ssm-role",
            "inline_policy": [],
            "managed_policy_arns": [
              "arn:aws:iam::aws:policy/AmazonSSMManagedInstanceCore"
            ],
            "max_session_duration": 3600,
            "name": "weather-app-eks-gitlab-ssm-role",
            "name_prefix": "",
            "path": "/",
            "permissions_boundary": "",
            "tags": {},
            "tags_all": {},
            "unique_id": "AROA57NOWGYB22B6SZK2W"
          },
          "sensitive_attributes": [],
          "identity_schema_version": 0,
          "private": "bnVsbA==",
          "dependencies": [
            "module.infrastructure.data.aws_iam_policy_document.gitlab_ssm_assume_role"
          ]
        }
      ]
    },
    {
      "module": "module.infrastructure",
      "mode": "managed",
      "type": "aws_iam_role_policy_attachment",
      "name": "gitlab_ssm_core",
      "provider": "provider[\"registry.terraform.io/hashicorp/aws\"]",
      "instances": [
        {
          "schema_version": 0,
          "attributes": {
            "id": "weather-app-eks-gitlab-ssm-role-2026021613184522800000000e",
            "policy_arn": "arn:aws:iam::aws:policy/AmazonSSMManagedInstanceCore",
            "role": "weather-app-eks-gitlab-ssm-role"
          },
          "sensitive_attributes": [],
          "identity_schema_version": 0,
          "private": "bnVsbA==",
          "dependencies": [
            "module.infrastructure.aws_iam_role.gitlab_ssm_role",
            "module.infrastructure.data.aws_iam_policy_document.gitlab_ssm_assume_role"
          ]
        }
      ]
    },
    {
      "module": "module.infrastructure",
      "mode": "managed",
      "type": "aws_security_group",
      "name": "efs",
      "provider": "provider[\"registry.terraform.io/hashicorp/aws\"]",
      "instances": [
        {
          "schema_version": 1,
          "attributes": {
            "arn": "arn:aws:ec2:us-east-1:960828421635:security-group/sg-0f5bd8929e8ae3eaa",
            "description": "Allow EKS nodes to access EFS over NFS",
            "egress": [
              {
                "cidr_blocks": [
                  "0.0.0.0/0"
                ],
                "description": "Allow all outbound traffic",
                "from_port": 0,
                "ipv6_cidr_blocks": [],
                "prefix_list_ids": [],
                "protocol": "-1",
                "security_groups": [],
                "self": false,
                "to_port": 0
              }
            ],
            "id": "sg-0f5bd8929e8ae3eaa",
            "ingress": [
              {
                "cidr_blocks": [],
                "description": "NFS from EKS node security group",
                "from_port": 2049,
                "ipv6_cidr_blocks": [],
                "prefix_list_ids": [],
                "protocol": "tcp",
                "security_groups": [
                  "sg-0549cec2273364ba3"
                ],
                "self": false,
                "to_port": 2049
              }
            ],
            "name": "weather-app-eks-efs-sg",
            "name_prefix": "",
            "owner_id": "960828421635",
            "revoke_rules_on_delete": false,
            "tags": {},
            "tags_all": {},
            "timeouts": null,
            "vpc_id": "vpc-02ee336af566d61f6"
          },
          "sensitive_attributes": [],
          "identity_schema_version": 0,
          "private": "eyJlMmJmYjczMC1lY2FhLTExZTYtOGY4OC0zNDM2M2JjN2M0YzAiOnsiY3JlYXRlIjo2MDAwMDAwMDAwMDAsImRlbGV0ZSI6OTAwMDAwMDAwMDAwfSwic2NoZW1hX3ZlcnNpb24iOiIxIn0=",
          "dependencies": [
            "module.infrastructure.module.vpc.aws_vpc.this"
          ]
        }
      ]
    },
    {
      "module": "module.infrastructure",
      "mode": "managed",
      "type": "aws_security_group_rule",
      "name": "efs_egress_all",
      "provider": "provider[\"registry.terraform.io/hashicorp/aws\"]",
      "instances": [
        {
          "schema_version": 2,
          "attributes": {
            "cidr_blocks": [
              "0.0.0.0/0"
            ],
            "description": "Allow all outbound traffic",
            "from_port": 0,
            "id": "sgrule-2056639697",
            "ipv6_cidr_blocks": null,
            "prefix_list_ids": null,
            "protocol": "-1",
            "security_group_id": "sg-0f5bd8929e8ae3eaa",
            "security_group_rule_id": "sgr-0fbdcbe13145f2af3",
            "self": false,
            "source_security_group_id": null,
            "timeouts": null,
            "to_port": 0,
            "type": "egress"
          },
          "sensitive_attributes": [],
          "identity_schema_version": 0,
          "private": "eyJlMmJmYjczMC1lY2FhLTExZTYtOGY4OC0zNDM2M2JjN2M0YzAiOnsiY3JlYXRlIjozMDAwMDAwMDAwMDB9LCJzY2hlbWFfdmVyc2lvbiI6IjIifQ==",
          "dependencies": [
            "module.infrastructure.aws_security_group.efs",
            "module.infrastructure.module.vpc.aws_vpc.this"
          ]
        }
      ]
    },
    {
      "module": "module.infrastructure",
      "mode": "managed",
      "type": "aws_security_group_rule",
      "name": "efs_ingress_nfs_from_eks_nodes",
      "provider": "provider[\"registry.terraform.io/hashicorp/aws\"]",
      "instances": [
        {
          "schema_version": 2,
          "attributes": {
            "cidr_blocks": null,
            "description": "NFS from EKS node security group",
            "from_port": 2049,
            "id": "sgrule-2710723976",
            "ipv6_cidr_blocks": null,
            "prefix_list_ids": null,
            "protocol": "tcp",
            "security_group_id": "sg-0f5bd8929e8ae3eaa",
            "security_group_rule_id": "sgr-07fac5e50065b0220",
            "self": false,
            "source_security_group_id": "sg-0549cec2273364ba3",
            "timeouts": null,
            "to_port": 2049,
            "type": "ingress"
          },
          "sensitive_attributes": [],
          "identity_schema_version": 0,
          "private": "eyJlMmJmYjczMC1lY2FhLTExZTYtOGY4OC0zNDM2M2JjN2M0YzAiOnsiY3JlYXRlIjozMDAwMDAwMDAwMDB9LCJzY2hlbWFfdmVyc2lvbiI6IjIifQ==",
          "dependencies": [
            "module.infrastructure.aws_security_group.efs",
            "module.infrastructure.module.eks.module.eks.aws_security_group.node",
            "module.infrastructure.module.vpc.aws_vpc.this"
          ]
        }
      ]
    },
    {
      "module": "module.infrastructure.module.eks",
      "mode": "data",
      "type": "aws_caller_identity",
      "name": "current",
      "provider": "provider[\"registry.terraform.io/hashicorp/aws\"]",
      "instances": [
        {
          "schema_version": 0,
          "attributes": {
            "account_id": "960828421635",
            "arn": "arn:aws:iam::960828421635:user/cli-omer",
            "id": "960828421635",
            "user_id": "AIDA57NOWGYBT4F67ODZM"
          },
          "sensitive_attributes": [],
          "identity_schema_version": 0
        }
      ]
    },
    {
      "module": "module.infrastructure.module.eks.module.eks",
      "mode": "data",
      "type": "aws_caller_identity",
      "name": "current",
      "provider": "provider[\"registry.terraform.io/hashicorp/aws\"]",
      "instances": [
        {
          "index_key": 0,
          "schema_version": 0,
          "attributes": {
            "account_id": "960828421635",
            "arn": "arn:aws:iam::960828421635:user/cli-omer",
            "id": "960828421635",
            "user_id": "AIDA57NOWGYBT4F67ODZM"
          },
          "sensitive_attributes": [],
          "identity_schema_version": 0
        }
      ]
    },
    {
      "module": "module.infrastructure.module.eks.module.eks",
      "mode": "data",
      "type": "aws_eks_addon_version",
      "name": "this",
      "provider": "provider[\"registry.terraform.io/hashicorp/aws\"]",
      "instances": [
        {
          "index_key": "aws-ebs-csi-driver",
          "schema_version": 0,
          "attributes": {
            "addon_name": "aws-ebs-csi-driver",
            "id": "aws-ebs-csi-driver",
            "kubernetes_version": "1.29",
            "most_recent": true,
            "version": "v1.55.0-eksbuild.2"
          },
          "sensitive_attributes": [],
          "identity_schema_version": 0
        },
        {
          "index_key": "aws-efs-csi-driver",
          "schema_version": 0,
          "attributes": {
            "addon_name": "aws-efs-csi-driver",
            "id": "aws-efs-csi-driver",
            "kubernetes_version": "1.29",
            "most_recent": true,
            "version": "v2.3.0-eksbuild.1"
          },
          "sensitive_attributes": [],
          "identity_schema_version": 0
        }
      ]
    },
    {
      "module": "module.infrastructure.module.eks.module.eks",
      "mode": "data",
      "type": "aws_iam_policy_document",
      "name": "assume_role_policy",
      "provider": "provider[\"registry.terraform.io/hashicorp/aws\"]",
      "instances": [
        {
          "index_key": 0,
          "schema_version": 0,
          "attributes": {
            "id": "2830595799",
            "json": "{\n  \"Version\": \"2012-10-17\",\n  \"Statement\": [\n    {\n      \"Sid\": \"EKSClusterAssumeRole\",\n      \"Effect\": \"Allow\",\n      \"Action\": [\n        \"sts:TagSession\",\n        \"sts:AssumeRole\"\n      ],\n      \"Principal\": {\n        \"Service\": \"eks.amazonaws.com\"\n      }\n    }\n  ]\n}",
            "minified_json": "{\"Version\":\"2012-10-17\",\"Statement\":[{\"Sid\":\"EKSClusterAssumeRole\",\"Effect\":\"Allow\",\"Action\":[\"sts:TagSession\",\"sts:AssumeRole\"],\"Principal\":{\"Service\":\"eks.amazonaws.com\"}}]}",
            "override_json": null,
            "override_policy_documents": null,
            "policy_id": null,
            "source_json": null,
            "source_policy_documents": null,
            "statement": [
              {
                "actions": [
                  "sts:AssumeRole",
                  "sts:TagSession"
                ],
                "condition": [],
                "effect": "Allow",
                "not_actions": [],
                "not_principals": [],
                "not_resources": [],
                "principals": [
                  {
                    "identifiers": [
                      "eks.amazonaws.com"
                    ],
                    "type": "Service"
                  }
                ],
                "resources": [],
                "sid": "EKSClusterAssumeRole"
              }
            ],
            "version": "2012-10-17"
          },
          "sensitive_attributes": [],
          "identity_schema_version": 0
        }
      ]
    },
    {
      "module": "module.infrastructure.module.eks.module.eks",
      "mode": "data",
      "type": "aws_iam_policy_document",
      "name": "custom",
      "provider": "provider[\"registry.terraform.io/hashicorp/aws\"]",
      "instances": [
        {
          "index_key": 0,
          "schema_version": 0,
          "attributes": {
            "id": "513122117",
            "json": "{\n  \"Version\": \"2012-10-17\",\n  \"Statement\": [\n    {\n      \"Sid\": \"Compute\",\n      \"Effect\": \"Allow\",\n      \"Action\": [\n        \"ec2:RunInstances\",\n        \"ec2:CreateLaunchTemplate\",\n        \"ec2:CreateFleet\"\n      ],\n      \"Resource\": \"*\",\n      \"Condition\": {\n        \"StringEquals\": {\n          \"aws:RequestTag/eks:eks-cluster-name\": \"${aws:PrincipalTag/eks:eks-cluster-name}\"\n        },\n        \"StringLike\": {\n          \"aws:RequestTag/eks:kubernetes-node-class-name\": \"*\",\n          \"aws:RequestTag/eks:kubernetes-node-pool-name\": \"*\"\n        }\n      }\n    },\n    {\n      \"Sid\": \"Storage\",\n      \"Effect\": \"Allow\",\n      \"Action\": [\n        \"ec2:CreateVolume\",\n        \"ec2:CreateSnapshot\"\n      ],\n      \"Resource\": [\n        \"arn:aws:ec2:*:*:volume/*\",\n        \"arn:aws:ec2:*:*:snapshot/*\"\n      ],\n      \"Condition\": {\n        \"StringEquals\": {\n          \"aws:RequestTag/eks:eks-cluster-name\": \"${aws:PrincipalTag/eks:eks-cluster-name}\"\n        }\n      }\n    },\n    {\n      \"Sid\": \"Networking\",\n      \"Effect\": \"Allow\",\n      \"Action\": \"ec2:CreateNetworkInterface\",\n      \"Resource\": \"*\",\n      \"Condition\": {\n        \"StringEquals\": {\n          \"aws:RequestTag/eks:eks-cluster-name\": \"${aws:PrincipalTag/eks:eks-cluster-name}\",\n          \"aws:RequestTag/eks:kubernetes-cni-node-name\": \"*\"\n        }\n      }\n    },\n    {\n      \"Sid\": \"LoadBalancer\",\n      \"Effect\": \"Allow\",\n      \"Action\": [\n        \"elasticloadbalancing:CreateTargetGroup\",\n        \"elasticloadbalancing:CreateRule\",\n        \"elasticloadbalancing:CreateLoadBalancer\",\n        \"elasticloadbalancing:CreateListener\",\n        \"ec2:CreateSecurityGroup\"\n      ],\n      \"Resource\": \"*\",\n      \"Condition\": {\n        \"StringEquals\": {\n          \"aws:RequestTag/eks:eks-cluster-name\": \"${aws:PrincipalTag/eks:eks-cluster-name}\"\n        }\n      }\n    },\n    {\n      \"Sid\": \"ShieldProtection\",\n      \"Effect\": \"Allow\",\n      \"Action\": \"shield:CreateProtection\",\n      \"Resource\": \"*\",\n      \"Condition\": {\n        \"StringEquals\": {\n          \"aws:RequestTag/eks:eks-cluster-name\": \"${aws:PrincipalTag/eks:eks-cluster-name}\"\n        }\n      }\n    },\n    {\n      \"Sid\": \"ShieldTagResource\",\n      \"Effect\": \"Allow\",\n      \"Action\": \"shield:TagResource\",\n      \"Resource\": \"arn:aws:shield::*:protection/*\",\n      \"Condition\": {\n        \"StringEquals\": {\n          \"aws:RequestTag/eks:eks-cluster-name\": \"${aws:PrincipalTag/eks:eks-cluster-name}\"\n        }\n      }\n    }\n  ]\n}",
            "minified_json": "{\"Version\":\"2012-10-17\",\"Statement\":[{\"Sid\":\"Compute\",\"Effect\":\"Allow\",\"Action\":[\"ec2:RunInstances\",\"ec2:CreateLaunchTemplate\",\"ec2:CreateFleet\"],\"Resource\":\"*\",\"Condition\":{\"StringEquals\":{\"aws:RequestTag/eks:eks-cluster-name\":\"${aws:PrincipalTag/eks:eks-cluster-name}\"},\"StringLike\":{\"aws:RequestTag/eks:kubernetes-node-class-name\":\"*\",\"aws:RequestTag/eks:kubernetes-node-pool-name\":\"*\"}}},{\"Sid\":\"Storage\",\"Effect\":\"Allow\",\"Action\":[\"ec2:CreateVolume\",\"ec2:CreateSnapshot\"],\"Resource\":[\"arn:aws:ec2:*:*:volume/*\",\"arn:aws:ec2:*:*:snapshot/*\"],\"Condition\":{\"StringEquals\":{\"aws:RequestTag/eks:eks-cluster-name\":\"${aws:PrincipalTag/eks:eks-cluster-name}\"}}},{\"Sid\":\"Networking\",\"Effect\":\"Allow\",\"Action\":\"ec2:CreateNetworkInterface\",\"Resource\":\"*\",\"Condition\":{\"StringEquals\":{\"aws:RequestTag/eks:eks-cluster-name\":\"${aws:PrincipalTag/eks:eks-cluster-name}\",\"aws:RequestTag/eks:kubernetes-cni-node-name\":\"*\"}}},{\"Sid\":\"LoadBalancer\",\"Effect\":\"Allow\",\"Action\":[\"elasticloadbalancing:CreateTargetGroup\",\"elasticloadbalancing:CreateRule\",\"elasticloadbalancing:CreateLoadBalancer\",\"elasticloadbalancing:CreateListener\",\"ec2:CreateSecurityGroup\"],\"Resource\":\"*\",\"Condition\":{\"StringEquals\":{\"aws:RequestTag/eks:eks-cluster-name\":\"${aws:PrincipalTag/eks:eks-cluster-name}\"}}},{\"Sid\":\"ShieldProtection\",\"Effect\":\"Allow\",\"Action\":\"shield:CreateProtection\",\"Resource\":\"*\",\"Condition\":{\"StringEquals\":{\"aws:RequestTag/eks:eks-cluster-name\":\"${aws:PrincipalTag/eks:eks-cluster-name}\"}}},{\"Sid\":\"ShieldTagResource\",\"Effect\":\"Allow\",\"Action\":\"shield:TagResource\",\"Resource\":\"arn:aws:shield::*:protection/*\",\"Condition\":{\"StringEquals\":{\"aws:RequestTag/eks:eks-cluster-name\":\"${aws:PrincipalTag/eks:eks-cluster-name}\"}}}]}",
            "override_json": null,
            "override_policy_documents": null,
            "policy_id": null,
            "source_json": null,
            "source_policy_documents": null,
            "statement": [
              {
                "actions": [
                  "ec2:CreateFleet",
                  "ec2:CreateLaunchTemplate",
                  "ec2:RunInstances"
                ],
                "condition": [
                  {
                    "test": "StringEquals",
                    "values": [
                      "${aws:PrincipalTag/eks:eks-cluster-name}"
                    ],
                    "variable": "aws:RequestTag/eks:eks-cluster-name"
                  },
                  {
                    "test": "StringLike",
                    "values": [
                      "*"
                    ],
                    "variable": "aws:RequestTag/eks:kubernetes-node-class-name"
                  },
                  {
                    "test": "StringLike",
                    "values": [
                      "*"
                    ],
                    "variable": "aws:RequestTag/eks:kubernetes-node-pool-name"
                  }
                ],
                "effect": "Allow",
                "not_actions": [],
                "not_principals": [],
                "not_resources": [],
                "principals": [],
                "resources": [
                  "*"
                ],
                "sid": "Compute"
              },
              {
                "actions": [
                  "ec2:CreateSnapshot",
                  "ec2:CreateVolume"
                ],
                "condition": [
                  {
                    "test": "StringEquals",
                    "values": [
                      "${aws:PrincipalTag/eks:eks-cluster-name}"
                    ],
                    "variable": "aws:RequestTag/eks:eks-cluster-name"
                  }
                ],
                "effect": "Allow",
                "not_actions": [],
                "not_principals": [],
                "not_resources": [],
                "principals": [],
                "resources": [
                  "arn:aws:ec2:*:*:snapshot/*",
                  "arn:aws:ec2:*:*:volume/*"
                ],
                "sid": "Storage"
              },
              {
                "actions": [
                  "ec2:CreateNetworkInterface"
                ],
                "condition": [
                  {
                    "test": "StringEquals",
                    "values": [
                      "${aws:PrincipalTag/eks:eks-cluster-name}"
                    ],
                    "variable": "aws:RequestTag/eks:eks-cluster-name"
                  },
                  {
                    "test": "StringEquals",
                    "values": [
                      "*"
                    ],
                    "variable": "aws:RequestTag/eks:kubernetes-cni-node-name"
                  }
                ],
                "effect": "Allow",
                "not_actions": [],
                "not_principals": [],
                "not_resources": [],
                "principals": [],
                "resources": [
                  "*"
                ],
                "sid": "Networking"
              },
              {
                "actions": [
                  "ec2:CreateSecurityGroup",
                  "elasticloadbalancing:CreateListener",
                  "elasticloadbalancing:CreateLoadBalancer",
                  "elasticloadbalancing:CreateRule",
                  "elasticloadbalancing:CreateTargetGroup"
                ],
                "condition": [
                  {
                    "test": "StringEquals",
                    "values": [
                      "${aws:PrincipalTag/eks:eks-cluster-name}"
                    ],
                    "variable": "aws:RequestTag/eks:eks-cluster-name"
                  }
                ],
                "effect": "Allow",
                "not_actions": [],
                "not_principals": [],
                "not_resources": [],
                "principals": [],
                "resources": [
                  "*"
                ],
                "sid": "LoadBalancer"
              },
              {
                "actions": [
                  "shield:CreateProtection"
                ],
                "condition": [
                  {
                    "test": "StringEquals",
                    "values": [
                      "${aws:PrincipalTag/eks:eks-cluster-name}"
                    ],
                    "variable": "aws:RequestTag/eks:eks-cluster-name"
                  }
                ],
                "effect": "Allow",
                "not_actions": [],
                "not_principals": [],
                "not_resources": [],
                "principals": [],
                "resources": [
                  "*"
                ],
                "sid": "ShieldProtection"
              },
              {
                "actions": [
                  "shield:TagResource"
                ],
                "condition": [
                  {
                    "test": "StringEquals",
                    "values": [
                      "${aws:PrincipalTag/eks:eks-cluster-name}"
                    ],
                    "variable": "aws:RequestTag/eks:eks-cluster-name"
                  }
                ],
                "effect": "Allow",
                "not_actions": [],
                "not_principals": [],
                "not_resources": [],
                "principals": [],
                "resources": [
                  "arn:aws:shield::*:protection/*"
                ],
                "sid": "ShieldTagResource"
              }
            ],
            "version": "2012-10-17"
          },
          "sensitive_attributes": [],
          "identity_schema_version": 0
        }
      ]
    },
    {
      "module": "module.infrastructure.module.eks.module.eks",
      "mode": "data",
      "type": "aws_iam_session_context",
      "name": "current",
      "provider": "provider[\"registry.terraform.io/hashicorp/aws\"]",
      "instances": [
        {
          "index_key": 0,
          "schema_version": 0,
          "attributes": {
            "arn": "arn:aws:iam::960828421635:user/cli-omer",
            "id": "arn:aws:iam::960828421635:user/cli-omer",
            "issuer_arn": "arn:aws:iam::960828421635:user/cli-omer",
            "issuer_id": "",
            "issuer_name": "",
            "session_name": ""
          },
          "sensitive_attributes": [],
          "identity_schema_version": 0
        }
      ]
    },
    {
      "module": "module.infrastructure.module.eks.module.eks",
      "mode": "data",
      "type": "aws_partition",
      "name": "current",
      "provider": "provider[\"registry.terraform.io/hashicorp/aws\"]",
      "instances": [
        {
          "index_key": 0,
          "schema_version": 0,
          "attributes": {
            "dns_suffix": "amazonaws.com",
            "id": "aws",
            "partition": "aws",
            "reverse_dns_prefix": "com.amazonaws"
          },
          "sensitive_attributes": [],
          "identity_schema_version": 0
        }
      ]
    },
    {
      "module": "module.infrastructure.module.eks.module.eks",
      "mode": "data",
      "type": "tls_certificate",
      "name": "this",
      "provider": "provider[\"registry.terraform.io/hashicorp/tls\"]",
      "instances": [
        {
          "index_key": 0,
          "schema_version": 0,
          "attributes": {
            "certificates": [
              {
                "cert_pem": "-----BEGIN CERTIFICATE-----\nMIIEkjCCA3qgAwIBAgITBn+USionzfP6wq4rAfkI7rnExjANBgkqhkiG9w0BAQsF\nADCBmDELMAkGA1UEBhMCVVMxEDAOBgNVBAgTB0FyaXpvbmExEzARBgNVBAcTClNj\nb3R0c2RhbGUxJTAjBgNVBAoTHFN0YXJmaWVsZCBUZWNobm9sb2dpZXMsIEluYy4x\nOzA5BgNVBAMTMlN0YXJmaWVsZCBTZXJ2aWNlcyBSb290IENlcnRpZmljYXRlIEF1\ndGhvcml0eSAtIEcyMB4XDTE1MDUyNTEyMDAwMFoXDTM3MTIzMTAxMDAwMFowOTEL\nMAkGA1UEBhMCVVMxDzANBgNVBAoTBkFtYXpvbjEZMBcGA1UEAxMQQW1hem9uIFJv\nb3QgQ0EgMTCCASIwDQYJKoZIhvcNAQEBBQADggEPADCCAQoCggEBALJ4gHHKeNXj\nca9HgFB0fW7Y14h29Jlo91ghYPl0hAEvrAIthtOgQ3pOsqTQNroBvo3bSMgHFzZM\n9O6II8c+6zf1tRn4SWiw3te5djgdYZ6k/oI2peVKVuRF4fn9tBb6dNqcmzU5L/qw\nIFAGbHrQgLKm+a/sRxmPUDgH3KKHOVj4utWp+UhnMJbulHheb4mjUcAwhmahRWa6\nVOujw5H5SNz/0egwLX0tdHA114gk957EWW67c4cX8jJGKLhD+rcdqsq08p8kDi1L\n93FcXmn/6pUCyziKrlA4b9v7LWIbxcceVOF34GfID5yHI9Y/QCB/IIDEgEw+OyQm\njgSubJrIqg0CAwEAAaOCATEwggEtMA8GA1UdEwEB/wQFMAMBAf8wDgYDVR0PAQH/\nBAQDAgGGMB0GA1UdDgQWBBSEGMyFNOy8DJSULghZnMeyEE4KCDAfBgNVHSMEGDAW\ngBScXwDfqgHXMCs4iKK4bUqc8hGRgzB4BggrBgEFBQcBAQRsMGowLgYIKwYBBQUH\nMAGGImh0dHA6Ly9vY3NwLnJvb3RnMi5hbWF6b250cnVzdC5jb20wOAYIKwYBBQUH\nMAKGLGh0dHA6Ly9jcnQucm9vdGcyLmFtYXpvbnRydXN0LmNvbS9yb290ZzIuY2Vy\nMD0GA1UdHwQ2MDQwMqAwoC6GLGh0dHA6Ly9jcmwucm9vdGcyLmFtYXpvbnRydXN0\nLmNvbS9yb290ZzIuY3JsMBEGA1UdIAQKMAgwBgYEVR0gADANBgkqhkiG9w0BAQsF\nAAOCAQEAYjdCXLwQtT6LLOkMm2xF4gcAevnFWAu5CIw+7bMlPLVvUOTNNWqnkzSW\nMiGpSESrnO09tKpzbeR/FoCJbM8oAxiDR3mjEH4wW6w7sGDgd9QIpuEdfF7Au/ma\neyKdpwAJfqxGF4PcnCZXmTA5YpaP7dreqsXMGz7KQ2hsVxa81Q4gLv7/wmpdLqBK\nbRRYh5TmOTFffHPLkIhqhBGWJ6bt2YFGpn6jcgAKUj6DiAdjd4lpFw85hdKrCEVN\n0FE6/V1dN2RMfjCyVSRCnTawXZwXgWHxyvkQAiSr6w10kY17RSlQOYiypok1JR4U\nakcjMS9cmvqtmg5iUaQqqcT5NJ0hGA==\n-----END CERTIFICATE-----\n",
                "is_ca": true,
                "issuer": "CN=Starfield Services Root Certificate Authority - G2,O=Starfield Technologies\\, Inc.,L=Scottsdale,ST=Arizona,C=US",
                "max_path_length": -1,
                "not_after": "2037-12-31T01:00:00Z",
                "not_before": "2015-05-25T12:00:00Z",
                "public_key_algorithm": "RSA",
                "serial_number": "144918191876577076464031512351042010504348870",
                "sha1_fingerprint": "06b25927c42a721631c1efd9431e648fa62e1e39",
                "signature_algorithm": "SHA256-RSA",
                "subject": "CN=Amazon Root CA 1,O=Amazon,C=US",
                "version": 3
              },
              {
                "cert_pem": "-----BEGIN CERTIFICATE-----\nMIIEXjCCA0agAwIBAgITB3MSOAudZoijOx7Zv5zNpo4ODzANBgkqhkiG9w0BAQsF\nADA5MQswCQYDVQQGEwJVUzEPMA0GA1UEChMGQW1hem9uMRkwFwYDVQQDExBBbWF6\nb24gUm9vdCBDQSAxMB4XDTIyMDgyMzIyMjEyOFoXDTMwMDgyMzIyMjEyOFowPDEL\nMAkGA1UEBhMCVVMxDzANBgNVBAoTBkFtYXpvbjEcMBoGA1UEAxMTQW1hem9uIFJT\nQSAyMDQ4IE0wMTCCASIwDQYJKoZIhvcNAQEBBQADggEPADCCAQoCggEBAOtxLKnL\nH4gokjIwr4pXD3i3NyWVVYesZ1yX0yLI2qIUZ2t88Gfa4gMqs1YSXca1R/lnCKeT\nepWSGA+0+fkQNpp/L4C2T7oTTsddUx7g3ZYzByDTlrwS5HRQQqEFE3O1T5tEJP4t\nf+28IoXsNiEzl3UGzicYgtzj2cWCB41eJgEmJmcf2T8TzzK6a614ZPyq/w4CPAff\nnAV4coz96nW3AyiE2uhuB4zQUIXvgVSycW7sbWLvj5TDXunEpNCRwC4kkZjK7rol\njtT2cbb7W2s4Bkg3R42G3PLqBvt2N32e/0JOTViCk8/iccJ4sXqrS1uUN4iB5Nmv\nJK74csVl+0u0UecCAwEAAaOCAVowggFWMBIGA1UdEwEB/wQIMAYBAf8CAQAwDgYD\nVR0PAQH/BAQDAgGGMB0GA1UdJQQWMBQGCCsGAQUFBwMBBggrBgEFBQcDAjAdBgNV\nHQ4EFgQUgbgOY4qJEhjl+js7UJWf5uWQE4UwHwYDVR0jBBgwFoAUhBjMhTTsvAyU\nlC4IWZzHshBOCggwewYIKwYBBQUHAQEEbzBtMC8GCCsGAQUFBzABhiNodHRwOi8v\nb2NzcC5yb290Y2ExLmFtYXpvbnRydXN0LmNvbTA6BggrBgEFBQcwAoYuaHR0cDov\nL2NydC5yb290Y2ExLmFtYXpvbnRydXN0LmNvbS9yb290Y2ExLmNlcjA/BgNVHR8E\nODA2MDSgMqAwhi5odHRwOi8vY3JsLnJvb3RjYTEuYW1hem9udHJ1c3QuY29tL3Jv\nb3RjYTEuY3JsMBMGA1UdIAQMMAowCAYGZ4EMAQIBMA0GCSqGSIb3DQEBCwUAA4IB\nAQCtAN4CBSMuBjJitGuxlBbkEUDeK/pZwTXv4KqPK0G50fOHOQAd8j21p0cMBgbG\nkfMHVwLU7b0XwZCav0h1ogdPMN1KakK1DT0VwA/+hFvGPJnMV1Kx2G4S1ZaSk0uU\n5QfoiYIIano01J5k4T2HapKQmmOhS/iPtuo00wW+IMLeBuKMn3OLn005hcrOGTad\nhcmeyfhQP7Z+iKHvyoQGi1C0ClymHETx/chhQGDyYSWqB/THwnN15AwLQo0E5V9E\nSJlbe4mBlqeInUsNYugExNf+tOiybcrswBy8OFsd34XOW3rjSUtsuafd9AWySa3h\nxRRrwszrzX/WWGm6wyB+f7C4\n-----END CERTIFICATE-----\n",
                "is_ca": true,
                "issuer": "CN=Amazon Root CA 1,O=Amazon,C=US",
                "max_path_length": 0,
                "not_after": "2030-08-23T22:21:28Z",
                "not_before": "2022-08-23T22:21:28Z",
                "public_key_algorithm": "RSA",
                "serial_number": "166129328851546858514271303855646110030630415",
                "sha1_fingerprint": "2ad974a775f73cbdbbd8f5ac3a49255fa8fb1f8c",
                "signature_algorithm": "SHA256-RSA",
                "subject": "CN=Amazon RSA 2048 M01,O=Amazon,C=US",
                "version": 3
              },
              {
                "cert_pem": "-----BEGIN CERTIFICATE-----\nMIIF3DCCBMSgAwIBAgIQDWSUrLO5Y9qkm2y4CpQ/CTANBgkqhkiG9w0BAQsFADA8\nMQswCQYDVQQGEwJVUzEPMA0GA1UEChMGQW1hem9uMRwwGgYDVQQDExNBbWF6b24g\nUlNBIDIwNDggTTAxMB4XDTI2MDEyNzAwMDAwMFoXDTI3MDIyNTIzNTk1OVowKDEm\nMCQGA1UEAwwdKi5la3MudXMtZWFzdC0xLmFtYXpvbmF3cy5jb20wggEiMA0GCSqG\nSIb3DQEBAQUAA4IBDwAwggEKAoIBAQDjfWC3ScmP3Yt3ENQgpvZzbXg3ZqdR+F5k\n/SIXqF2RRdrDIu3B0CivVPkNbZxS4dUjum7WHRV3+cjhne679pLBzKp/aCqycyVr\nqiGvPsCOywSNgCQ7KGZ7fR9L0o4eQ5vsotNTjF1HDkoVGdjDt8qjFedVngnnLZ2f\n9E/tACJHoCXLbg1BLI/0xXQKZqLiLGUgcLhnZjYn6AW8QgXgGyJMwHo6n13wf8uY\n3RAaOWMsTglOfMrPMKclQBwh4OaWzHD3SLXnjAvdtuErZGWSz01pRY89FfxZWtSf\nxGG+ERvHMAoM2lIbV74Bs0B+qVVAxP658rpMbPevtRrlj+fYkFzvAgMBAAGjggLs\nMIIC6DAfBgNVHSMEGDAWgBSBuA5jiokSGOX6OztQlZ/m5ZAThTAdBgNVHQ4EFgQU\npzXKZp4CIP0/n8bNGf3YAZVaFtIwKAYDVR0RBCEwH4IdKi5la3MudXMtZWFzdC0x\nLmFtYXpvbmF3cy5jb20wEwYDVR0gBAwwCjAIBgZngQwBAgEwDgYDVR0PAQH/BAQD\nAgWgMBMGA1UdJQQMMAoGCCsGAQUFBwMBMDsGA1UdHwQ0MDIwMKAuoCyGKmh0dHA6\nLy9jcmwucjJtMDEuYW1hem9udHJ1c3QuY29tL3IybTAxLmNybDB1BggrBgEFBQcB\nAQRpMGcwLQYIKwYBBQUHMAGGIWh0dHA6Ly9vY3NwLnIybTAxLmFtYXpvbnRydXN0\nLmNvbTA2BggrBgEFBQcwAoYqaHR0cDovL2NydC5yMm0wMS5hbWF6b250cnVzdC5j\nb20vcjJtMDEuY2VyMAwGA1UdEwEB/wQCMAAwggF+BgorBgEEAdZ5AgQCBIIBbgSC\nAWoBaAB1AExj3JjlnB2riPYeij3ero+rRKM3e1+blMP7oZz8wb4mAAABm/3p2vcA\nAAQDAEYwRAIgOCwhiOx8FXqVNu1L+Mv2q8pJCKzIqLFwCE6VAugMkb0CIBu7W9o8\nRWfC1A9XjVWFxJ0uIquBPcEycQMNc8pRKAJFAHcAHJ9oLOn68EVpUPgbloqH3dsy\nENhM5siy44JSSsTPWZ8AAAGb/ena3wAABAMASDBGAiEAjAu69L5N17FqPfmXSt1v\ngM+df4yz50M/fb2LDfmx+xECIQC3B3aoHVNsjqYMmqwQgR4ViKIREwNzCYKBm+W0\nGnlwnwB2AGBMmq96f3dfAdQG/JINyJnrCxx9+MlSG/r6F3c7l4vJAAABm/3p28gA\nAAQDAEcwRQIgMiBVCk6C4EylG885QJIv8X2wpplMtdWJxyt3JVQ56NUCIQC6uZDM\nw0VrwTXkW4eLg73D5Z89Z8tadQwizoXyjBAaYjANBgkqhkiG9w0BAQsFAAOCAQEA\nHMEZInJfTjgc0JTF+C7ZR/8rk1c511SMI9RcmNjnrkoP3pBPQTSEU92bGaCYvOYO\nRMB1bAOk/Ql9kDBSRDcKiOz8wPWZBgyJZRMSVyO5WbLM//8jsP83vmvFNbSo7Tuk\n5R6KAtzOMOymwITZeM6k4saoyB847rmlPDIkD/RRM0Col+Ik8+V3HSdHsnrA/3Ep\n1ICdUJvE0M9oEnbO2DWrCz6yOuz0AcfcmMGTBLqlsFdoJpcXj7c1QcCJaK1B7qaQ\nuQXdywqElVO6BrBxHQROLxjLHXMNblOzvrXYWGkhiQ+0cYYCMBtbhpphhebxnUBV\nuCxvp9/yY1GmsG6lwzLYEw==\n-----END CERTIFICATE-----\n",
                "is_ca": false,
                "issuer": "CN=Amazon RSA 2048 M01,O=Amazon,C=US",
                "max_path_length": -1,
                "not_after": "2027-02-25T23:59:59Z",
                "not_before": "2026-01-27T00:00:00Z",
                "public_key_algorithm": "RSA",
                "serial_number": "17802209110544621593474031143248740105",
                "sha1_fingerprint": "37647fee5fc063960139521aa2400c75db27825b",
                "signature_algorithm": "SHA256-RSA",
                "subject": "CN=*.eks.us-east-1.amazonaws.com",
                "version": 3
              }
            ],
            "content": null,
            "id": "b1b539daa206035ae3c3e28288b0681fa1b462f3",
            "url": "https://oidc.eks.us-east-1.amazonaws.com/id/62AE89267DEAB322E7F39FBE25CE8319",
            "verify_chain": true
          },
          "sensitive_attributes": [],
          "identity_schema_version": 0
        }
      ]
    },
    {
      "module": "module.infrastructure.module.eks.module.eks",
      "mode": "managed",
      "type": "aws_cloudwatch_log_group",
      "name": "this",
      "provider": "provider[\"registry.terraform.io/hashicorp/aws\"]",
      "instances": [
        {
          "index_key": 0,
          "schema_version": 0,
          "attributes": {
            "arn": "arn:aws:logs:us-east-1:960828421635:log-group:/aws/eks/weather-app-eks/cluster",
            "id": "/aws/eks/weather-app-eks/cluster",
            "kms_key_id": "",
            "log_group_class": "STANDARD",
            "name": "/aws/eks/weather-app-eks/cluster",
            "name_prefix": "",
            "retention_in_days": 90,
            "skip_destroy": false,
            "tags": {
              "Name": "/aws/eks/weather-app-eks/cluster"
            },
            "tags_all": {
              "Name": "/aws/eks/weather-app-eks/cluster"
            }
          },
          "sensitive_attributes": [],
          "identity_schema_version": 0,
          "private": "bnVsbA==",
          "create_before_destroy": true
        }
      ]
    },
    {
      "module": "module.infrastructure.module.eks.module.eks",
      "mode": "managed",
      "type": "aws_eks_access_entry",
      "name": "this",
      "provider": "provider[\"registry.terraform.io/hashicorp/aws\"]",
      "instances": [
        {
          "index_key": "terraform",
          "schema_version": 0,
          "attributes": {
            "access_entry_arn": "arn:aws:eks:us-east-1:960828421635:access-entry/weather-app-eks/user/960828421635/cli-omer/1ece3352-88b5-cbc3-3108-1738545d87e4",
            "cluster_name": "weather-app-eks",
            "created_at": "2026-02-16T13:30:19Z",
            "id": "weather-app-eks:arn:aws:iam::960828421635:user/cli-omer",
            "kubernetes_groups": [],
            "modified_at": "2026-02-16T13:30:19Z",
            "principal_arn": "arn:aws:iam::960828421635:user/cli-omer",
            "tags": {},
            "tags_all": {},
            "timeouts": null,
            "type": "STANDARD",
            "user_name": "arn:aws:iam::960828421635:user/cli-omer"
          },
          "sensitive_attributes": [],
          "identity_schema_version": 0,
          "private": "eyJlMmJmYjczMC1lY2FhLTExZTYtOGY4OC0zNDM2M2JjN2M0YzAiOnsiY3JlYXRlIjo2MDAwMDAwMDAwMDAsImRlbGV0ZSI6NjAwMDAwMDAwMDAwfX0=",
          "dependencies": [
            "module.infrastructure.module.eks.data.aws_caller_identity.current",
            "module.infrastructure.module.eks.module.eks.aws_cloudwatch_log_group.this",
            "module.infrastructure.module.eks.module.eks.aws_eks_cluster.this",
            "module.infrastructure.module.eks.module.eks.aws_iam_policy.cni_ipv6_policy",
            "module.infrastructure.module.eks.module.eks.aws_iam_role.eks_auto",
            "module.infrastructure.module.eks.module.eks.aws_iam_role.this",
            "module.infrastructure.module.eks.module.eks.aws_iam_role_policy_attachment.this",
            "module.infrastructure.module.eks.module.eks.aws_security_group.cluster",
            "module.infrastructure.module.eks.module.eks.aws_security_group.node",
            "module.infrastructure.module.eks.module.eks.aws_security_group_rule.cluster",
            "module.infrastructure.module.eks.module.eks.aws_security_group_rule.node",
            "module.infrastructure.module.eks.module.eks.data.aws_caller_identity.current",
            "module.infrastructure.module.eks.module.eks.data.aws_iam_policy_document.assume_role_policy",
            "module.infrastructure.module.eks.module.eks.data.aws_iam_policy_document.cni_ipv6_policy",
            "module.infrastructure.module.eks.module.eks.data.aws_iam_policy_document.node_assume_role_policy",
            "module.infrastructure.module.eks.module.eks.data.aws_iam_session_context.current",
            "module.infrastructure.module.eks.module.eks.data.aws_partition.current",
            "module.infrastructure.module.eks.module.eks.module.kms.aws_kms_external_key.this",
            "module.infrastructure.module.eks.module.eks.module.kms.aws_kms_key.this",
            "module.infrastructure.module.eks.module.eks.module.kms.aws_kms_replica_external_key.this",
            "module.infrastructure.module.eks.module.eks.module.kms.aws_kms_replica_key.this",
            "module.infrastructure.module.eks.module.eks.module.kms.data.aws_caller_identity.current",
            "module.infrastructure.module.eks.module.eks.module.kms.data.aws_iam_policy_document.this",
            "module.infrastructure.module.eks.module.eks.module.kms.data.aws_partition.current",
            "module.infrastructure.module.security_groups.aws_security_group.alb_sg",
            "module.infrastructure.module.vpc.aws_subnet.private",
            "module.infrastructure.module.vpc.aws_vpc.this",
            "module.infrastructure.module.vpc.data.aws_availability_zones.available"
          ]
        }
      ]
    },
    {
      "module": "module.infrastructure.module.eks.module.eks",
      "mode": "managed",
      "type": "aws_eks_access_policy_association",
      "name": "this",
      "provider": "provider[\"registry.terraform.io/hashicorp/aws\"]",
      "instances": [
        {
          "index_key": "terraform_admin",
          "schema_version": 0,
          "attributes": {
            "access_scope": [
              {
                "namespaces": [],
                "type": "cluster"
              }
            ],
            "associated_at": "2026-02-16 13:30:20.93 +0000 UTC",
            "cluster_name": "weather-app-eks",
            "id": "weather-app-eks#arn:aws:iam::960828421635:user/cli-omer#arn:aws:eks::aws:cluster-access-policy/AmazonEKSClusterAdminPolicy",
            "modified_at": "2026-02-16 13:30:20.93 +0000 UTC",
            "policy_arn": "arn:aws:eks::aws:cluster-access-policy/AmazonEKSClusterAdminPolicy",
            "principal_arn": "arn:aws:iam::960828421635:user/cli-omer",
            "timeouts": null
          },
          "sensitive_attributes": [],
          "identity_schema_version": 0,
          "private": "eyJlMmJmYjczMC1lY2FhLTExZTYtOGY4OC0zNDM2M2JjN2M0YzAiOnsiY3JlYXRlIjo2MDAwMDAwMDAwMDAsImRlbGV0ZSI6NjAwMDAwMDAwMDAwfX0=",
          "dependencies": [
            "module.infrastructure.module.eks.data.aws_caller_identity.current",
            "module.infrastructure.module.eks.module.eks.aws_cloudwatch_log_group.this",
            "module.infrastructure.module.eks.module.eks.aws_eks_access_entry.this",
            "module.infrastructure.module.eks.module.eks.aws_eks_cluster.this",
            "module.infrastructure.module.eks.module.eks.aws_iam_policy.cni_ipv6_policy",
            "module.infrastructure.module.eks.module.eks.aws_iam_role.eks_auto",
            "module.infrastructure.module.eks.module.eks.aws_iam_role.this",
            "module.infrastructure.module.eks.module.eks.aws_iam_role_policy_attachment.this",
            "module.infrastructure.module.eks.module.eks.aws_security_group.cluster",
            "module.infrastructure.module.eks.module.eks.aws_security_group.node",
            "module.infrastructure.module.eks.module.eks.aws_security_group_rule.cluster",
            "module.infrastructure.module.eks.module.eks.aws_security_group_rule.node",
            "module.infrastructure.module.eks.module.eks.data.aws_caller_identity.current",
            "module.infrastructure.module.eks.module.eks.data.aws_iam_policy_document.assume_role_policy",
            "module.infrastructure.module.eks.module.eks.data.aws_iam_policy_document.cni_ipv6_policy",
            "module.infrastructure.module.eks.module.eks.data.aws_iam_policy_document.node_assume_role_policy",
            "module.infrastructure.module.eks.module.eks.data.aws_iam_session_context.current",
            "module.infrastructure.module.eks.module.eks.data.aws_partition.current",
            "module.infrastructure.module.eks.module.eks.module.kms.aws_kms_external_key.this",
            "module.infrastructure.module.eks.module.eks.module.kms.aws_kms_key.this",
            "module.infrastructure.module.eks.module.eks.module.kms.aws_kms_replica_external_key.this",
            "module.infrastructure.module.eks.module.eks.module.kms.aws_kms_replica_key.this",
            "module.infrastructure.module.eks.module.eks.module.kms.data.aws_caller_identity.current",
            "module.infrastructure.module.eks.module.eks.module.kms.data.aws_iam_policy_document.this",
            "module.infrastructure.module.eks.module.eks.module.kms.data.aws_partition.current",
            "module.infrastructure.module.security_groups.aws_security_group.alb_sg",
            "module.infrastructure.module.vpc.aws_subnet.private",
            "module.infrastructure.module.vpc.aws_vpc.this",
            "module.infrastructure.module.vpc.data.aws_availability_zones.available"
          ]
        }
      ]
    },
    {
      "module": "module.infrastructure.module.eks.module.eks",
      "mode": "managed",
      "type": "aws_eks_addon",
      "name": "this",
      "provider": "provider[\"registry.terraform.io/hashicorp/aws\"]",
      "instances": [
        {
          "index_key": "aws-ebs-csi-driver",
          "schema_version": 0,
          "attributes": {
            "addon_name": "aws-ebs-csi-driver",
            "addon_version": "v1.55.0-eksbuild.2",
            "arn": "arn:aws:eks:us-east-1:960828421635:addon/weather-app-eks/aws-ebs-csi-driver/2cce3378-ef70-d232-1275-141f37643103",
            "cluster_name": "weather-app-eks",
            "configuration_values": "",
            "created_at": "2026-02-16T14:54:13Z",
            "id": "weather-app-eks:aws-ebs-csi-driver",
            "modified_at": "2026-02-16T14:59:40Z",
            "pod_identity_association": [],
            "preserve": true,
            "resolve_conflicts": null,
            "resolve_conflicts_on_create": "OVERWRITE",
            "resolve_conflicts_on_update": "OVERWRITE",
            "service_account_role_arn": "",
            "tags": {},
            "tags_all": {},
            "timeouts": {
              "create": null,
              "delete": null,
              "update": null
            }
          },
          "sensitive_attributes": [],
          "identity_schema_version": 0,
          "private": "eyJlMmJmYjczMC1lY2FhLTExZTYtOGY4OC0zNDM2M2JjN2M0YzAiOnsiY3JlYXRlIjoxMjAwMDAwMDAwMDAwLCJkZWxldGUiOjI0MDAwMDAwMDAwMDAsInVwZGF0ZSI6MTIwMDAwMDAwMDAwMH19",
          "dependencies": [
            "module.infrastructure.module.eks.module.eks.aws_cloudwatch_log_group.this",
            "module.infrastructure.module.eks.module.eks.aws_eks_cluster.this",
            "module.infrastructure.module.eks.module.eks.aws_iam_policy.cni_ipv6_policy",
            "module.infrastructure.module.eks.module.eks.aws_iam_role.eks_auto",
            "module.infrastructure.module.eks.module.eks.aws_iam_role.this",
            "module.infrastructure.module.eks.module.eks.aws_iam_role_policy_attachment.this",
            "module.infrastructure.module.eks.module.eks.aws_security_group.cluster",
            "module.infrastructure.module.eks.module.eks.aws_security_group.node",
            "module.infrastructure.module.eks.module.eks.aws_security_group_rule.cluster",
            "module.infrastructure.module.eks.module.eks.aws_security_group_rule.node",
            "module.infrastructure.module.eks.module.eks.data.aws_caller_identity.current",
            "module.infrastructure.module.eks.module.eks.data.aws_eks_addon_version.this",
            "module.infrastructure.module.eks.module.eks.data.aws_iam_policy_document.assume_role_policy",
            "module.infrastructure.module.eks.module.eks.data.aws_iam_policy_document.cni_ipv6_policy",
            "module.infrastructure.module.eks.module.eks.data.aws_iam_policy_document.node_assume_role_policy",
            "module.infrastructure.module.eks.module.eks.data.aws_iam_session_context.current",
            "module.infrastructure.module.eks.module.eks.data.aws_partition.current",
            "module.infrastructure.module.eks.module.eks.module.eks_managed_node_group.aws_autoscaling_schedule.this",
            "module.infrastructure.module.eks.module.eks.module.eks_managed_node_group.aws_eks_node_group.this",
            "module.infrastructure.module.eks.module.eks.module.eks_managed_node_group.aws_iam_role.this",
            "module.infrastructure.module.eks.module.eks.module.eks_managed_node_group.aws_iam_role_policy.this",
            "module.infrastructure.module.eks.module.eks.module.eks_managed_node_group.aws_iam_role_policy_attachment.additional",
            "module.infrastructure.module.eks.module.eks.module.eks_managed_node_group.aws_iam_role_policy_attachment.this",
            "module.infrastructure.module.eks.module.eks.module.eks_managed_node_group.aws_launch_template.this",
            "module.infrastructure.module.eks.module.eks.module.eks_managed_node_group.aws_placement_group.this",
            "module.infrastructure.module.eks.module.eks.module.eks_managed_node_group.data.aws_caller_identity.current",
            "module.infrastructure.module.eks.module.eks.module.eks_managed_node_group.data.aws_ec2_instance_type.this",
            "module.infrastructure.module.eks.module.eks.module.eks_managed_node_group.data.aws_ec2_instance_type_offerings.this",
            "module.infrastructure.module.eks.module.eks.module.eks_managed_node_group.data.aws_iam_policy_document.assume_role_policy",
            "module.infrastructure.module.eks.module.eks.module.eks_managed_node_group.data.aws_iam_policy_document.role",
            "module.infrastructure.module.eks.module.eks.module.eks_managed_node_group.data.aws_partition.current",
            "module.infrastructure.module.eks.module.eks.module.eks_managed_node_group.data.aws_ssm_parameter.ami",
            "module.infrastructure.module.eks.module.eks.module.eks_managed_node_group.data.aws_subnets.placement_group",
            "module.infrastructure.module.eks.module.eks.module.eks_managed_node_group.module.user_data.data.cloudinit_config.al2023_eks_managed_node_group",
            "module.infrastructure.module.eks.module.eks.module.eks_managed_node_group.module.user_data.data.cloudinit_config.linux_eks_managed_node_group",
            "module.infrastructure.module.eks.module.eks.module.eks_managed_node_group.module.user_data.null_resource.validate_cluster_service_cidr",
            "module.infrastructure.module.eks.module.eks.module.fargate_profile.aws_eks_fargate_profile.this",
            "module.infrastructure.module.eks.module.eks.module.fargate_profile.aws_iam_role.this",
            "module.infrastructure.module.eks.module.eks.module.fargate_profile.aws_iam_role_policy.this",
            "module.infrastructure.module.eks.module.eks.module.fargate_profile.aws_iam_role_policy_attachment.additional",
            "module.infrastructure.module.eks.module.eks.module.fargate_profile.aws_iam_role_policy_attachment.this",
            "module.infrastructure.module.eks.module.eks.module.fargate_profile.data.aws_caller_identity.current",
            "module.infrastructure.module.eks.module.eks.module.fargate_profile.data.aws_iam_policy_document.assume_role_policy",
            "module.infrastructure.module.eks.module.eks.module.fargate_profile.data.aws_iam_policy_document.role",
            "module.infrastructure.module.eks.module.eks.module.fargate_profile.data.aws_partition.current",
            "module.infrastructure.module.eks.module.eks.module.fargate_profile.data.aws_region.current",
            "module.infrastructure.module.eks.module.eks.module.kms.aws_kms_external_key.this",
            "module.infrastructure.module.eks.module.eks.module.kms.aws_kms_key.this",
            "module.infrastructure.module.eks.module.eks.module.kms.aws_kms_replica_external_key.this",
            "module.infrastructure.module.eks.module.eks.module.kms.aws_kms_replica_key.this",
            "module.infrastructure.module.eks.module.eks.module.kms.data.aws_caller_identity.current",
            "module.infrastructure.module.eks.module.eks.module.kms.data.aws_iam_policy_document.this",
            "module.infrastructure.module.eks.module.eks.module.kms.data.aws_partition.current",
            "module.infrastructure.module.eks.module.eks.module.self_managed_node_group.aws_autoscaling_group.this",
            "module.infrastructure.module.eks.module.eks.module.self_managed_node_group.aws_autoscaling_schedule.this",
            "module.infrastructure.module.eks.module.eks.module.self_managed_node_group.aws_eks_access_entry.this",
            "module.infrastructure.module.eks.module.eks.module.self_managed_node_group.aws_iam_instance_profile.this",
            "module.infrastructure.module.eks.module.eks.module.self_managed_node_group.aws_iam_role.this",
            "module.infrastructure.module.eks.module.eks.module.self_managed_node_group.aws_iam_role_policy.this",
            "module.infrastructure.module.eks.module.eks.module.self_managed_node_group.aws_iam_role_policy_attachment.additional",
            "module.infrastructure.module.eks.module.eks.module.self_managed_node_group.aws_iam_role_policy_attachment.this",
            "module.infrastructure.module.eks.module.eks.module.self_managed_node_group.aws_launch_template.this",
            "module.infrastructure.module.eks.module.eks.module.self_managed_node_group.aws_placement_group.this",
            "module.infrastructure.module.eks.module.eks.module.self_managed_node_group.data.aws_caller_identity.current",
            "module.infrastructure.module.eks.module.eks.module.self_managed_node_group.data.aws_ec2_instance_type.this",
            "module.infrastructure.module.eks.module.eks.module.self_managed_node_group.data.aws_ec2_instance_type_offerings.this",
            "module.infrastructure.module.eks.module.eks.module.self_managed_node_group.data.aws_iam_policy_document.assume_role_policy",
            "module.infrastructure.module.eks.module.eks.module.self_managed_node_group.data.aws_iam_policy_document.role",
            "module.infrastructure.module.eks.module.eks.module.self_managed_node_group.data.aws_partition.current",
            "module.infrastructure.module.eks.module.eks.module.self_managed_node_group.data.aws_ssm_parameter.ami",
            "module.infrastructure.module.eks.module.eks.module.self_managed_node_group.data.aws_subnets.placement_group",
            "module.infrastructure.module.eks.module.eks.module.self_managed_node_group.module.user_data.data.cloudinit_config.al2023_eks_managed_node_group",
            "module.infrastructure.module.eks.module.eks.module.self_managed_node_group.module.user_data.data.cloudinit_config.linux_eks_managed_node_group",
            "module.infrastructure.module.eks.module.eks.module.self_managed_node_group.module.user_data.null_resource.validate_cluster_service_cidr",
            "module.infrastructure.module.eks.module.eks.time_sleep.this",
            "module.infrastructure.module.security_groups.aws_security_group.alb_sg",
            "module.infrastructure.module.vpc.aws_subnet.private",
            "module.infrastructure.module.vpc.aws_vpc.this",
            "module.infrastructure.module.vpc.data.aws_availability_zones.available"
          ]
        },
        {
          "index_key": "aws-efs-csi-driver",
          "schema_version": 0,
          "attributes": {
            "addon_name": "aws-efs-csi-driver",
            "addon_version": "v2.3.0-eksbuild.1",
            "arn": "arn:aws:eks:us-east-1:960828421635:addon/weather-app-eks/aws-efs-csi-driver/dcce3392-4fdf-dec7-080e-5598ecf37821",
            "cluster_name": "weather-app-eks",
            "configuration_values": "",
            "created_at": "2026-02-16T15:49:39Z",
            "id": "weather-app-eks:aws-efs-csi-driver",
            "modified_at": "2026-02-16T15:54:55Z",
            "pod_identity_association": [],
            "preserve": true,
            "resolve_conflicts": null,
            "resolve_conflicts_on_create": "OVERWRITE",
            "resolve_conflicts_on_update": "OVERWRITE",
            "service_account_role_arn": "",
            "tags": {},
            "tags_all": {},
            "timeouts": {
              "create": null,
              "delete": null,
              "update": null
            }
          },
          "sensitive_attributes": [],
          "identity_schema_version": 0,
          "private": "eyJlMmJmYjczMC1lY2FhLTExZTYtOGY4OC0zNDM2M2JjN2M0YzAiOnsiY3JlYXRlIjoxMjAwMDAwMDAwMDAwLCJkZWxldGUiOjI0MDAwMDAwMDAwMDAsInVwZGF0ZSI6MTIwMDAwMDAwMDAwMH19",
          "dependencies": [
            "module.infrastructure.module.eks.module.eks.aws_cloudwatch_log_group.this",
            "module.infrastructure.module.eks.module.eks.aws_eks_cluster.this",
            "module.infrastructure.module.eks.module.eks.aws_iam_policy.cni_ipv6_policy",
            "module.infrastructure.module.eks.module.eks.aws_iam_role.eks_auto",
            "module.infrastructure.module.eks.module.eks.aws_iam_role.this",
            "module.infrastructure.module.eks.module.eks.aws_iam_role_policy_attachment.this",
            "module.infrastructure.module.eks.module.eks.aws_security_group.cluster",
            "module.infrastructure.module.eks.module.eks.aws_security_group.node",
            "module.infrastructure.module.eks.module.eks.aws_security_group_rule.cluster",
            "module.infrastructure.module.eks.module.eks.aws_security_group_rule.node",
            "module.infrastructure.module.eks.module.eks.data.aws_caller_identity.current",
            "module.infrastructure.module.eks.module.eks.data.aws_eks_addon_version.this",
            "module.infrastructure.module.eks.module.eks.data.aws_iam_policy_document.assume_role_policy",
            "module.infrastructure.module.eks.module.eks.data.aws_iam_policy_document.cni_ipv6_policy",
            "module.infrastructure.module.eks.module.eks.data.aws_iam_policy_document.node_assume_role_policy",
            "module.infrastructure.module.eks.module.eks.data.aws_iam_session_context.current",
            "module.infrastructure.module.eks.module.eks.data.aws_partition.current",
            "module.infrastructure.module.eks.module.eks.module.eks_managed_node_group.aws_autoscaling_schedule.this",
            "module.infrastructure.module.eks.module.eks.module.eks_managed_node_group.aws_eks_node_group.this",
            "module.infrastructure.module.eks.module.eks.module.eks_managed_node_group.aws_iam_role.this",
            "module.infrastructure.module.eks.module.eks.module.eks_managed_node_group.aws_iam_role_policy.this",
            "module.infrastructure.module.eks.module.eks.module.eks_managed_node_group.aws_iam_role_policy_attachment.additional",
            "module.infrastructure.module.eks.module.eks.module.eks_managed_node_group.aws_iam_role_policy_attachment.this",
            "module.infrastructure.module.eks.module.eks.module.eks_managed_node_group.aws_launch_template.this",
            "module.infrastructure.module.eks.module.eks.module.eks_managed_node_group.aws_placement_group.this",
            "module.infrastructure.module.eks.module.eks.module.eks_managed_node_group.data.aws_caller_identity.current",
            "module.infrastructure.module.eks.module.eks.module.eks_managed_node_group.data.aws_ec2_instance_type.this",
            "module.infrastructure.module.eks.module.eks.module.eks_managed_node_group.data.aws_ec2_instance_type_offerings.this",
            "module.infrastructure.module.eks.module.eks.module.eks_managed_node_group.data.aws_iam_policy_document.assume_role_policy",
            "module.infrastructure.module.eks.module.eks.module.eks_managed_node_group.data.aws_iam_policy_document.role",
            "module.infrastructure.module.eks.module.eks.module.eks_managed_node_group.data.aws_partition.current",
            "module.infrastructure.module.eks.module.eks.module.eks_managed_node_group.data.aws_ssm_parameter.ami",
            "module.infrastructure.module.eks.module.eks.module.eks_managed_node_group.data.aws_subnets.placement_group",
            "module.infrastructure.module.eks.module.eks.module.eks_managed_node_group.module.user_data.data.cloudinit_config.al2023_eks_managed_node_group",
            "module.infrastructure.module.eks.module.eks.module.eks_managed_node_group.module.user_data.data.cloudinit_config.linux_eks_managed_node_group",
            "module.infrastructure.module.eks.module.eks.module.eks_managed_node_group.module.user_data.null_resource.validate_cluster_service_cidr",
            "module.infrastructure.module.eks.module.eks.module.fargate_profile.aws_eks_fargate_profile.this",
            "module.infrastructure.module.eks.module.eks.module.fargate_profile.aws_iam_role.this",
            "module.infrastructure.module.eks.module.eks.module.fargate_profile.aws_iam_role_policy.this",
            "module.infrastructure.module.eks.module.eks.module.fargate_profile.aws_iam_role_policy_attachment.additional",
            "module.infrastructure.module.eks.module.eks.module.fargate_profile.aws_iam_role_policy_attachment.this",
            "module.infrastructure.module.eks.module.eks.module.fargate_profile.data.aws_caller_identity.current",
            "module.infrastructure.module.eks.module.eks.module.fargate_profile.data.aws_iam_policy_document.assume_role_policy",
            "module.infrastructure.module.eks.module.eks.module.fargate_profile.data.aws_iam_policy_document.role",
            "module.infrastructure.module.eks.module.eks.module.fargate_profile.data.aws_partition.current",
            "module.infrastructure.module.eks.module.eks.module.fargate_profile.data.aws_region.current",
            "module.infrastructure.module.eks.module.eks.module.kms.aws_kms_external_key.this",
            "module.infrastructure.module.eks.module.eks.module.kms.aws_kms_key.this",
            "module.infrastructure.module.eks.module.eks.module.kms.aws_kms_replica_external_key.this",
            "module.infrastructure.module.eks.module.eks.module.kms.aws_kms_replica_key.this",
            "module.infrastructure.module.eks.module.eks.module.kms.data.aws_caller_identity.current",
            "module.infrastructure.module.eks.module.eks.module.kms.data.aws_iam_policy_document.this",
            "module.infrastructure.module.eks.module.eks.module.kms.data.aws_partition.current",
            "module.infrastructure.module.eks.module.eks.module.self_managed_node_group.aws_autoscaling_group.this",
            "module.infrastructure.module.eks.module.eks.module.self_managed_node_group.aws_autoscaling_schedule.this",
            "module.infrastructure.module.eks.module.eks.module.self_managed_node_group.aws_eks_access_entry.this",
            "module.infrastructure.module.eks.module.eks.module.self_managed_node_group.aws_iam_instance_profile.this",
            "module.infrastructure.module.eks.module.eks.module.self_managed_node_group.aws_iam_role.this",
            "module.infrastructure.module.eks.module.eks.module.self_managed_node_group.aws_iam_role_policy.this",
            "module.infrastructure.module.eks.module.eks.module.self_managed_node_group.aws_iam_role_policy_attachment.additional",
            "module.infrastructure.module.eks.module.eks.module.self_managed_node_group.aws_iam_role_policy_attachment.this",
            "module.infrastructure.module.eks.module.eks.module.self_managed_node_group.aws_launch_template.this",
            "module.infrastructure.module.eks.module.eks.module.self_managed_node_group.aws_placement_group.this",
            "module.infrastructure.module.eks.module.eks.module.self_managed_node_group.data.aws_caller_identity.current",
            "module.infrastructure.module.eks.module.eks.module.self_managed_node_group.data.aws_ec2_instance_type.this",
            "module.infrastructure.module.eks.module.eks.module.self_managed_node_group.data.aws_ec2_instance_type_offerings.this",
            "module.infrastructure.module.eks.module.eks.module.self_managed_node_group.data.aws_iam_policy_document.assume_role_policy",
            "module.infrastructure.module.eks.module.eks.module.self_managed_node_group.data.aws_iam_policy_document.role",
            "module.infrastructure.module.eks.module.eks.module.self_managed_node_group.data.aws_partition.current",
            "module.infrastructure.module.eks.module.eks.module.self_managed_node_group.data.aws_ssm_parameter.ami",
            "module.infrastructure.module.eks.module.eks.module.self_managed_node_group.data.aws_subnets.placement_group",
            "module.infrastructure.module.eks.module.eks.module.self_managed_node_group.module.user_data.data.cloudinit_config.al2023_eks_managed_node_group",
            "module.infrastructure.module.eks.module.eks.module.self_managed_node_group.module.user_data.data.cloudinit_config.linux_eks_managed_node_group",
            "module.infrastructure.module.eks.module.eks.module.self_managed_node_group.module.user_data.null_resource.validate_cluster_service_cidr",
            "module.infrastructure.module.eks.module.eks.time_sleep.this",
            "module.infrastructure.module.security_groups.aws_security_group.alb_sg",
            "module.infrastructure.module.vpc.aws_subnet.private",
            "module.infrastructure.module.vpc.aws_vpc.this",
            "module.infrastructure.module.vpc.data.aws_availability_zones.available"
          ]
        }
      ]
    },
    {
      "module": "module.infrastructure.module.eks.module.eks",
      "mode": "managed",
      "type": "aws_eks_cluster",
      "name": "this",
      "provider": "provider[\"registry.terraform.io/hashicorp/aws\"]",
      "instances": [
        {
          "index_key": 0,
          "schema_version": 1,
          "attributes": {
            "access_config": [
              {
                "authentication_mode": "API_AND_CONFIG_MAP",
                "bootstrap_cluster_creator_admin_permissions": false
              }
            ],
            "arn": "arn:aws:eks:us-east-1:960828421635:cluster/weather-app-eks",
            "bootstrap_self_managed_addons": true,
            "certificate_authority": [
              {
                "data": "LS0tLS1CRUdJTiBDRVJUSUZJQ0FURS0tLS0tCk1JSURCVENDQWUyZ0F3SUJBZ0lJWFIyZXZSamZTSFF3RFFZSktvWklodmNOQVFFTEJRQXdGVEVUTUJFR0ExVUUKQXhNS2EzVmlaWEp1WlhSbGN6QWVGdzB5TmpBeU1UWXhNekl3TlRaYUZ3MHpOakF5TVRReE16STFOVFphTUJVeApFekFSQmdOVkJBTVRDbXQxWW1WeWJtVjBaWE13Z2dFaU1BMEdDU3FHU0liM0RRRUJBUVVBQTRJQkR3QXdnZ0VLCkFvSUJBUUQ1b2d5dlg4SnVzdnI5bmVvcFBwR2RXSGZKQnFBNWUvZy8rOGFpcjYxU0dJcjNDY0tmRGVaMDkrbmUKYzJEcDhDY2xYWjBoc25JSEJPd3NVOWh1K2FVay9DTWNsZDE4OEtOSkJEdVJUelJCSGx5bFQ0eUo3Q0JPVHVvQgo1R1lEbXExVkdTYjQ3R0JuZlhlSG83VWM0WTJFVGl5UTlXNERwdTZnQnBVMFNMSVZTN2p5ZEYwMWR1VlZ4NHdyCkN4aEZJNmlBRW9HR3huME9lcVFoN3BySkhRV2w3VlBETDVBN3NXUmVMNlJpV015VGpnVFVtL1U5T3JoaXovR3UKdVN0RXFBQmlBcjRUeW9NajZyWlIvWDdBRm9ONUIvMXM4NXF0eGZrZkZ4TjIvS1NUQ3hhaEZITTVROEtQNWdsVApUeWdHWVNJV2Q5SDFuZGQ0elJ5Y0phdU9DRmlqQWdNQkFBR2pXVEJYTUE0R0ExVWREd0VCL3dRRUF3SUNwREFQCkJnTlZIUk1CQWY4RUJUQURBUUgvTUIwR0ExVWREZ1FXQkJSNlVSSi9mOEE3MDU3RUN2WVc2RE93QjlZV1NEQVYKQmdOVkhSRUVEakFNZ2dwcmRXSmxjbTVsZEdWek1BMEdDU3FHU0liM0RRRUJDd1VBQTRJQkFRQUR2MVJBMVFTcQp1T29xL0hkYysxSmx0WHRGeEFNbWJIekdwQ0xnM2JqTThhcXEwa0srbEU2QkxkOHFiR3RrakZUenFkaFlla2IxCjZjRlo2ZTZNZ3NRajY3ZXFzd2RiMTBjUUpvNUF4K1A5WVpoZzNnbHNiSzluL1hpUnZZOE5zZGkyZ21xMzUwUDEKZ2p2WFhOb3pSakcyTkN0dFIzUU1GcmtPbDV2cEhhL05nandRakR1c1diTjN3UWsxMHFuazNCeEUwQS8xS1o1ZQpjZjVuOXBmWUdrWVdHMUlza0xoa1hPdzM4RFFNUEJPTXJ3c0ZQREFSOER5UlhLV05tNjBLOFhhQ25CZ1FJRTJkClQ4S0JUanJMaGg2dGJ2dTBSYmxCOWZQSHA4a2JqYTZYUVhNRW82b2hxNlduaXhldHJJaVpqN0U4NDREWjdDcXkKcGkzQTdlRjVLVjZQCi0tLS0tRU5EIENFUlRJRklDQVRFLS0tLS0K"
              }
            ],
            "cluster_id": null,
            "compute_config": [],
            "created_at": "2026-02-16T13:19:05Z",
            "enabled_cluster_log_types": [
              "api",
              "audit",
              "authenticator"
            ],
            "encryption_config": [],
            "endpoint": "https://62AE89267DEAB322E7F39FBE25CE8319.gr7.us-east-1.eks.amazonaws.com",
            "force_update_version": null,
            "id": "weather-app-eks",
            "identity": [
              {
                "oidc": [
                  {
                    "issuer": "https://oidc.eks.us-east-1.amazonaws.com/id/62AE89267DEAB322E7F39FBE25CE8319"
                  }
                ]
              }
            ],
            "kubernetes_network_config": [
              {
                "elastic_load_balancing": [
                  {
                    "enabled": false
                  }
                ],
                "ip_family": "ipv4",
                "service_ipv4_cidr": "172.20.0.0/16",
                "service_ipv6_cidr": ""
              }
            ],
            "name": "weather-app-eks",
            "outpost_config": [],
            "platform_version": "eks.61",
            "remote_network_config": [],
            "role_arn": "arn:aws:iam::960828421635:role/weather-app-eks-cluster-20260216131840798000000001",
            "status": "ACTIVE",
            "storage_config": [],
            "tags": {
              "terraform-aws-modules": "eks"
            },
            "tags_all": {
              "terraform-aws-modules": "eks"
            },
            "timeouts": {
              "create": null,
              "delete": null,
              "update": null
            },
            "upgrade_policy": [
              {
                "support_type": "EXTENDED"
              }
            ],
            "version": "1.29",
            "vpc_config": [
              {
                "cluster_security_group_id": "sg-0b7819607c52a77d0",
                "endpoint_private_access": true,
                "endpoint_public_access": true,
                "public_access_cidrs": [
                  "0.0.0.0/0"
                ],
                "security_group_ids": [
                  "sg-0657a35eb8bf35947"
                ],
                "subnet_ids": [
                  "subnet-0323792cba24f82a9",
                  "subnet-0704f05d04d0f330a"
                ],
                "vpc_id": "vpc-02ee336af566d61f6"
              }
            ],
            "zonal_shift_config": []
          },
          "sensitive_attributes": [],
          "identity_schema_version": 0,
          "private": "eyJlMmJmYjczMC1lY2FhLTExZTYtOGY4OC0zNDM2M2JjN2M0YzAiOnsiY3JlYXRlIjoxODAwMDAwMDAwMDAwLCJkZWxldGUiOjkwMDAwMDAwMDAwMCwidXBkYXRlIjozNjAwMDAwMDAwMDAwfSwic2NoZW1hX3ZlcnNpb24iOiIxIn0=",
          "dependencies": [
            "module.infrastructure.module.eks.module.eks.aws_cloudwatch_log_group.this",
            "module.infrastructure.module.eks.module.eks.aws_iam_policy.cni_ipv6_policy",
            "module.infrastructure.module.eks.module.eks.aws_iam_role.eks_auto",
            "module.infrastructure.module.eks.module.eks.aws_iam_role.this",
            "module.infrastructure.module.eks.module.eks.aws_iam_role_policy_attachment.this",
            "module.infrastructure.module.eks.module.eks.aws_security_group.cluster",
            "module.infrastructure.module.eks.module.eks.aws_security_group.node",
            "module.infrastructure.module.eks.module.eks.aws_security_group_rule.cluster",
            "module.infrastructure.module.eks.module.eks.aws_security_group_rule.node",
            "module.infrastructure.module.eks.module.eks.data.aws_caller_identity.current",
            "module.infrastructure.module.eks.module.eks.data.aws_iam_policy_document.assume_role_policy",
            "module.infrastructure.module.eks.module.eks.data.aws_iam_policy_document.cni_ipv6_policy",
            "module.infrastructure.module.eks.module.eks.data.aws_iam_policy_document.node_assume_role_policy",
            "module.infrastructure.module.eks.module.eks.data.aws_iam_session_context.current",
            "module.infrastructure.module.eks.module.eks.data.aws_partition.current",
            "module.infrastructure.module.eks.module.eks.module.kms.aws_kms_external_key.this",
            "module.infrastructure.module.eks.module.eks.module.kms.aws_kms_key.this",
            "module.infrastructure.module.eks.module.eks.module.kms.aws_kms_replica_external_key.this",
            "module.infrastructure.module.eks.module.eks.module.kms.aws_kms_replica_key.this",
            "module.infrastructure.module.eks.module.eks.module.kms.data.aws_caller_identity.current",
            "module.infrastructure.module.eks.module.eks.module.kms.data.aws_iam_policy_document.this",
            "module.infrastructure.module.eks.module.eks.module.kms.data.aws_partition.current",
            "module.infrastructure.module.security_groups.aws_security_group.alb_sg",
            "module.infrastructure.module.vpc.aws_subnet.private",
            "module.infrastructure.module.vpc.aws_vpc.this",
            "module.infrastructure.module.vpc.data.aws_availability_zones.available"
          ],
          "create_before_destroy": true
        }
      ]
    },
    {
      "module": "module.infrastructure.module.eks.module.eks",
      "mode": "managed",
      "type": "aws_iam_openid_connect_provider",
      "name": "oidc_provider",
      "provider": "provider[\"registry.terraform.io/hashicorp/aws\"]",
      "instances": [
        {
          "index_key": 0,
          "schema_version": 0,
          "attributes": {
            "arn": "arn:aws:iam::960828421635:oidc-provider/oidc.eks.us-east-1.amazonaws.com/id/62AE89267DEAB322E7F39FBE25CE8319",
            "client_id_list": [
              "sts.amazonaws.com"
            ],
            "id": "arn:aws:iam::960828421635:oidc-provider/oidc.eks.us-east-1.amazonaws.com/id/62AE89267DEAB322E7F39FBE25CE8319",
            "tags": {
              "Name": "weather-app-eks-eks-irsa"
            },
            "tags_all": {
              "Name": "weather-app-eks-eks-irsa"
            },
            "thumbprint_list": [
              "06b25927c42a721631c1efd9431e648fa62e1e39"
            ],
            "url": "oidc.eks.us-east-1.amazonaws.com/id/62AE89267DEAB322E7F39FBE25CE8319"
          },
          "sensitive_attributes": [],
          "identity_schema_version": 0,
          "private": "bnVsbA==",
          "dependencies": [
            "module.infrastructure.module.eks.module.eks.aws_cloudwatch_log_group.this",
            "module.infrastructure.module.eks.module.eks.aws_eks_cluster.this",
            "module.infrastructure.module.eks.module.eks.aws_iam_policy.cni_ipv6_policy",
            "module.infrastructure.module.eks.module.eks.aws_iam_role.eks_auto",
            "module.infrastructure.module.eks.module.eks.aws_iam_role.this",
            "module.infrastructure.module.eks.module.eks.aws_iam_role_policy_attachment.this",
            "module.infrastructure.module.eks.module.eks.aws_security_group.cluster",
            "module.infrastructure.module.eks.module.eks.aws_security_group.node",
            "module.infrastructure.module.eks.module.eks.aws_security_group_rule.cluster",
            "module.infrastructure.module.eks.module.eks.aws_security_group_rule.node",
            "module.infrastructure.module.eks.module.eks.data.aws_caller_identity.current",
            "module.infrastructure.module.eks.module.eks.data.aws_iam_policy_document.assume_role_policy",
            "module.infrastructure.module.eks.module.eks.data.aws_iam_policy_document.cni_ipv6_policy",
            "module.infrastructure.module.eks.module.eks.data.aws_iam_policy_document.node_assume_role_policy",
            "module.infrastructure.module.eks.module.eks.data.aws_iam_session_context.current",
            "module.infrastructure.module.eks.module.eks.data.aws_partition.current",
            "module.infrastructure.module.eks.module.eks.data.tls_certificate.this",
            "module.infrastructure.module.eks.module.eks.module.kms.aws_kms_external_key.this",
            "module.infrastructure.module.eks.module.eks.module.kms.aws_kms_key.this",
            "module.infrastructure.module.eks.module.eks.module.kms.aws_kms_replica_external_key.this",
            "module.infrastructure.module.eks.module.eks.module.kms.aws_kms_replica_key.this",
            "module.infrastructure.module.eks.module.eks.module.kms.data.aws_caller_identity.current",
            "module.infrastructure.module.eks.module.eks.module.kms.data.aws_iam_policy_document.this",
            "module.infrastructure.module.eks.module.eks.module.kms.data.aws_partition.current",
            "module.infrastructure.module.security_groups.aws_security_group.alb_sg",
            "module.infrastructure.module.vpc.aws_subnet.private",
            "module.infrastructure.module.vpc.aws_vpc.this",
            "module.infrastructure.module.vpc.data.aws_availability_zones.available"
          ]
        }
      ]
    },
    {
      "module": "module.infrastructure.module.eks.module.eks",
      "mode": "managed",
      "type": "aws_iam_policy",
      "name": "custom",
      "provider": "provider[\"registry.terraform.io/hashicorp/aws\"]",
      "instances": [
        {
          "index_key": 0,
          "schema_version": 0,
          "attributes": {
            "arn": "arn:aws:iam::960828421635:policy/weather-app-eks-cluster-20260216131840798300000002",
            "attachment_count": 1,
            "description": "",
            "id": "arn:aws:iam::960828421635:policy/weather-app-eks-cluster-20260216131840798300000002",
            "name": "weather-app-eks-cluster-20260216131840798300000002",
            "name_prefix": "weather-app-eks-cluster-",
            "path": "/",
            "policy": "{\"Statement\":[{\"Action\":[\"ec2:RunInstances\",\"ec2:CreateLaunchTemplate\",\"ec2:CreateFleet\"],\"Condition\":{\"StringEquals\":{\"aws:RequestTag/eks:eks-cluster-name\":\"${aws:PrincipalTag/eks:eks-cluster-name}\"},\"StringLike\":{\"aws:RequestTag/eks:kubernetes-node-class-name\":\"*\",\"aws:RequestTag/eks:kubernetes-node-pool-name\":\"*\"}},\"Effect\":\"Allow\",\"Resource\":\"*\",\"Sid\":\"Compute\"},{\"Action\":[\"ec2:CreateVolume\",\"ec2:CreateSnapshot\"],\"Condition\":{\"StringEquals\":{\"aws:RequestTag/eks:eks-cluster-name\":\"${aws:PrincipalTag/eks:eks-cluster-name}\"}},\"Effect\":\"Allow\",\"Resource\":[\"arn:aws:ec2:*:*:volume/*\",\"arn:aws:ec2:*:*:snapshot/*\"],\"Sid\":\"Storage\"},{\"Action\":\"ec2:CreateNetworkInterface\",\"Condition\":{\"StringEquals\":{\"aws:RequestTag/eks:eks-cluster-name\":\"${aws:PrincipalTag/eks:eks-cluster-name}\",\"aws:RequestTag/eks:kubernetes-cni-node-name\":\"*\"}},\"Effect\":\"Allow\",\"Resource\":\"*\",\"Sid\":\"Networking\"},{\"Action\":[\"elasticloadbalancing:CreateTargetGroup\",\"elasticloadbalancing:CreateRule\",\"elasticloadbalancing:CreateLoadBalancer\",\"elasticloadbalancing:CreateListener\",\"ec2:CreateSecurityGroup\"],\"Condition\":{\"StringEquals\":{\"aws:RequestTag/eks:eks-cluster-name\":\"${aws:PrincipalTag/eks:eks-cluster-name}\"}},\"Effect\":\"Allow\",\"Resource\":\"*\",\"Sid\":\"LoadBalancer\"},{\"Action\":\"shield:CreateProtection\",\"Condition\":{\"StringEquals\":{\"aws:RequestTag/eks:eks-cluster-name\":\"${aws:PrincipalTag/eks:eks-cluster-name}\"}},\"Effect\":\"Allow\",\"Resource\":\"*\",\"Sid\":\"ShieldProtection\"},{\"Action\":\"shield:TagResource\",\"Condition\":{\"StringEquals\":{\"aws:RequestTag/eks:eks-cluster-name\":\"${aws:PrincipalTag/eks:eks-cluster-name}\"}},\"Effect\":\"Allow\",\"Resource\":\"arn:aws:shield::*:protection/*\",\"Sid\":\"ShieldTagResource\"}],\"Version\":\"2012-10-17\"}",
            "policy_id": "ANPA57NOWGYB5O5SQVGOQ",
            "tags": {},
            "tags_all": {}
          },
          "sensitive_attributes": [],
          "identity_schema_version": 0,
          "private": "bnVsbA==",
          "dependencies": [
            "module.infrastructure.module.eks.module.eks.data.aws_iam_policy_document.custom",
            "module.infrastructure.module.eks.module.eks.data.aws_partition.current"
          ]
        }
      ]
    },
    {
      "module": "module.infrastructure.module.eks.module.eks",
      "mode": "managed",
      "type": "aws_iam_role",
      "name": "this",
      "provider": "provider[\"registry.terraform.io/hashicorp/aws\"]",
      "instances": [
        {
          "index_key": 0,
          "schema_version": 0,
          "attributes": {
            "arn": "arn:aws:iam::960828421635:role/weather-app-eks-cluster-20260216131840798000000001",
            "assume_role_policy": "{\"Statement\":[{\"Action\":[\"sts:TagSession\",\"sts:AssumeRole\"],\"Effect\":\"Allow\",\"Principal\":{\"Service\":\"eks.amazonaws.com\"},\"Sid\":\"EKSClusterAssumeRole\"}],\"Version\":\"2012-10-17\"}",
            "create_date": "2026-02-16T13:18:41Z",
            "description": "",
            "force_detach_policies": true,
            "id": "weather-app-eks-cluster-20260216131840798000000001",
            "inline_policy": [],
            "managed_policy_arns": [
              "arn:aws:iam::960828421635:policy/weather-app-eks-cluster-20260216131840798300000002",
              "arn:aws:iam::aws:policy/AmazonEKSClusterPolicy",
              "arn:aws:iam::aws:policy/AmazonEKSVPCResourceController"
            ],
            "max_session_duration": 3600,
            "name": "weather-app-eks-cluster-20260216131840798000000001",
            "name_prefix": "weather-app-eks-cluster-",
            "path": "/",
            "permissions_boundary": "",
            "tags": {},
            "tags_all": {},
            "unique_id": "AROA57NOWGYB273NS4XH7"
          },
          "sensitive_attributes": [],
          "identity_schema_version": 0,
          "private": "bnVsbA==",
          "dependencies": [
            "module.infrastructure.module.eks.module.eks.data.aws_iam_policy_document.assume_role_policy"
          ],
          "create_before_destroy": true
        }
      ]
    },
    {
      "module": "module.infrastructure.module.eks.module.eks",
      "mode": "managed",
      "type": "aws_iam_role_policy_attachment",
      "name": "custom",
      "provider": "provider[\"registry.terraform.io/hashicorp/aws\"]",
      "instances": [
        {
          "index_key": 0,
          "schema_version": 0,
          "attributes": {
            "id": "weather-app-eks-cluster-20260216131840798000000001-2026021613184483970000000b",
            "policy_arn": "arn:aws:iam::960828421635:policy/weather-app-eks-cluster-20260216131840798300000002",
            "role": "weather-app-eks-cluster-20260216131840798000000001"
          },
          "sensitive_attributes": [],
          "identity_schema_version": 0,
          "private": "bnVsbA==",
          "dependencies": [
            "module.infrastructure.module.eks.module.eks.aws_iam_policy.custom",
            "module.infrastructure.module.eks.module.eks.aws_iam_role.this",
            "module.infrastructure.module.eks.module.eks.data.aws_iam_policy_document.assume_role_policy",
            "module.infrastructure.module.eks.module.eks.data.aws_iam_policy_document.custom",
            "module.infrastructure.module.eks.module.eks.data.aws_partition.current"
          ]
        }
      ]
    },
    {
      "module": "module.infrastructure.module.eks.module.eks",
      "mode": "managed",
      "type": "aws_iam_role_policy_attachment",
      "name": "this",
      "provider": "provider[\"registry.terraform.io/hashicorp/aws\"]",
      "instances": [
        {
          "index_key": "AmazonEKSClusterPolicy",
          "schema_version": 0,
          "attributes": {
            "id": "weather-app-eks-cluster-20260216131840798000000001-2026021613184483460000000a",
            "policy_arn": "arn:aws:iam::aws:policy/AmazonEKSClusterPolicy",
            "role": "weather-app-eks-cluster-20260216131840798000000001"
          },
          "sensitive_attributes": [],
          "identity_schema_version": 0,
          "private": "bnVsbA==",
          "dependencies": [
            "module.infrastructure.module.eks.module.eks.aws_iam_role.this",
            "module.infrastructure.module.eks.module.eks.data.aws_iam_policy_document.assume_role_policy",
            "module.infrastructure.module.eks.module.eks.data.aws_partition.current"
          ],
          "create_before_destroy": true
        },
        {
          "index_key": "AmazonEKSVPCResourceController",
          "schema_version": 0,
          "attributes": {
            "id": "weather-app-eks-cluster-20260216131840798000000001-2026021613184494510000000c",
            "policy_arn": "arn:aws:iam::aws:policy/AmazonEKSVPCResourceController",
            "role": "weather-app-eks-cluster-20260216131840798000000001"
          },
          "sensitive_attributes": [],
          "identity_schema_version": 0,
          "private": "bnVsbA==",
          "dependencies": [
            "module.infrastructure.module.eks.module.eks.aws_iam_role.this",
            "module.infrastructure.module.eks.module.eks.data.aws_iam_policy_document.assume_role_policy",
            "module.infrastructure.module.eks.module.eks.data.aws_partition.current"
          ],
          "create_before_destroy": true
        }
      ]
    },
    {
      "module": "module.infrastructure.module.eks.module.eks",
      "mode": "managed",
      "type": "aws_security_group",
      "name": "cluster",
      "provider": "provider[\"registry.terraform.io/hashicorp/aws\"]",
      "instances": [
        {
          "index_key": 0,
          "schema_version": 1,
          "attributes": {
            "arn": "arn:aws:ec2:us-east-1:960828421635:security-group/sg-0657a35eb8bf35947",
            "description": "EKS cluster security group",
            "egress": [],
            "id": "sg-0657a35eb8bf35947",
            "ingress": [
              {
                "cidr_blocks": [],
                "description": "Node groups to cluster API",
                "from_port": 443,
                "ipv6_cidr_blocks": [],
                "prefix_list_ids": [],
                "protocol": "tcp",
                "security_groups": [
                  "sg-0549cec2273364ba3"
                ],
                "self": false,
                "to_port": 443
              }
            ],
            "name": "weather-app-eks-cluster-20260216131843863500000008",
            "name_prefix": "weather-app-eks-cluster-",
            "owner_id": "960828421635",
            "revoke_rules_on_delete": false,
            "tags": {
              "Name": "weather-app-eks-cluster"
            },
            "tags_all": {
              "Name": "weather-app-eks-cluster"
            },
            "timeouts": null,
            "vpc_id": "vpc-02ee336af566d61f6"
          },
          "sensitive_attributes": [],
          "identity_schema_version": 0,
          "private": "eyJlMmJmYjczMC1lY2FhLTExZTYtOGY4OC0zNDM2M2JjN2M0YzAiOnsiY3JlYXRlIjo2MDAwMDAwMDAwMDAsImRlbGV0ZSI6OTAwMDAwMDAwMDAwfSwic2NoZW1hX3ZlcnNpb24iOiIxIn0=",
          "dependencies": [
            "module.infrastructure.module.vpc.aws_vpc.this"
          ],
          "create_before_destroy": true
        }
      ]
    },
    {
      "module": "module.infrastructure.module.eks.module.eks",
      "mode": "managed",
      "type": "aws_security_group",
      "name": "node",
      "provider": "provider[\"registry.terraform.io/hashicorp/aws\"]",
      "instances": [
        {
          "index_key": 0,
          "schema_version": 1,
          "attributes": {
            "arn": "arn:aws:ec2:us-east-1:960828421635:security-group/sg-0549cec2273364ba3",
            "description": "EKS node shared security group",
            "egress": [
              {
                "cidr_blocks": [
                  "0.0.0.0/0"
                ],
                "description": "Allow all egress",
                "from_port": 0,
                "ipv6_cidr_blocks": [],
                "prefix_list_ids": [],
                "protocol": "-1",
                "security_groups": [],
                "self": false,
                "to_port": 0
              }
            ],
            "id": "sg-0549cec2273364ba3",
            "ingress": [
              {
                "cidr_blocks": [],
                "description": "Allow ALB traffic to weather app NodePort",
                "from_port": 32300,
                "ipv6_cidr_blocks": [],
                "prefix_list_ids": [],
                "protocol": "tcp",
                "security_groups": [
                  "sg-04ee603842f3d2771"
                ],
                "self": false,
                "to_port": 32300
              },
              {
                "cidr_blocks": [],
                "description": "Cluster API to node 4443/tcp webhook",
                "from_port": 4443,
                "ipv6_cidr_blocks": [],
                "prefix_list_ids": [],
                "protocol": "tcp",
                "security_groups": [
                  "sg-0657a35eb8bf35947"
                ],
                "self": false,
                "to_port": 4443
              },
              {
                "cidr_blocks": [],
                "description": "Cluster API to node 6443/tcp webhook",
                "from_port": 6443,
                "ipv6_cidr_blocks": [],
                "prefix_list_ids": [],
                "protocol": "tcp",
                "security_groups": [
                  "sg-0657a35eb8bf35947"
                ],
                "self": false,
                "to_port": 6443
              },
              {
                "cidr_blocks": [],
                "description": "Cluster API to node 8443/tcp webhook",
                "from_port": 8443,
                "ipv6_cidr_blocks": [],
                "prefix_list_ids": [],
                "protocol": "tcp",
                "security_groups": [
                  "sg-0657a35eb8bf35947"
                ],
                "self": false,
                "to_port": 8443
              },
              {
                "cidr_blocks": [],
                "description": "Cluster API to node 9443/tcp webhook",
                "from_port": 9443,
                "ipv6_cidr_blocks": [],
                "prefix_list_ids": [],
                "protocol": "tcp",
                "security_groups": [
                  "sg-0657a35eb8bf35947"
                ],
                "self": false,
                "to_port": 9443
              },
              {
                "cidr_blocks": [],
                "description": "Cluster API to node groups",
                "from_port": 443,
                "ipv6_cidr_blocks": [],
                "prefix_list_ids": [],
                "protocol": "tcp",
                "security_groups": [
                  "sg-0657a35eb8bf35947"
                ],
                "self": false,
                "to_port": 443
              },
              {
                "cidr_blocks": [],
                "description": "Cluster API to node kubelets",
                "from_port": 10250,
                "ipv6_cidr_blocks": [],
                "prefix_list_ids": [],
                "protocol": "tcp",
                "security_groups": [
                  "sg-0657a35eb8bf35947"
                ],
                "self": false,
                "to_port": 10250
              },
              {
                "cidr_blocks": [],
                "description": "Node to node CoreDNS UDP",
                "from_port": 53,
                "ipv6_cidr_blocks": [],
                "prefix_list_ids": [],
                "protocol": "udp",
                "security_groups": [],
                "self": true,
                "to_port": 53
              },
              {
                "cidr_blocks": [],
                "description": "Node to node CoreDNS",
                "from_port": 53,
                "ipv6_cidr_blocks": [],
                "prefix_list_ids": [],
                "protocol": "tcp",
                "security_groups": [],
                "self": true,
                "to_port": 53
              },
              {
                "cidr_blocks": [],
                "description": "Node to node ingress on ephemeral ports",
                "from_port": 1025,
                "ipv6_cidr_blocks": [],
                "prefix_list_ids": [],
                "protocol": "tcp",
                "security_groups": [],
                "self": true,
                "to_port": 65535
              },
              {
                "cidr_blocks": [],
                "description": "elbv2.k8s.aws/targetGroupBinding=shared",
                "from_port": 32300,
                "ipv6_cidr_blocks": [],
                "prefix_list_ids": [],
                "protocol": "tcp",
                "security_groups": [
                  "sg-0123e88868ecdfcfe"
                ],
                "self": false,
                "to_port": 32400
              }
            ],
            "name": "weather-app-eks-node-20260216131843567700000006",
            "name_prefix": "weather-app-eks-node-",
            "owner_id": "960828421635",
            "revoke_rules_on_delete": false,
            "tags": {
              "Name": "weather-app-eks-node",
              "kubernetes.io/cluster/weather-app-eks": "owned"
            },
            "tags_all": {
              "Name": "weather-app-eks-node",
              "kubernetes.io/cluster/weather-app-eks": "owned"
            },
            "timeouts": null,
            "vpc_id": "vpc-02ee336af566d61f6"
          },
          "sensitive_attributes": [],
          "identity_schema_version": 0,
          "private": "eyJlMmJmYjczMC1lY2FhLTExZTYtOGY4OC0zNDM2M2JjN2M0YzAiOnsiY3JlYXRlIjo2MDAwMDAwMDAwMDAsImRlbGV0ZSI6OTAwMDAwMDAwMDAwfSwic2NoZW1hX3ZlcnNpb24iOiIxIn0=",
          "dependencies": [
            "module.infrastructure.module.vpc.aws_vpc.this"
          ],
          "create_before_destroy": true
        }
      ]
    },
    {
      "module": "module.infrastructure.module.eks.module.eks",
      "mode": "managed",
      "type": "aws_security_group_rule",
      "name": "cluster",
      "provider": "provider[\"registry.terraform.io/hashicorp/aws\"]",
      "instances": [
        {
          "index_key": "ingress_nodes_443",
          "schema_version": 2,
          "attributes": {
            "cidr_blocks": null,
            "description": "Node groups to cluster API",
            "from_port": 443,
            "id": "sgrule-1454454414",
            "ipv6_cidr_blocks": null,
            "prefix_list_ids": null,
            "protocol": "tcp",
            "security_group_id": "sg-0657a35eb8bf35947",
            "security_group_rule_id": "sgr-0e2ff33494d5afbde",
            "self": false,
            "source_security_group_id": "sg-0549cec2273364ba3",
            "timeouts": null,
            "to_port": 443,
            "type": "ingress"
          },
          "sensitive_attributes": [],
          "identity_schema_version": 0,
          "private": "eyJlMmJmYjczMC1lY2FhLTExZTYtOGY4OC0zNDM2M2JjN2M0YzAiOnsiY3JlYXRlIjozMDAwMDAwMDAwMDB9LCJzY2hlbWFfdmVyc2lvbiI6IjIifQ==",
          "dependencies": [
            "module.infrastructure.module.eks.module.eks.aws_security_group.cluster",
            "module.infrastructure.module.eks.module.eks.aws_security_group.node",
            "module.infrastructure.module.vpc.aws_vpc.this"
          ],
          "create_before_destroy": true
        }
      ]
    },
    {
      "module": "module.infrastructure.module.eks.module.eks",
      "mode": "managed",
      "type": "aws_security_group_rule",
      "name": "node",
      "provider": "provider[\"registry.terraform.io/hashicorp/aws\"]",
      "instances": [
        {
          "index_key": "egress_all",
          "schema_version": 2,
          "attributes": {
            "cidr_blocks": [
              "0.0.0.0/0"
            ],
            "description": "Allow all egress",
            "from_port": 0,
            "id": "sgrule-3776416370",
            "ipv6_cidr_blocks": null,
            "prefix_list_ids": [],
            "protocol": "-1",
            "security_group_id": "sg-0549cec2273364ba3",
            "security_group_rule_id": "sgr-0463017691abbda7e",
            "self": false,
            "source_security_group_id": null,
            "timeouts": null,
            "to_port": 0,
            "type": "egress"
          },
          "sensitive_attributes": [],
          "identity_schema_version": 0,
          "private": "eyJlMmJmYjczMC1lY2FhLTExZTYtOGY4OC0zNDM2M2JjN2M0YzAiOnsiY3JlYXRlIjozMDAwMDAwMDAwMDB9LCJzY2hlbWFfdmVyc2lvbiI6IjIifQ==",
          "dependencies": [
            "module.infrastructure.module.eks.module.eks.aws_security_group.cluster",
            "module.infrastructure.module.eks.module.eks.aws_security_group.node",
            "module.infrastructure.module.security_groups.aws_security_group.alb_sg",
            "module.infrastructure.module.vpc.aws_vpc.this"
          ],
          "create_before_destroy": true
        },
        {
          "index_key": "ingress_cluster_443",
          "schema_version": 2,
          "attributes": {
            "cidr_blocks": null,
            "description": "Cluster API to node groups",
            "from_port": 443,
            "id": "sgrule-2551083262",
            "ipv6_cidr_blocks": null,
            "prefix_list_ids": [],
            "protocol": "tcp",
            "security_group_id": "sg-0549cec2273364ba3",
            "security_group_rule_id": "sgr-044145f106b3e7a51",
            "self": false,
            "source_security_group_id": "sg-0657a35eb8bf35947",
            "timeouts": null,
            "to_port": 443,
            "type": "ingress"
          },
          "sensitive_attributes": [],
          "identity_schema_version": 0,
          "private": "eyJlMmJmYjczMC1lY2FhLTExZTYtOGY4OC0zNDM2M2JjN2M0YzAiOnsiY3JlYXRlIjozMDAwMDAwMDAwMDB9LCJzY2hlbWFfdmVyc2lvbiI6IjIifQ==",
          "dependencies": [
            "module.infrastructure.module.eks.module.eks.aws_security_group.cluster",
            "module.infrastructure.module.eks.module.eks.aws_security_group.node",
            "module.infrastructure.module.security_groups.aws_security_group.alb_sg",
            "module.infrastructure.module.vpc.aws_vpc.this"
          ],
          "create_before_destroy": true
        },
        {
          "index_key": "ingress_cluster_4443_webhook",
          "schema_version": 2,
          "attributes": {
            "cidr_blocks": null,
            "description": "Cluster API to node 4443/tcp webhook",
            "from_port": 4443,
            "id": "sgrule-1497827303",
            "ipv6_cidr_blocks": null,
            "prefix_list_ids": [],
            "protocol": "tcp",
            "security_group_id": "sg-0549cec2273364ba3",
            "security_group_rule_id": "sgr-03510c79a59d2753c",
            "self": false,
            "source_security_group_id": "sg-0657a35eb8bf35947",
            "timeouts": null,
            "to_port": 4443,
            "type": "ingress"
          },
          "sensitive_attributes": [],
          "identity_schema_version": 0,
          "private": "eyJlMmJmYjczMC1lY2FhLTExZTYtOGY4OC0zNDM2M2JjN2M0YzAiOnsiY3JlYXRlIjozMDAwMDAwMDAwMDB9LCJzY2hlbWFfdmVyc2lvbiI6IjIifQ==",
          "dependencies": [
            "module.infrastructure.module.eks.module.eks.aws_security_group.cluster",
            "module.infrastructure.module.eks.module.eks.aws_security_group.node",
            "module.infrastructure.module.security_groups.aws_security_group.alb_sg",
            "module.infrastructure.module.vpc.aws_vpc.this"
          ],
          "create_before_destroy": true
        },
        {
          "index_key": "ingress_cluster_6443_webhook",
          "schema_version": 2,
          "attributes": {
            "cidr_blocks": null,
            "description": "Cluster API to node 6443/tcp webhook",
            "from_port": 6443,
            "id": "sgrule-2416271473",
            "ipv6_cidr_blocks": null,
            "prefix_list_ids": [],
            "protocol": "tcp",
            "security_group_id": "sg-0549cec2273364ba3",
            "security_group_rule_id": "sgr-0acb063d9362099b6",
            "self": false,
            "source_security_group_id": "sg-0657a35eb8bf35947",
            "timeouts": null,
            "to_port": 6443,
            "type": "ingress"
          },
          "sensitive_attributes": [],
          "identity_schema_version": 0,
          "private": "eyJlMmJmYjczMC1lY2FhLTExZTYtOGY4OC0zNDM2M2JjN2M0YzAiOnsiY3JlYXRlIjozMDAwMDAwMDAwMDB9LCJzY2hlbWFfdmVyc2lvbiI6IjIifQ==",
          "dependencies": [
            "module.infrastructure.module.eks.module.eks.aws_security_group.cluster",
            "module.infrastructure.module.eks.module.eks.aws_security_group.node",
            "module.infrastructure.module.security_groups.aws_security_group.alb_sg",
            "module.infrastructure.module.vpc.aws_vpc.this"
          ],
          "create_before_destroy": true
        },
        {
          "index_key": "ingress_cluster_8443_webhook",
          "schema_version": 2,
          "attributes": {
            "cidr_blocks": null,
            "description": "Cluster API to node 8443/tcp webhook",
            "from_port": 8443,
            "id": "sgrule-2203671632",
            "ipv6_cidr_blocks": null,
            "prefix_list_ids": [],
            "protocol": "tcp",
            "security_group_id": "sg-0549cec2273364ba3",
            "security_group_rule_id": "sgr-09e378cd447993ba0",
            "self": false,
            "source_security_group_id": "sg-0657a35eb8bf35947",
            "timeouts": null,
            "to_port": 8443,
            "type": "ingress"
          },
          "sensitive_attributes": [],
          "identity_schema_version": 0,
          "private": "eyJlMmJmYjczMC1lY2FhLTExZTYtOGY4OC0zNDM2M2JjN2M0YzAiOnsiY3JlYXRlIjozMDAwMDAwMDAwMDB9LCJzY2hlbWFfdmVyc2lvbiI6IjIifQ==",
          "dependencies": [
            "module.infrastructure.module.eks.module.eks.aws_security_group.cluster",
            "module.infrastructure.module.eks.module.eks.aws_security_group.node",
            "module.infrastructure.module.security_groups.aws_security_group.alb_sg",
            "module.infrastructure.module.vpc.aws_vpc.this"
          ],
          "create_before_destroy": true
        },
        {
          "index_key": "ingress_cluster_9443_webhook",
          "schema_version": 2,
          "attributes": {
            "cidr_blocks": null,
            "description": "Cluster API to node 9443/tcp webhook",
            "from_port": 9443,
            "id": "sgrule-3891818395",
            "ipv6_cidr_blocks": null,
            "prefix_list_ids": [],
            "protocol": "tcp",
            "security_group_id": "sg-0549cec2273364ba3",
            "security_group_rule_id": "sgr-0f5cd54a7cdca048e",
            "self": false,
            "source_security_group_id": "sg-0657a35eb8bf35947",
            "timeouts": null,
            "to_port": 9443,
            "type": "ingress"
          },
          "sensitive_attributes": [],
          "identity_schema_version": 0,
          "private": "eyJlMmJmYjczMC1lY2FhLTExZTYtOGY4OC0zNDM2M2JjN2M0YzAiOnsiY3JlYXRlIjozMDAwMDAwMDAwMDB9LCJzY2hlbWFfdmVyc2lvbiI6IjIifQ==",
          "dependencies": [
            "module.infrastructure.module.eks.module.eks.aws_security_group.cluster",
            "module.infrastructure.module.eks.module.eks.aws_security_group.node",
            "module.infrastructure.module.security_groups.aws_security_group.alb_sg",
            "module.infrastructure.module.vpc.aws_vpc.this"
          ],
          "create_before_destroy": true
        },
        {
          "index_key": "ingress_cluster_kubelet",
          "schema_version": 2,
          "attributes": {
            "cidr_blocks": null,
            "description": "Cluster API to node kubelets",
            "from_port": 10250,
            "id": "sgrule-3074448551",
            "ipv6_cidr_blocks": null,
            "prefix_list_ids": [],
            "protocol": "tcp",
            "security_group_id": "sg-0549cec2273364ba3",
            "security_group_rule_id": "sgr-040cdc30f0a59ae8c",
            "self": false,
            "source_security_group_id": "sg-0657a35eb8bf35947",
            "timeouts": null,
            "to_port": 10250,
            "type": "ingress"
          },
          "sensitive_attributes": [],
          "identity_schema_version": 0,
          "private": "eyJlMmJmYjczMC1lY2FhLTExZTYtOGY4OC0zNDM2M2JjN2M0YzAiOnsiY3JlYXRlIjozMDAwMDAwMDAwMDB9LCJzY2hlbWFfdmVyc2lvbiI6IjIifQ==",
          "dependencies": [
            "module.infrastructure.module.eks.module.eks.aws_security_group.cluster",
            "module.infrastructure.module.eks.module.eks.aws_security_group.node",
            "module.infrastructure.module.security_groups.aws_security_group.alb_sg",
            "module.infrastructure.module.vpc.aws_vpc.this"
          ],
          "create_before_destroy": true
        },
        {
          "index_key": "ingress_nodes_ephemeral",
          "schema_version": 2,
          "attributes": {
            "cidr_blocks": null,
            "description": "Node to node ingress on ephemeral ports",
            "from_port": 1025,
            "id": "sgrule-1490911005",
            "ipv6_cidr_blocks": null,
            "prefix_list_ids": [],
            "protocol": "tcp",
            "security_group_id": "sg-0549cec2273364ba3",
            "security_group_rule_id": "sgr-03bea561d94bd9fa0",
            "self": true,
            "source_security_group_id": null,
            "timeouts": null,
            "to_port": 65535,
            "type": "ingress"
          },
          "sensitive_attributes": [],
          "identity_schema_version": 0,
          "private": "eyJlMmJmYjczMC1lY2FhLTExZTYtOGY4OC0zNDM2M2JjN2M0YzAiOnsiY3JlYXRlIjozMDAwMDAwMDAwMDB9LCJzY2hlbWFfdmVyc2lvbiI6IjIifQ==",
          "dependencies": [
            "module.infrastructure.module.eks.module.eks.aws_security_group.cluster",
            "module.infrastructure.module.eks.module.eks.aws_security_group.node",
            "module.infrastructure.module.security_groups.aws_security_group.alb_sg",
            "module.infrastructure.module.vpc.aws_vpc.this"
          ],
          "create_before_destroy": true
        },
        {
          "index_key": "ingress_self_coredns_tcp",
          "schema_version": 2,
          "attributes": {
            "cidr_blocks": null,
            "description": "Node to node CoreDNS",
            "from_port": 53,
            "id": "sgrule-1847443384",
            "ipv6_cidr_blocks": null,
            "prefix_list_ids": [],
            "protocol": "tcp",
            "security_group_id": "sg-0549cec2273364ba3",
            "security_group_rule_id": "sgr-00e8cd6eb0415a4e0",
            "self": true,
            "source_security_group_id": null,
            "timeouts": null,
            "to_port": 53,
            "type": "ingress"
          },
          "sensitive_attributes": [],
          "identity_schema_version": 0,
          "private": "eyJlMmJmYjczMC1lY2FhLTExZTYtOGY4OC0zNDM2M2JjN2M0YzAiOnsiY3JlYXRlIjozMDAwMDAwMDAwMDB9LCJzY2hlbWFfdmVyc2lvbiI6IjIifQ==",
          "dependencies": [
            "module.infrastructure.module.eks.module.eks.aws_security_group.cluster",
            "module.infrastructure.module.eks.module.eks.aws_security_group.node",
            "module.infrastructure.module.security_groups.aws_security_group.alb_sg",
            "module.infrastructure.module.vpc.aws_vpc.this"
          ],
          "create_before_destroy": true
        },
        {
          "index_key": "ingress_self_coredns_udp",
          "schema_version": 2,
          "attributes": {
            "cidr_blocks": null,
            "description": "Node to node CoreDNS UDP",
            "from_port": 53,
            "id": "sgrule-3393330263",
            "ipv6_cidr_blocks": null,
            "prefix_list_ids": [],
            "protocol": "udp",
            "security_group_id": "sg-0549cec2273364ba3",
            "security_group_rule_id": "sgr-05af7a5b620a9cd40",
            "self": true,
            "source_security_group_id": null,
            "timeouts": null,
            "to_port": 53,
            "type": "ingress"
          },
          "sensitive_attributes": [],
          "identity_schema_version": 0,
          "private": "eyJlMmJmYjczMC1lY2FhLTExZTYtOGY4OC0zNDM2M2JjN2M0YzAiOnsiY3JlYXRlIjozMDAwMDAwMDAwMDB9LCJzY2hlbWFfdmVyc2lvbiI6IjIifQ==",
          "dependencies": [
            "module.infrastructure.module.eks.module.eks.aws_security_group.cluster",
            "module.infrastructure.module.eks.module.eks.aws_security_group.node",
            "module.infrastructure.module.security_groups.aws_security_group.alb_sg",
            "module.infrastructure.module.vpc.aws_vpc.this"
          ],
          "create_before_destroy": true
        },
        {
          "index_key": "ingress_weather_nodeport_from_alb",
          "schema_version": 2,
          "attributes": {
            "cidr_blocks": null,
            "description": "Allow ALB traffic to weather app NodePort",
            "from_port": 32300,
            "id": "sgrule-4223940302",
            "ipv6_cidr_blocks": null,
            "prefix_list_ids": [],
            "protocol": "tcp",
            "security_group_id": "sg-0549cec2273364ba3",
            "security_group_rule_id": "sgr-0f5199d94eb262bd3",
            "self": false,
            "source_security_group_id": "sg-04ee603842f3d2771",
            "timeouts": null,
            "to_port": 32300,
            "type": "ingress"
          },
          "sensitive_attributes": [],
          "identity_schema_version": 0,
          "private": "eyJlMmJmYjczMC1lY2FhLTExZTYtOGY4OC0zNDM2M2JjN2M0YzAiOnsiY3JlYXRlIjozMDAwMDAwMDAwMDB9LCJzY2hlbWFfdmVyc2lvbiI6IjIifQ==",
          "dependencies": [
            "module.infrastructure.module.eks.module.eks.aws_security_group.cluster",
            "module.infrastructure.module.eks.module.eks.aws_security_group.node",
            "module.infrastructure.module.security_groups.aws_security_group.alb_sg",
            "module.infrastructure.module.vpc.aws_vpc.this"
          ],
          "create_before_destroy": true
        }
      ]
    },
    {
      "module": "module.infrastructure.module.eks.module.eks",
      "mode": "managed",
      "type": "time_sleep",
      "name": "this",
      "provider": "provider[\"registry.terraform.io/hashicorp/time\"]",
      "instances": [
        {
          "index_key": 0,
          "schema_version": 0,
          "attributes": {
            "create_duration": "30s",
            "destroy_duration": null,
            "id": "2026-02-16T13:30:49Z",
            "triggers": {
              "cluster_certificate_authority_data": "LS0tLS1CRUdJTiBDRVJUSUZJQ0FURS0tLS0tCk1JSURCVENDQWUyZ0F3SUJBZ0lJWFIyZXZSamZTSFF3RFFZSktvWklodmNOQVFFTEJRQXdGVEVUTUJFR0ExVUUKQXhNS2EzVmlaWEp1WlhSbGN6QWVGdzB5TmpBeU1UWXhNekl3TlRaYUZ3MHpOakF5TVRReE16STFOVFphTUJVeApFekFSQmdOVkJBTVRDbXQxWW1WeWJtVjBaWE13Z2dFaU1BMEdDU3FHU0liM0RRRUJBUVVBQTRJQkR3QXdnZ0VLCkFvSUJBUUQ1b2d5dlg4SnVzdnI5bmVvcFBwR2RXSGZKQnFBNWUvZy8rOGFpcjYxU0dJcjNDY0tmRGVaMDkrbmUKYzJEcDhDY2xYWjBoc25JSEJPd3NVOWh1K2FVay9DTWNsZDE4OEtOSkJEdVJUelJCSGx5bFQ0eUo3Q0JPVHVvQgo1R1lEbXExVkdTYjQ3R0JuZlhlSG83VWM0WTJFVGl5UTlXNERwdTZnQnBVMFNMSVZTN2p5ZEYwMWR1VlZ4NHdyCkN4aEZJNmlBRW9HR3huME9lcVFoN3BySkhRV2w3VlBETDVBN3NXUmVMNlJpV015VGpnVFVtL1U5T3JoaXovR3UKdVN0RXFBQmlBcjRUeW9NajZyWlIvWDdBRm9ONUIvMXM4NXF0eGZrZkZ4TjIvS1NUQ3hhaEZITTVROEtQNWdsVApUeWdHWVNJV2Q5SDFuZGQ0elJ5Y0phdU9DRmlqQWdNQkFBR2pXVEJYTUE0R0ExVWREd0VCL3dRRUF3SUNwREFQCkJnTlZIUk1CQWY4RUJUQURBUUgvTUIwR0ExVWREZ1FXQkJSNlVSSi9mOEE3MDU3RUN2WVc2RE93QjlZV1NEQVYKQmdOVkhSRUVEakFNZ2dwcmRXSmxjbTVsZEdWek1BMEdDU3FHU0liM0RRRUJDd1VBQTRJQkFRQUR2MVJBMVFTcQp1T29xL0hkYysxSmx0WHRGeEFNbWJIekdwQ0xnM2JqTThhcXEwa0srbEU2QkxkOHFiR3RrakZUenFkaFlla2IxCjZjRlo2ZTZNZ3NRajY3ZXFzd2RiMTBjUUpvNUF4K1A5WVpoZzNnbHNiSzluL1hpUnZZOE5zZGkyZ21xMzUwUDEKZ2p2WFhOb3pSakcyTkN0dFIzUU1GcmtPbDV2cEhhL05nandRakR1c1diTjN3UWsxMHFuazNCeEUwQS8xS1o1ZQpjZjVuOXBmWUdrWVdHMUlza0xoa1hPdzM4RFFNUEJPTXJ3c0ZQREFSOER5UlhLV05tNjBLOFhhQ25CZ1FJRTJkClQ4S0JUanJMaGg2dGJ2dTBSYmxCOWZQSHA4a2JqYTZYUVhNRW82b2hxNlduaXhldHJJaVpqN0U4NDREWjdDcXkKcGkzQTdlRjVLVjZQCi0tLS0tRU5EIENFUlRJRklDQVRFLS0tLS0K",
              "cluster_endpoint": "https://62AE89267DEAB322E7F39FBE25CE8319.gr7.us-east-1.eks.amazonaws.com",
              "cluster_name": "weather-app-eks",
              "cluster_service_cidr": "172.20.0.0/16",
              "cluster_version": "1.29"
            }
          },
          "sensitive_attributes": [],
          "identity_schema_version": 0,
          "dependencies": [
            "module.infrastructure.module.eks.module.eks.aws_cloudwatch_log_group.this",
            "module.infrastructure.module.eks.module.eks.aws_eks_cluster.this",
            "module.infrastructure.module.eks.module.eks.aws_iam_policy.cni_ipv6_policy",
            "module.infrastructure.module.eks.module.eks.aws_iam_role.eks_auto",
            "module.infrastructure.module.eks.module.eks.aws_iam_role.this",
            "module.infrastructure.module.eks.module.eks.aws_iam_role_policy_attachment.this",
            "module.infrastructure.module.eks.module.eks.aws_security_group.cluster",
            "module.infrastructure.module.eks.module.eks.aws_security_group.node",
            "module.infrastructure.module.eks.module.eks.aws_security_group_rule.cluster",
            "module.infrastructure.module.eks.module.eks.aws_security_group_rule.node",
            "module.infrastructure.module.eks.module.eks.data.aws_caller_identity.current",
            "module.infrastructure.module.eks.module.eks.data.aws_iam_policy_document.assume_role_policy",
            "module.infrastructure.module.eks.module.eks.data.aws_iam_policy_document.cni_ipv6_policy",
            "module.infrastructure.module.eks.module.eks.data.aws_iam_policy_document.node_assume_role_policy",
            "module.infrastructure.module.eks.module.eks.data.aws_iam_session_context.current",
            "module.infrastructure.module.eks.module.eks.data.aws_partition.current",
            "module.infrastructure.module.eks.module.eks.module.kms.aws_kms_external_key.this",
            "module.infrastructure.module.eks.module.eks.module.kms.aws_kms_key.this",
            "module.infrastructure.module.eks.module.eks.module.kms.aws_kms_replica_external_key.this",
            "module.infrastructure.module.eks.module.eks.module.kms.aws_kms_replica_key.this",
            "module.infrastructure.module.eks.module.eks.module.kms.data.aws_caller_identity.current",
            "module.infrastructure.module.eks.module.eks.module.kms.data.aws_iam_policy_document.this",
            "module.infrastructure.module.eks.module.eks.module.kms.data.aws_partition.current",
            "module.infrastructure.module.security_groups.aws_security_group.alb_sg",
            "module.infrastructure.module.vpc.aws_subnet.private",
            "module.infrastructure.module.vpc.aws_vpc.this",
            "module.infrastructure.module.vpc.data.aws_availability_zones.available"
          ],
          "create_before_destroy": true
        }
      ]
    },
    {
      "module": "module.infrastructure.module.eks.module.eks.module.eks_managed_node_group[\"default\"]",
      "mode": "data",
      "type": "aws_caller_identity",
      "name": "current",
      "provider": "provider[\"registry.terraform.io/hashicorp/aws\"]",
      "instances": [
        {
          "schema_version": 0,
          "attributes": {
            "account_id": "960828421635",
            "arn": "arn:aws:iam::960828421635:user/cli-omer",
            "id": "960828421635",
            "user_id": "AIDA57NOWGYBT4F67ODZM"
          },
          "sensitive_attributes": [],
          "identity_schema_version": 0
        }
      ]
    },
    {
      "module": "module.infrastructure.module.eks.module.eks.module.eks_managed_node_group[\"default\"]",
      "mode": "data",
      "type": "aws_iam_policy_document",
      "name": "assume_role_policy",
      "provider": "provider[\"registry.terraform.io/hashicorp/aws\"]",
      "instances": [
        {
          "index_key": 0,
          "schema_version": 0,
          "attributes": {
            "id": "2560088296",
            "json": "{\n  \"Version\": \"2012-10-17\",\n  \"Statement\": [\n    {\n      \"Sid\": \"EKSNodeAssumeRole\",\n      \"Effect\": \"Allow\",\n      \"Action\": \"sts:AssumeRole\",\n      \"Principal\": {\n        \"Service\": \"ec2.amazonaws.com\"\n      }\n    }\n  ]\n}",
            "minified_json": "{\"Version\":\"2012-10-17\",\"Statement\":[{\"Sid\":\"EKSNodeAssumeRole\",\"Effect\":\"Allow\",\"Action\":\"sts:AssumeRole\",\"Principal\":{\"Service\":\"ec2.amazonaws.com\"}}]}",
            "override_json": null,
            "override_policy_documents": null,
            "policy_id": null,
            "source_json": null,
            "source_policy_documents": null,
            "statement": [
              {
                "actions": [
                  "sts:AssumeRole"
                ],
                "condition": [],
                "effect": "Allow",
                "not_actions": [],
                "not_principals": [],
                "not_resources": [],
                "principals": [
                  {
                    "identifiers": [
                      "ec2.amazonaws.com"
                    ],
                    "type": "Service"
                  }
                ],
                "resources": [],
                "sid": "EKSNodeAssumeRole"
              }
            ],
            "version": "2012-10-17"
          },
          "sensitive_attributes": [],
          "identity_schema_version": 0
        }
      ]
    },
    {
      "module": "module.infrastructure.module.eks.module.eks.module.eks_managed_node_group[\"default\"]",
      "mode": "data",
      "type": "aws_partition",
      "name": "current",
      "provider": "provider[\"registry.terraform.io/hashicorp/aws\"]",
      "instances": [
        {
          "schema_version": 0,
          "attributes": {
            "dns_suffix": "amazonaws.com",
            "id": "aws",
            "partition": "aws",
            "reverse_dns_prefix": "com.amazonaws"
          },
          "sensitive_attributes": [],
          "identity_schema_version": 0
        }
      ]
    },
    {
      "module": "module.infrastructure.module.eks.module.eks.module.eks_managed_node_group[\"default\"]",
      "mode": "managed",
      "type": "aws_eks_node_group",
      "name": "this",
      "provider": "provider[\"registry.terraform.io/hashicorp/aws\"]",
      "instances": [
        {
          "index_key": 0,
          "schema_version": 0,
          "attributes": {
            "ami_type": "AL2_x86_64",
            "arn": "arn:aws:eks:us-east-1:960828421635:nodegroup/weather-app-eks/default-2026021613305692390000001a/f4ce3352-d148-a606-3332-31f1774b7ebb",
            "capacity_type": "ON_DEMAND",
            "cluster_name": "weather-app-eks",
            "disk_size": 0,
            "force_update_version": null,
            "id": "weather-app-eks:default-2026021613305692390000001a",
            "instance_types": [
              "t3.medium"
            ],
            "labels": {},
            "launch_template": [
              {
                "id": "lt-057c4d7731a17fec0",
                "name": "default-20260216133049784000000018",
                "version": "1"
              }
            ],
            "node_group_name": "default-2026021613305692390000001a",
            "node_group_name_prefix": "default-",
            "node_repair_config": [],
            "node_role_arn": "arn:aws:iam::960828421635:role/default-eks-node-group-20260216131844133800000009",
            "release_version": "1.29.15-20251209",
            "remote_access": [],
            "resources": [
              {
                "autoscaling_groups": [
                  {
                    "name": "eks-default-2026021613305692390000001a-f4ce3352-d148-a606-3332-31f1774b7ebb"
                  }
                ],
                "remote_access_security_group_id": ""
              }
            ],
            "scaling_config": [
              {
                "desired_size": 2,
                "max_size": 2,
                "min_size": 1
              }
            ],
            "status": "ACTIVE",
            "subnet_ids": [
              "subnet-0323792cba24f82a9",
              "subnet-0704f05d04d0f330a"
            ],
            "tags": {
              "Name": "default"
            },
            "tags_all": {
              "Name": "default"
            },
            "taint": [],
            "timeouts": {
              "create": null,
              "delete": null,
              "update": null
            },
            "update_config": [
              {
                "max_unavailable": 0,
                "max_unavailable_percentage": 33
              }
            ],
            "version": "1.29"
          },
          "sensitive_attributes": [],
          "identity_schema_version": 0,
          "private": "eyJlMmJmYjczMC1lY2FhLTExZTYtOGY4OC0zNDM2M2JjN2M0YzAiOnsiY3JlYXRlIjozNjAwMDAwMDAwMDAwLCJkZWxldGUiOjM2MDAwMDAwMDAwMDAsInVwZGF0ZSI6MzYwMDAwMDAwMDAwMH19",
          "dependencies": [
            "module.infrastructure.module.eks.module.eks.aws_cloudwatch_log_group.this",
            "module.infrastructure.module.eks.module.eks.aws_eks_cluster.this",
            "module.infrastructure.module.eks.module.eks.aws_iam_policy.cni_ipv6_policy",
            "module.infrastructure.module.eks.module.eks.aws_iam_role.eks_auto",
            "module.infrastructure.module.eks.module.eks.aws_iam_role.this",
            "module.infrastructure.module.eks.module.eks.aws_iam_role_policy_attachment.this",
            "module.infrastructure.module.eks.module.eks.aws_security_group.cluster",
            "module.infrastructure.module.eks.module.eks.aws_security_group.node",
            "module.infrastructure.module.eks.module.eks.aws_security_group_rule.cluster",
            "module.infrastructure.module.eks.module.eks.aws_security_group_rule.node",
            "module.infrastructure.module.eks.module.eks.data.aws_caller_identity.current",
            "module.infrastructure.module.eks.module.eks.data.aws_iam_policy_document.assume_role_policy",
            "module.infrastructure.module.eks.module.eks.data.aws_iam_policy_document.cni_ipv6_policy",
            "module.infrastructure.module.eks.module.eks.data.aws_iam_policy_document.node_assume_role_policy",
            "module.infrastructure.module.eks.module.eks.data.aws_iam_session_context.current",
            "module.infrastructure.module.eks.module.eks.data.aws_partition.current",
            "module.infrastructure.module.eks.module.eks.module.eks_managed_node_group.aws_iam_role.this",
            "module.infrastructure.module.eks.module.eks.module.eks_managed_node_group.aws_iam_role_policy_attachment.additional",
            "module.infrastructure.module.eks.module.eks.module.eks_managed_node_group.aws_iam_role_policy_attachment.this",
            "module.infrastructure.module.eks.module.eks.module.eks_managed_node_group.aws_launch_template.this",
            "module.infrastructure.module.eks.module.eks.module.eks_managed_node_group.aws_placement_group.this",
            "module.infrastructure.module.eks.module.eks.module.eks_managed_node_group.data.aws_caller_identity.current",
            "module.infrastructure.module.eks.module.eks.module.eks_managed_node_group.data.aws_ec2_instance_type.this",
            "module.infrastructure.module.eks.module.eks.module.eks_managed_node_group.data.aws_ec2_instance_type_offerings.this",
            "module.infrastructure.module.eks.module.eks.module.eks_managed_node_group.data.aws_iam_policy_document.assume_role_policy",
            "module.infrastructure.module.eks.module.eks.module.eks_managed_node_group.data.aws_partition.current",
            "module.infrastructure.module.eks.module.eks.module.eks_managed_node_group.data.aws_ssm_parameter.ami",
            "module.infrastructure.module.eks.module.eks.module.eks_managed_node_group.data.aws_subnets.placement_group",
            "module.infrastructure.module.eks.module.eks.module.eks_managed_node_group.module.user_data.data.cloudinit_config.al2023_eks_managed_node_group",
            "module.infrastructure.module.eks.module.eks.module.eks_managed_node_group.module.user_data.data.cloudinit_config.linux_eks_managed_node_group",
            "module.infrastructure.module.eks.module.eks.module.kms.aws_kms_external_key.this",
            "module.infrastructure.module.eks.module.eks.module.kms.aws_kms_key.this",
            "module.infrastructure.module.eks.module.eks.module.kms.aws_kms_replica_external_key.this",
            "module.infrastructure.module.eks.module.eks.module.kms.aws_kms_replica_key.this",
            "module.infrastructure.module.eks.module.eks.module.kms.data.aws_caller_identity.current",
            "module.infrastructure.module.eks.module.eks.module.kms.data.aws_iam_policy_document.this",
            "module.infrastructure.module.eks.module.eks.module.kms.data.aws_partition.current",
            "module.infrastructure.module.eks.module.eks.time_sleep.this",
            "module.infrastructure.module.security_groups.aws_security_group.alb_sg",
            "module.infrastructure.module.vpc.aws_subnet.private",
            "module.infrastructure.module.vpc.aws_vpc.this",
            "module.infrastructure.module.vpc.data.aws_availability_zones.available"
          ],
          "create_before_destroy": true
        }
      ]
    },
    {
      "module": "module.infrastructure.module.eks.module.eks.module.eks_managed_node_group[\"default\"]",
      "mode": "managed",
      "type": "aws_iam_role",
      "name": "this",
      "provider": "provider[\"registry.terraform.io/hashicorp/aws\"]",
      "instances": [
        {
          "index_key": 0,
          "schema_version": 0,
          "attributes": {
            "arn": "arn:aws:iam::960828421635:role/default-eks-node-group-20260216131844133800000009",
            "assume_role_policy": "{\"Statement\":[{\"Action\":\"sts:AssumeRole\",\"Effect\":\"Allow\",\"Principal\":{\"Service\":\"ec2.amazonaws.com\"},\"Sid\":\"EKSNodeAssumeRole\"}],\"Version\":\"2012-10-17\"}",
            "create_date": "2026-02-16T13:18:44Z",
            "description": "EKS managed node group IAM role",
            "force_detach_policies": true,
            "id": "default-eks-node-group-20260216131844133800000009",
            "inline_policy": [],
            "managed_policy_arns": [
              "arn:aws:iam::aws:policy/AmazonEC2ContainerRegistryReadOnly",
              "arn:aws:iam::aws:policy/AmazonEKSWorkerNodePolicy",
              "arn:aws:iam::aws:policy/AmazonEKS_CNI_Policy",
              "arn:aws:iam::aws:policy/service-role/AmazonEBSCSIDriverPolicy",
              "arn:aws:iam::aws:policy/service-role/AmazonEFSCSIDriverPolicy"
            ],
            "max_session_duration": 3600,
            "name": "default-eks-node-group-20260216131844133800000009",
            "name_prefix": "default-eks-node-group-",
            "path": "/",
            "permissions_boundary": "",
            "tags": {},
            "tags_all": {},
            "unique_id": "AROA57NOWGYBZITPTH2BO"
          },
          "sensitive_attributes": [],
          "identity_schema_version": 0,
          "private": "bnVsbA==",
          "dependencies": [
            "module.infrastructure.module.eks.module.eks.module.eks_managed_node_group.data.aws_iam_policy_document.assume_role_policy"
          ],
          "create_before_destroy": true
        }
      ]
    },
    {
      "module": "module.infrastructure.module.eks.module.eks.module.eks_managed_node_group[\"default\"]",
      "mode": "managed",
      "type": "aws_iam_role_policy_attachment",
      "name": "additional",
      "provider": "provider[\"registry.terraform.io/hashicorp/aws\"]",
      "instances": [
        {
          "index_key": "ebs_csi",
          "schema_version": 0,
          "attributes": {
            "id": "default-eks-node-group-20260216131844133800000009-20260216145412820900000001",
            "policy_arn": "arn:aws:iam::aws:policy/service-role/AmazonEBSCSIDriverPolicy",
            "role": "default-eks-node-group-20260216131844133800000009"
          },
          "sensitive_attributes": [],
          "identity_schema_version": 0,
          "private": "bnVsbA==",
          "dependencies": [
            "module.infrastructure.module.eks.module.eks.module.eks_managed_node_group.aws_iam_role.this",
            "module.infrastructure.module.eks.module.eks.module.eks_managed_node_group.data.aws_iam_policy_document.assume_role_policy"
          ],
          "create_before_destroy": true
        },
        {
          "index_key": "efs_csi",
          "schema_version": 0,
          "attributes": {
            "id": "default-eks-node-group-20260216131844133800000009-20260216154938496800000001",
            "policy_arn": "arn:aws:iam::aws:policy/service-role/AmazonEFSCSIDriverPolicy",
            "role": "default-eks-node-group-20260216131844133800000009"
          },
          "sensitive_attributes": [],
          "identity_schema_version": 0,
          "private": "bnVsbA==",
          "dependencies": [
            "module.infrastructure.module.eks.module.eks.module.eks_managed_node_group.aws_iam_role.this",
            "module.infrastructure.module.eks.module.eks.module.eks_managed_node_group.data.aws_iam_policy_document.assume_role_policy"
          ],
          "create_before_destroy": true
        }
      ]
    },
    {
      "module": "module.infrastructure.module.eks.module.eks.module.eks_managed_node_group[\"default\"]",
      "mode": "managed",
      "type": "aws_iam_role_policy_attachment",
      "name": "this",
      "provider": "provider[\"registry.terraform.io/hashicorp/aws\"]",
      "instances": [
        {
          "index_key": "AmazonEC2ContainerRegistryReadOnly",
          "schema_version": 0,
          "attributes": {
            "id": "default-eks-node-group-20260216131844133800000009-20260216131848295400000010",
            "policy_arn": "arn:aws:iam::aws:policy/AmazonEC2ContainerRegistryReadOnly",
            "role": "default-eks-node-group-20260216131844133800000009"
          },
          "sensitive_attributes": [],
          "identity_schema_version": 0,
          "private": "bnVsbA==",
          "dependencies": [
            "module.infrastructure.module.eks.module.eks.module.eks_managed_node_group.aws_iam_role.this",
            "module.infrastructure.module.eks.module.eks.module.eks_managed_node_group.data.aws_caller_identity.current",
            "module.infrastructure.module.eks.module.eks.module.eks_managed_node_group.data.aws_iam_policy_document.assume_role_policy",
            "module.infrastructure.module.eks.module.eks.module.eks_managed_node_group.data.aws_partition.current"
          ],
          "create_before_destroy": true
        },
        {
          "index_key": "AmazonEKSWorkerNodePolicy",
          "schema_version": 0,
          "attributes": {
            "id": "default-eks-node-group-20260216131844133800000009-2026021613184817210000000f",
            "policy_arn": "arn:aws:iam::aws:policy/AmazonEKSWorkerNodePolicy",
            "role": "default-eks-node-group-20260216131844133800000009"
          },
          "sensitive_attributes": [],
          "identity_schema_version": 0,
          "private": "bnVsbA==",
          "dependencies": [
            "module.infrastructure.module.eks.module.eks.module.eks_managed_node_group.aws_iam_role.this",
            "module.infrastructure.module.eks.module.eks.module.eks_managed_node_group.data.aws_caller_identity.current",
            "module.infrastructure.module.eks.module.eks.module.eks_managed_node_group.data.aws_iam_policy_document.assume_role_policy",
            "module.infrastructure.module.eks.module.eks.module.eks_managed_node_group.data.aws_partition.current"
          ],
          "create_before_destroy": true
        },
        {
          "index_key": "AmazonEKS_CNI_Policy",
          "schema_version": 0,
          "attributes": {
            "id": "default-eks-node-group-20260216131844133800000009-20260216131848549100000012",
            "policy_arn": "arn:aws:iam::aws:policy/AmazonEKS_CNI_Policy",
            "role": "default-eks-node-group-20260216131844133800000009"
          },
          "sensitive_attributes": [],
          "identity_schema_version": 0,
          "private": "bnVsbA==",
          "dependencies": [
            "module.infrastructure.module.eks.module.eks.module.eks_managed_node_group.aws_iam_role.this",
            "module.infrastructure.module.eks.module.eks.module.eks_managed_node_group.data.aws_caller_identity.current",
            "module.infrastructure.module.eks.module.eks.module.eks_managed_node_group.data.aws_iam_policy_document.assume_role_policy",
            "module.infrastructure.module.eks.module.eks.module.eks_managed_node_group.data.aws_partition.current"
          ],
          "create_before_destroy": true
        }
      ]
    },
    {
      "module": "module.infrastructure.module.eks.module.eks.module.eks_managed_node_group[\"default\"]",
      "mode": "managed",
      "type": "aws_launch_template",
      "name": "this",
      "provider": "provider[\"registry.terraform.io/hashicorp/aws\"]",
      "instances": [
        {
          "index_key": 0,
          "schema_version": 0,
          "attributes": {
            "arn": "arn:aws:ec2:us-east-1:960828421635:launch-template/lt-057c4d7731a17fec0",
            "block_device_mappings": [],
            "capacity_reservation_specification": [],
            "cpu_options": [],
            "credit_specification": [],
            "default_version": 1,
            "description": "Custom launch template for default EKS managed node group",
            "disable_api_stop": false,
            "disable_api_termination": false,
            "ebs_optimized": "",
            "elastic_gpu_specifications": [],
            "elastic_inference_accelerator": [],
            "enclave_options": [],
            "hibernation_options": [],
            "iam_instance_profile": [],
            "id": "lt-057c4d7731a17fec0",
            "image_id": "",
            "instance_initiated_shutdown_behavior": "",
            "instance_market_options": [],
            "instance_requirements": [],
            "instance_type": "",
            "kernel_id": "",
            "key_name": "",
            "latest_version": 1,
            "license_specification": [],
            "maintenance_options": [],
            "metadata_options": [
              {
                "http_endpoint": "enabled",
                "http_protocol_ipv6": "",
                "http_put_response_hop_limit": 2,
                "http_tokens": "required",
                "instance_metadata_tags": ""
              }
            ],
            "monitoring": [
              {
                "enabled": true
              }
            ],
            "name": "default-20260216133049784000000018",
            "name_prefix": "default-",
            "network_interfaces": [],
            "placement": [],
            "private_dns_name_options": [],
            "ram_disk_id": "",
            "security_group_names": [],
            "tag_specifications": [
              {
                "resource_type": "instance",
                "tags": {
                  "Name": "default"
                }
              },
              {
                "resource_type": "network-interface",
                "tags": {
                  "Name": "default"
                }
              },
              {
                "resource_type": "volume",
                "tags": {
                  "Name": "default"
                }
              }
            ],
            "tags": {},
            "tags_all": {},
            "update_default_version": true,
            "user_data": "",
            "vpc_security_group_ids": [
              "sg-0549cec2273364ba3"
            ]
          },
          "sensitive_attributes": [],
          "identity_schema_version": 0,
          "private": "bnVsbA==",
          "dependencies": [
            "module.infrastructure.module.eks.module.eks.aws_cloudwatch_log_group.this",
            "module.infrastructure.module.eks.module.eks.aws_eks_cluster.this",
            "module.infrastructure.module.eks.module.eks.aws_iam_policy.cni_ipv6_policy",
            "module.infrastructure.module.eks.module.eks.aws_iam_role.eks_auto",
            "module.infrastructure.module.eks.module.eks.aws_iam_role.this",
            "module.infrastructure.module.eks.module.eks.aws_iam_role_policy_attachment.this",
            "module.infrastructure.module.eks.module.eks.aws_security_group.cluster",
            "module.infrastructure.module.eks.module.eks.aws_security_group.node",
            "module.infrastructure.module.eks.module.eks.aws_security_group_rule.cluster",
            "module.infrastructure.module.eks.module.eks.aws_security_group_rule.node",
            "module.infrastructure.module.eks.module.eks.data.aws_caller_identity.current",
            "module.infrastructure.module.eks.module.eks.data.aws_iam_policy_document.assume_role_policy",
            "module.infrastructure.module.eks.module.eks.data.aws_iam_policy_document.cni_ipv6_policy",
            "module.infrastructure.module.eks.module.eks.data.aws_iam_policy_document.node_assume_role_policy",
            "module.infrastructure.module.eks.module.eks.data.aws_iam_session_context.current",
            "module.infrastructure.module.eks.module.eks.data.aws_partition.current",
            "module.infrastructure.module.eks.module.eks.module.eks_managed_node_group.aws_iam_role.this",
            "module.infrastructure.module.eks.module.eks.module.eks_managed_node_group.aws_iam_role_policy_attachment.additional",
            "module.infrastructure.module.eks.module.eks.module.eks_managed_node_group.aws_iam_role_policy_attachment.this",
            "module.infrastructure.module.eks.module.eks.module.eks_managed_node_group.aws_placement_group.this",
            "module.infrastructure.module.eks.module.eks.module.eks_managed_node_group.data.aws_caller_identity.current",
            "module.infrastructure.module.eks.module.eks.module.eks_managed_node_group.data.aws_ec2_instance_type.this",
            "module.infrastructure.module.eks.module.eks.module.eks_managed_node_group.data.aws_iam_policy_document.assume_role_policy",
            "module.infrastructure.module.eks.module.eks.module.eks_managed_node_group.data.aws_partition.current",
            "module.infrastructure.module.eks.module.eks.module.eks_managed_node_group.module.user_data.data.cloudinit_config.al2023_eks_managed_node_group",
            "module.infrastructure.module.eks.module.eks.module.eks_managed_node_group.module.user_data.data.cloudinit_config.linux_eks_managed_node_group",
            "module.infrastructure.module.eks.module.eks.module.kms.aws_kms_external_key.this",
            "module.infrastructure.module.eks.module.eks.module.kms.aws_kms_key.this",
            "module.infrastructure.module.eks.module.eks.module.kms.aws_kms_replica_external_key.this",
            "module.infrastructure.module.eks.module.eks.module.kms.aws_kms_replica_key.this",
            "module.infrastructure.module.eks.module.eks.module.kms.data.aws_caller_identity.current",
            "module.infrastructure.module.eks.module.eks.module.kms.data.aws_iam_policy_document.this",
            "module.infrastructure.module.eks.module.eks.module.kms.data.aws_partition.current",
            "module.infrastructure.module.eks.module.eks.time_sleep.this",
            "module.infrastructure.module.security_groups.aws_security_group.alb_sg",
            "module.infrastructure.module.vpc.aws_subnet.private",
            "module.infrastructure.module.vpc.aws_vpc.this",
            "module.infrastructure.module.vpc.data.aws_availability_zones.available"
          ],
          "create_before_destroy": true
        }
      ]
    },
    {
      "module": "module.infrastructure.module.eks.module.eks.module.eks_managed_node_group[\"default\"].module.user_data",
      "mode": "managed",
      "type": "null_resource",
      "name": "validate_cluster_service_cidr",
      "provider": "provider[\"registry.terraform.io/hashicorp/null\"]",
      "instances": [
        {
          "schema_version": 0,
          "attributes": {
            "id": "648067051106172289",
            "triggers": null
          },
          "sensitive_attributes": [],
          "identity_schema_version": 0,
          "dependencies": [
            "module.infrastructure.module.eks.module.eks.aws_cloudwatch_log_group.this",
            "module.infrastructure.module.eks.module.eks.aws_eks_cluster.this",
            "module.infrastructure.module.eks.module.eks.aws_iam_policy.cni_ipv6_policy",
            "module.infrastructure.module.eks.module.eks.aws_iam_role.eks_auto",
            "module.infrastructure.module.eks.module.eks.aws_iam_role.this",
            "module.infrastructure.module.eks.module.eks.aws_iam_role_policy_attachment.this",
            "module.infrastructure.module.eks.module.eks.aws_security_group.cluster",
            "module.infrastructure.module.eks.module.eks.aws_security_group.node",
            "module.infrastructure.module.eks.module.eks.aws_security_group_rule.cluster",
            "module.infrastructure.module.eks.module.eks.aws_security_group_rule.node",
            "module.infrastructure.module.eks.module.eks.data.aws_caller_identity.current",
            "module.infrastructure.module.eks.module.eks.data.aws_iam_policy_document.assume_role_policy",
            "module.infrastructure.module.eks.module.eks.data.aws_iam_policy_document.cni_ipv6_policy",
            "module.infrastructure.module.eks.module.eks.data.aws_iam_policy_document.node_assume_role_policy",
            "module.infrastructure.module.eks.module.eks.data.aws_iam_session_context.current",
            "module.infrastructure.module.eks.module.eks.data.aws_partition.current",
            "module.infrastructure.module.eks.module.eks.module.kms.aws_kms_external_key.this",
            "module.infrastructure.module.eks.module.eks.module.kms.aws_kms_key.this",
            "module.infrastructure.module.eks.module.eks.module.kms.aws_kms_replica_external_key.this",
            "module.infrastructure.module.eks.module.eks.module.kms.aws_kms_replica_key.this",
            "module.infrastructure.module.eks.module.eks.module.kms.data.aws_caller_identity.current",
            "module.infrastructure.module.eks.module.eks.module.kms.data.aws_iam_policy_document.this",
            "module.infrastructure.module.eks.module.eks.module.kms.data.aws_partition.current",
            "module.infrastructure.module.eks.module.eks.time_sleep.this",
            "module.infrastructure.module.security_groups.aws_security_group.alb_sg",
            "module.infrastructure.module.vpc.aws_subnet.private",
            "module.infrastructure.module.vpc.aws_vpc.this",
            "module.infrastructure.module.vpc.data.aws_availability_zones.available"
          ]
        }
      ]
    },
    {
      "module": "module.infrastructure.module.gitlab",
      "mode": "managed",
      "type": "aws_instance",
      "name": "this",
      "provider": "provider[\"registry.terraform.io/hashicorp/aws\"]",
      "instances": [
        {
          "schema_version": 1,
          "attributes": {
            "ami": "ami-0739a90584ef88b2e",
            "arn": "arn:aws:ec2:us-east-1:960828421635:instance/i-052fd8898f8b75e77",
            "associate_public_ip_address": false,
            "availability_zone": "us-east-1a",
            "capacity_reservation_specification": [
              {
                "capacity_reservation_preference": "open",
                "capacity_reservation_target": []
              }
            ],
            "cpu_core_count": 1,
            "cpu_options": [
              {
                "amd_sev_snp": "",
                "core_count": 1,
                "threads_per_core": 2
              }
            ],
            "cpu_threads_per_core": 2,
            "credit_specification": [
              {
                "cpu_credits": "unlimited"
              }
            ],
            "disable_api_stop": false,
            "disable_api_termination": false,
            "ebs_block_device": [],
            "ebs_optimized": false,
            "enable_primary_ipv6": null,
            "enclave_options": [
              {
                "enabled": false
              }
            ],
            "ephemeral_block_device": [],
            "get_password_data": false,
            "hibernation": false,
            "host_id": "",
            "host_resource_group_arn": null,
            "iam_instance_profile": "weather-app-eks-gitlab-ssm-profile",
            "id": "i-052fd8898f8b75e77",
            "instance_initiated_shutdown_behavior": "stop",
            "instance_lifecycle": "",
            "instance_market_options": [],
            "instance_state": "running",
            "instance_type": "t3.large",
            "ipv6_address_count": 0,
            "ipv6_addresses": [],
            "key_name": "gitlab-key",
            "launch_template": [],
            "maintenance_options": [
              {
                "auto_recovery": "default"
              }
            ],
            "metadata_options": [
              {
                "http_endpoint": "enabled",
                "http_protocol_ipv6": "disabled",
                "http_put_response_hop_limit": 2,
                "http_tokens": "required",
                "instance_metadata_tags": "disabled"
              }
            ],
            "monitoring": false,
            "network_interface": [],
            "outpost_arn": "",
            "password_data": "",
            "placement_group": "",
            "placement_partition_number": 0,
            "primary_network_interface_id": "eni-084e2505b90acd01a",
            "private_dns": "ip-10-0-2-214.ec2.internal",
            "private_dns_name_options": [
              {
                "enable_resource_name_dns_a_record": false,
                "enable_resource_name_dns_aaaa_record": false,
                "hostname_type": "ip-name"
              }
            ],
            "private_ip": "10.0.2.214",
            "public_dns": "",
            "public_ip": "",
            "root_block_device": [
              {
                "delete_on_termination": true,
                "device_name": "/dev/sda1",
                "encrypted": false,
                "iops": 3000,
                "kms_key_id": "",
                "tags": {},
                "tags_all": {},
                "throughput": 125,
                "volume_id": "vol-085d83a898f1ea5e9",
                "volume_size": 50,
                "volume_type": "gp3"
              }
            ],
            "secondary_private_ips": [],
            "security_groups": [],
            "source_dest_check": true,
            "spot_instance_request_id": "",
            "subnet_id": "subnet-0323792cba24f82a9",
            "tags": {
              "Name": "gitlab-server"
            },
            "tags_all": {
              "Name": "gitlab-server"
            },
            "tenancy": "default",
            "timeouts": null,
            "user_data": "320340582aac50cf16a70f884f621b68313fc5a7",
            "user_data_base64": null,
            "user_data_replace_on_change": false,
            "volume_tags": null,
            "vpc_security_group_ids": [
              "sg-0ab073853f3c9d70c"
            ]
          },
          "sensitive_attributes": [],
          "identity_schema_version": 0,
          "private": "eyJlMmJmYjczMC1lY2FhLTExZTYtOGY4OC0zNDM2M2JjN2M0YzAiOnsiY3JlYXRlIjo2MDAwMDAwMDAwMDAsImRlbGV0ZSI6MTIwMDAwMDAwMDAwMCwicmVhZCI6OTAwMDAwMDAwMDAwLCJ1cGRhdGUiOjYwMDAwMDAwMDAwMH0sInNjaGVtYV92ZXJzaW9uIjoiMSJ9",
          "dependencies": [
            "module.infrastructure.aws_iam_instance_profile.gitlab_ssm_profile",
            "module.infrastructure.aws_iam_role.gitlab_ssm_role",
            "module.infrastructure.data.aws_iam_policy_document.gitlab_ssm_assume_role",
            "module.infrastructure.module.security_groups.aws_security_group.private_instances_sg",
            "module.infrastructure.module.vpc.aws_subnet.private",
            "module.infrastructure.module.vpc.aws_vpc.this",
            "module.infrastructure.module.vpc.data.aws_availability_zones.available"
          ]
        }
      ]
    },
    {
      "module": "module.infrastructure.module.jenkins_agent",
      "mode": "managed",
      "type": "aws_instance",
      "name": "this",
      "provider": "provider[\"registry.terraform.io/hashicorp/aws\"]",
      "instances": [
        {
          "schema_version": 1,
          "attributes": {
            "ami": "ami-0f251bdc660bf07fb",
            "arn": "arn:aws:ec2:us-east-1:960828421635:instance/i-0f271d69d6967bfbc",
            "associate_public_ip_address": false,
            "availability_zone": "us-east-1a",
            "capacity_reservation_specification": [
              {
                "capacity_reservation_preference": "open",
                "capacity_reservation_target": []
              }
            ],
            "cpu_core_count": 1,
            "cpu_options": [
              {
                "amd_sev_snp": "",
                "core_count": 1,
                "threads_per_core": 2
              }
            ],
            "cpu_threads_per_core": 2,
            "credit_specification": [
              {
                "cpu_credits": "unlimited"
              }
            ],
            "disable_api_stop": false,
            "disable_api_termination": false,
            "ebs_block_device": [],
            "ebs_optimized": false,
            "enable_primary_ipv6": null,
            "enclave_options": [
              {
                "enabled": false
              }
            ],
            "ephemeral_block_device": [],
            "get_password_data": false,
            "hibernation": false,
            "host_id": "",
            "host_resource_group_arn": null,
            "iam_instance_profile": "",
            "id": "i-0f271d69d6967bfbc",
            "instance_initiated_shutdown_behavior": "stop",
            "instance_lifecycle": "",
            "instance_market_options": [],
            "instance_state": "running",
            "instance_type": "t3.medium",
            "ipv6_address_count": 0,
            "ipv6_addresses": [],
            "key_name": "gitlab-key",
            "launch_template": [],
            "maintenance_options": [
              {
                "auto_recovery": "default"
              }
            ],
            "metadata_options": [
              {
                "http_endpoint": "enabled",
                "http_protocol_ipv6": "disabled",
                "http_put_response_hop_limit": 2,
                "http_tokens": "required",
                "instance_metadata_tags": "disabled"
              }
            ],
            "monitoring": false,
            "network_interface": [],
            "outpost_arn": "",
            "password_data": "",
            "placement_group": "",
            "placement_partition_number": 0,
            "primary_network_interface_id": "eni-0c7007b9bb420ec53",
            "private_dns": "ip-10-0-2-159.ec2.internal",
            "private_dns_name_options": [
              {
                "enable_resource_name_dns_a_record": false,
                "enable_resource_name_dns_aaaa_record": false,
                "hostname_type": "ip-name"
              }
            ],
            "private_ip": "10.0.2.159",
            "public_dns": "",
            "public_ip": "",
            "root_block_device": [
              {
                "delete_on_termination": true,
                "device_name": "/dev/sda1",
                "encrypted": false,
                "iops": 3000,
                "kms_key_id": "",
                "tags": {},
                "tags_all": {},
                "throughput": 125,
                "volume_id": "vol-076ad3b39e386c445",
                "volume_size": 20,
                "volume_type": "gp3"
              }
            ],
            "secondary_private_ips": [],
            "security_groups": [],
            "source_dest_check": true,
            "spot_instance_request_id": "",
            "subnet_id": "subnet-0323792cba24f82a9",
            "tags": {
              "Name": "jenkins-agent"
            },
            "tags_all": {
              "Name": "jenkins-agent"
            },
            "tenancy": "default",
            "timeouts": null,
            "user_data": null,
            "user_data_base64": null,
            "user_data_replace_on_change": false,
            "volume_tags": null,
            "vpc_security_group_ids": [
              "sg-0ab073853f3c9d70c"
            ]
          },
          "sensitive_attributes": [],
          "identity_schema_version": 0,
          "private": "eyJlMmJmYjczMC1lY2FhLTExZTYtOGY4OC0zNDM2M2JjN2M0YzAiOnsiY3JlYXRlIjo2MDAwMDAwMDAwMDAsImRlbGV0ZSI6MTIwMDAwMDAwMDAwMCwicmVhZCI6OTAwMDAwMDAwMDAwLCJ1cGRhdGUiOjYwMDAwMDAwMDAwMH0sInNjaGVtYV92ZXJzaW9uIjoiMSJ9",
          "dependencies": [
            "module.infrastructure.module.security_groups.aws_security_group.private_instances_sg",
            "module.infrastructure.module.vpc.aws_subnet.private",
            "module.infrastructure.module.vpc.aws_vpc.this",
            "module.infrastructure.module.vpc.data.aws_availability_zones.available"
          ]
        }
      ]
    },
    {
      "module": "module.infrastructure.module.jenkins_controller",
      "mode": "managed",
      "type": "aws_instance",
      "name": "this",
      "provider": "provider[\"registry.terraform.io/hashicorp/aws\"]",
      "instances": [
        {
          "schema_version": 1,
          "attributes": {
            "ami": "ami-0bfb8e76522514238",
            "arn": "arn:aws:ec2:us-east-1:960828421635:instance/i-0e6a7901c6afccdd4",
            "associate_public_ip_address": false,
            "availability_zone": "us-east-1a",
            "capacity_reservation_specification": [
              {
                "capacity_reservation_preference": "open",
                "capacity_reservation_target": []
              }
            ],
            "cpu_core_count": 1,
            "cpu_options": [
              {
                "amd_sev_snp": "",
                "core_count": 1,
                "threads_per_core": 2
              }
            ],
            "cpu_threads_per_core": 2,
            "credit_specification": [
              {
                "cpu_credits": "unlimited"
              }
            ],
            "disable_api_stop": false,
            "disable_api_termination": false,
            "ebs_block_device": [],
            "ebs_optimized": false,
            "enable_primary_ipv6": null,
            "enclave_options": [
              {
                "enabled": false
              }
            ],
            "ephemeral_block_device": [],
            "get_password_data": false,
            "hibernation": false,
            "host_id": "",
            "host_resource_group_arn": null,
            "iam_instance_profile": "",
            "id": "i-0e6a7901c6afccdd4",
            "instance_initiated_shutdown_behavior": "stop",
            "instance_lifecycle": "",
            "instance_market_options": [],
            "instance_state": "running",
            "instance_type": "t3.medium",
            "ipv6_address_count": 0,
            "ipv6_addresses": [],
            "key_name": "gitlab-key",
            "launch_template": [],
            "maintenance_options": [
              {
                "auto_recovery": "default"
              }
            ],
            "metadata_options": [
              {
                "http_endpoint": "enabled",
                "http_protocol_ipv6": "disabled",
                "http_put_response_hop_limit": 2,
                "http_tokens": "required",
                "instance_metadata_tags": "disabled"
              }
            ],
            "monitoring": false,
            "network_interface": [],
            "outpost_arn": "",
            "password_data": "",
            "placement_group": "",
            "placement_partition_number": 0,
            "primary_network_interface_id": "eni-05ad26611bbd76316",
            "private_dns": "ip-10-0-2-236.ec2.internal",
            "private_dns_name_options": [
              {
                "enable_resource_name_dns_a_record": false,
                "enable_resource_name_dns_aaaa_record": false,
                "hostname_type": "ip-name"
              }
            ],
            "private_ip": "10.0.2.236",
            "public_dns": "",
            "public_ip": "",
            "root_block_device": [
              {
                "delete_on_termination": true,
                "device_name": "/dev/sda1",
                "encrypted": false,
                "iops": 3000,
                "kms_key_id": "",
                "tags": {},
                "tags_all": {},
                "throughput": 125,
                "volume_id": "vol-03199bfd4809ea189",
                "volume_size": 12,
                "volume_type": "gp3"
              }
            ],
            "secondary_private_ips": [],
            "security_groups": [],
            "source_dest_check": true,
            "spot_instance_request_id": "",
            "subnet_id": "subnet-0323792cba24f82a9",
            "tags": {
              "Name": "jenkins-controller"
            },
            "tags_all": {
              "Name": "jenkins-controller"
            },
            "tenancy": "default",
            "timeouts": null,
            "user_data": null,
            "user_data_base64": null,
            "user_data_replace_on_change": false,
            "volume_tags": null,
            "vpc_security_group_ids": [
              "sg-0ab073853f3c9d70c"
            ]
          },
          "sensitive_attributes": [],
          "identity_schema_version": 0,
          "private": "eyJlMmJmYjczMC1lY2FhLTExZTYtOGY4OC0zNDM2M2JjN2M0YzAiOnsiY3JlYXRlIjo2MDAwMDAwMDAwMDAsImRlbGV0ZSI6MTIwMDAwMDAwMDAwMCwicmVhZCI6OTAwMDAwMDAwMDAwLCJ1cGRhdGUiOjYwMDAwMDAwMDAwMH0sInNjaGVtYV92ZXJzaW9uIjoiMSJ9",
          "dependencies": [
            "module.infrastructure.module.security_groups.aws_security_group.private_instances_sg",
            "module.infrastructure.module.vpc.aws_subnet.private",
            "module.infrastructure.module.vpc.aws_vpc.this",
            "module.infrastructure.module.vpc.data.aws_availability_zones.available"
          ]
        }
      ]
    },
    {
      "module": "module.infrastructure.module.security_groups",
      "mode": "managed",
      "type": "aws_security_group",
      "name": "alb_sg",
      "provider": "provider[\"registry.terraform.io/hashicorp/aws\"]",
      "instances": [
        {
          "schema_version": 1,
          "attributes": {
            "arn": "arn:aws:ec2:us-east-1:960828421635:security-group/sg-04ee603842f3d2771",
            "description": "Allow HTTP/HTTPS from internet",
            "egress": [
              {
                "cidr_blocks": [
                  "0.0.0.0/0"
                ],
                "description": "",
                "from_port": 0,
                "ipv6_cidr_blocks": [],
                "prefix_list_ids": [],
                "protocol": "-1",
                "security_groups": [],
                "self": false,
                "to_port": 0
              }
            ],
            "id": "sg-04ee603842f3d2771",
            "ingress": [
              {
                "cidr_blocks": [
                  "213.57.121.34/32"
                ],
                "description": "",
                "from_port": 443,
                "ipv6_cidr_blocks": [],
                "prefix_list_ids": [],
                "protocol": "tcp",
                "security_groups": [],
                "self": false,
                "to_port": 443
              },
              {
                "cidr_blocks": [
                  "213.57.121.34/32"
                ],
                "description": "",
                "from_port": 80,
                "ipv6_cidr_blocks": [],
                "prefix_list_ids": [],
                "protocol": "tcp",
                "security_groups": [],
                "self": false,
                "to_port": 80
              }
            ],
            "name": "alb_sg",
            "name_prefix": "",
            "owner_id": "960828421635",
            "revoke_rules_on_delete": false,
            "tags": {},
            "tags_all": {},
            "timeouts": null,
            "vpc_id": "vpc-02ee336af566d61f6"
          },
          "sensitive_attributes": [],
          "identity_schema_version": 0,
          "private": "eyJlMmJmYjczMC1lY2FhLTExZTYtOGY4OC0zNDM2M2JjN2M0YzAiOnsiY3JlYXRlIjo2MDAwMDAwMDAwMDAsImRlbGV0ZSI6OTAwMDAwMDAwMDAwfSwic2NoZW1hX3ZlcnNpb24iOiIxIn0=",
          "dependencies": [
            "module.infrastructure.module.vpc.aws_vpc.this"
          ],
          "create_before_destroy": true
        }
      ]
    },
    {
      "module": "module.infrastructure.module.security_groups",
      "mode": "managed",
      "type": "aws_security_group",
      "name": "bastion_sg",
      "provider": "provider[\"registry.terraform.io/hashicorp/aws\"]",
      "instances": [
        {
          "schema_version": 1,
          "attributes": {
            "arn": "arn:aws:ec2:us-east-1:960828421635:security-group/sg-0c74b7f33b5367add",
            "description": "Allow SSH from internet",
            "egress": [],
            "id": "sg-0c74b7f33b5367add",
            "ingress": [
              {
                "cidr_blocks": [
                  "0.0.0.0/0"
                ],
                "description": "",
                "from_port": 22,
                "ipv6_cidr_blocks": [],
                "prefix_list_ids": [],
                "protocol": "tcp",
                "security_groups": [],
                "self": false,
                "to_port": 22
              }
            ],
            "name": "bastion_sg",
            "name_prefix": "",
            "owner_id": "960828421635",
            "revoke_rules_on_delete": false,
            "tags": {},
            "tags_all": {},
            "timeouts": null,
            "vpc_id": "vpc-02ee336af566d61f6"
          },
          "sensitive_attributes": [],
          "identity_schema_version": 0,
          "private": "eyJlMmJmYjczMC1lY2FhLTExZTYtOGY4OC0zNDM2M2JjN2M0YzAiOnsiY3JlYXRlIjo2MDAwMDAwMDAwMDAsImRlbGV0ZSI6OTAwMDAwMDAwMDAwfSwic2NoZW1hX3ZlcnNpb24iOiIxIn0=",
          "dependencies": [
            "module.infrastructure.module.vpc.aws_vpc.this"
          ]
        }
      ]
    },
    {
      "module": "module.infrastructure.module.security_groups",
      "mode": "managed",
      "type": "aws_security_group",
      "name": "private_instances_sg",
      "provider": "provider[\"registry.terraform.io/hashicorp/aws\"]",
      "instances": [
        {
          "schema_version": 1,
          "attributes": {
            "arn": "arn:aws:ec2:us-east-1:960828421635:security-group/sg-0ab073853f3c9d70c",
            "description": "Allow traffic only from ALB and bastion",
            "egress": [
              {
                "cidr_blocks": [
                  "0.0.0.0/0"
                ],
                "description": "",
                "from_port": 0,
                "ipv6_cidr_blocks": [],
                "prefix_list_ids": [],
                "protocol": "-1",
                "security_groups": [],
                "self": false,
                "to_port": 0
              }
            ],
            "id": "sg-0ab073853f3c9d70c",
            "ingress": [
              {
                "cidr_blocks": [],
                "description": "",
                "from_port": 22,
                "ipv6_cidr_blocks": [],
                "prefix_list_ids": [],
                "protocol": "tcp",
                "security_groups": [
                  "sg-0c74b7f33b5367add"
                ],
                "self": true,
                "to_port": 22
              },
              {
                "cidr_blocks": [],
                "description": "",
                "from_port": 443,
                "ipv6_cidr_blocks": [],
                "prefix_list_ids": [],
                "protocol": "tcp",
                "security_groups": [
                  "sg-04ee603842f3d2771"
                ],
                "self": false,
                "to_port": 443
              },
              {
                "cidr_blocks": [],
                "description": "",
                "from_port": 8080,
                "ipv6_cidr_blocks": [],
                "prefix_list_ids": [],
                "protocol": "tcp",
                "security_groups": [
                  "sg-04ee603842f3d2771"
                ],
                "self": false,
                "to_port": 8080
              },
              {
                "cidr_blocks": [],
                "description": "",
                "from_port": 80,
                "ipv6_cidr_blocks": [],
                "prefix_list_ids": [],
                "protocol": "tcp",
                "security_groups": [
                  "sg-04ee603842f3d2771"
                ],
                "self": false,
                "to_port": 80
              }
            ],
            "name": "private_instances_sg",
            "name_prefix": "",
            "owner_id": "960828421635",
            "revoke_rules_on_delete": false,
            "tags": {},
            "tags_all": {},
            "timeouts": null,
            "vpc_id": "vpc-02ee336af566d61f6"
          },
          "sensitive_attributes": [],
          "identity_schema_version": 0,
          "private": "eyJlMmJmYjczMC1lY2FhLTExZTYtOGY4OC0zNDM2M2JjN2M0YzAiOnsiY3JlYXRlIjo2MDAwMDAwMDAwMDAsImRlbGV0ZSI6OTAwMDAwMDAwMDAwfSwic2NoZW1hX3ZlcnNpb24iOiIxIn0=",
          "dependencies": [
            "module.infrastructure.module.vpc.aws_vpc.this"
          ]
        }
      ]
    },
    {
      "module": "module.infrastructure.module.security_groups",
      "mode": "managed",
      "type": "aws_security_group_rule",
      "name": "alb_egress",
      "provider": "provider[\"registry.terraform.io/hashicorp/aws\"]",
      "instances": [
        {
          "schema_version": 2,
          "attributes": {
            "cidr_blocks": [
              "0.0.0.0/0"
            ],
            "description": null,
            "from_port": 0,
            "id": "sgrule-2271140462",
            "ipv6_cidr_blocks": null,
            "prefix_list_ids": null,
            "protocol": "-1",
            "security_group_id": "sg-04ee603842f3d2771",
            "security_group_rule_id": "sgr-05b56eadfa9d2cc8e",
            "self": false,
            "source_security_group_id": null,
            "timeouts": null,
            "to_port": 0,
            "type": "egress"
          },
          "sensitive_attributes": [],
          "identity_schema_version": 0,
          "private": "eyJlMmJmYjczMC1lY2FhLTExZTYtOGY4OC0zNDM2M2JjN2M0YzAiOnsiY3JlYXRlIjozMDAwMDAwMDAwMDB9LCJzY2hlbWFfdmVyc2lvbiI6IjIifQ==",
          "dependencies": [
            "module.infrastructure.module.security_groups.aws_security_group.alb_sg",
            "module.infrastructure.module.vpc.aws_vpc.this"
          ]
        }
      ]
    },
    {
      "module": "module.infrastructure.module.security_groups",
      "mode": "managed",
      "type": "aws_security_group_rule",
      "name": "alb_http",
      "provider": "provider[\"registry.terraform.io/hashicorp/aws\"]",
      "instances": [
        {
          "schema_version": 2,
          "attributes": {
            "cidr_blocks": [
              "213.57.121.34/32"
            ],
            "description": null,
            "from_port": 80,
            "id": "sgrule-3156945900",
            "ipv6_cidr_blocks": null,
            "prefix_list_ids": null,
            "protocol": "tcp",
            "security_group_id": "sg-04ee603842f3d2771",
            "security_group_rule_id": "sgr-07f90d0818836b15d",
            "self": false,
            "source_security_group_id": null,
            "timeouts": null,
            "to_port": 80,
            "type": "ingress"
          },
          "sensitive_attributes": [],
          "identity_schema_version": 0,
          "private": "eyJlMmJmYjczMC1lY2FhLTExZTYtOGY4OC0zNDM2M2JjN2M0YzAiOnsiY3JlYXRlIjozMDAwMDAwMDAwMDB9LCJzY2hlbWFfdmVyc2lvbiI6IjIifQ==",
          "dependencies": [
            "module.infrastructure.module.security_groups.aws_security_group.alb_sg",
            "module.infrastructure.module.vpc.aws_vpc.this"
          ]
        }
      ]
    },
    {
      "module": "module.infrastructure.module.security_groups",
      "mode": "managed",
      "type": "aws_security_group_rule",
      "name": "alb_https",
      "provider": "provider[\"registry.terraform.io/hashicorp/aws\"]",
      "instances": [
        {
          "schema_version": 2,
          "attributes": {
            "cidr_blocks": [
              "213.57.121.34/32"
            ],
            "description": null,
            "from_port": 443,
            "id": "sgrule-1330146934",
            "ipv6_cidr_blocks": null,
            "prefix_list_ids": null,
            "protocol": "tcp",
            "security_group_id": "sg-04ee603842f3d2771",
            "security_group_rule_id": "sgr-01ddc2bde1a317e43",
            "self": false,
            "source_security_group_id": null,
            "timeouts": null,
            "to_port": 443,
            "type": "ingress"
          },
          "sensitive_attributes": [],
          "identity_schema_version": 0,
          "private": "eyJlMmJmYjczMC1lY2FhLTExZTYtOGY4OC0zNDM2M2JjN2M0YzAiOnsiY3JlYXRlIjozMDAwMDAwMDAwMDB9LCJzY2hlbWFfdmVyc2lvbiI6IjIifQ==",
          "dependencies": [
            "module.infrastructure.module.security_groups.aws_security_group.alb_sg",
            "module.infrastructure.module.vpc.aws_vpc.this"
          ]
        }
      ]
    },
    {
      "module": "module.infrastructure.module.security_groups",
      "mode": "managed",
      "type": "aws_security_group_rule",
      "name": "bastion_ssh",
      "provider": "provider[\"registry.terraform.io/hashicorp/aws\"]",
      "instances": [
        {
          "schema_version": 2,
          "attributes": {
            "cidr_blocks": [
              "0.0.0.0/0"
            ],
            "description": null,
            "from_port": 22,
            "id": "sgrule-508280379",
            "ipv6_cidr_blocks": null,
            "prefix_list_ids": null,
            "protocol": "tcp",
            "security_group_id": "sg-0c74b7f33b5367add",
            "security_group_rule_id": "sgr-0daa7286a2f9baae1",
            "self": false,
            "source_security_group_id": null,
            "timeouts": null,
            "to_port": 22,
            "type": "ingress"
          },
          "sensitive_attributes": [],
          "identity_schema_version": 0,
          "private": "eyJlMmJmYjczMC1lY2FhLTExZTYtOGY4OC0zNDM2M2JjN2M0YzAiOnsiY3JlYXRlIjozMDAwMDAwMDAwMDB9LCJzY2hlbWFfdmVyc2lvbiI6IjIifQ==",
          "dependencies": [
            "module.infrastructure.module.security_groups.aws_security_group.bastion_sg",
            "module.infrastructure.module.vpc.aws_vpc.this"
          ]
        }
      ]
    },
    {
      "module": "module.infrastructure.module.security_groups",
      "mode": "managed",
      "type": "aws_security_group_rule",
      "name": "private_egress",
      "provider": "provider[\"registry.terraform.io/hashicorp/aws\"]",
      "instances": [
        {
          "schema_version": 2,
          "attributes": {
            "cidr_blocks": [
              "0.0.0.0/0"
            ],
            "description": null,
            "from_port": 0,
            "id": "sgrule-628586627",
            "ipv6_cidr_blocks": null,
            "prefix_list_ids": null,
            "protocol": "-1",
            "security_group_id": "sg-0ab073853f3c9d70c",
            "security_group_rule_id": "sgr-01f481c4f104f8dc2",
            "self": false,
            "source_security_group_id": null,
            "timeouts": null,
            "to_port": 0,
            "type": "egress"
          },
          "sensitive_attributes": [],
          "identity_schema_version": 0,
          "private": "eyJlMmJmYjczMC1lY2FhLTExZTYtOGY4OC0zNDM2M2JjN2M0YzAiOnsiY3JlYXRlIjozMDAwMDAwMDAwMDB9LCJzY2hlbWFfdmVyc2lvbiI6IjIifQ==",
          "dependencies": [
            "module.infrastructure.module.security_groups.aws_security_group.private_instances_sg",
            "module.infrastructure.module.vpc.aws_vpc.this"
          ]
        }
      ]
    },
    {
      "module": "module.infrastructure.module.security_groups",
      "mode": "managed",
      "type": "aws_security_group_rule",
      "name": "private_from_alb_443",
      "provider": "provider[\"registry.terraform.io/hashicorp/aws\"]",
      "instances": [
        {
          "schema_version": 2,
          "attributes": {
            "cidr_blocks": null,
            "description": null,
            "from_port": 443,
            "id": "sgrule-984354901",
            "ipv6_cidr_blocks": null,
            "prefix_list_ids": null,
            "protocol": "tcp",
            "security_group_id": "sg-0ab073853f3c9d70c",
            "security_group_rule_id": "sgr-090f7ae3fcbdc316f",
            "self": false,
            "source_security_group_id": "sg-04ee603842f3d2771",
            "timeouts": null,
            "to_port": 443,
            "type": "ingress"
          },
          "sensitive_attributes": [],
          "identity_schema_version": 0,
          "private": "eyJlMmJmYjczMC1lY2FhLTExZTYtOGY4OC0zNDM2M2JjN2M0YzAiOnsiY3JlYXRlIjozMDAwMDAwMDAwMDB9LCJzY2hlbWFfdmVyc2lvbiI6IjIifQ==",
          "dependencies": [
            "module.infrastructure.module.security_groups.aws_security_group.alb_sg",
            "module.infrastructure.module.security_groups.aws_security_group.private_instances_sg",
            "module.infrastructure.module.vpc.aws_vpc.this"
          ]
        }
      ]
    },
    {
      "module": "module.infrastructure.module.security_groups",
      "mode": "managed",
      "type": "aws_security_group_rule",
      "name": "private_from_alb_80",
      "provider": "provider[\"registry.terraform.io/hashicorp/aws\"]",
      "instances": [
        {
          "schema_version": 2,
          "attributes": {
            "cidr_blocks": null,
            "description": null,
            "from_port": 80,
            "id": "sgrule-858462858",
            "ipv6_cidr_blocks": null,
            "prefix_list_ids": null,
            "protocol": "tcp",
            "security_group_id": "sg-0ab073853f3c9d70c",
            "security_group_rule_id": "sgr-01cc4020fb757bd2a",
            "self": false,
            "source_security_group_id": "sg-04ee603842f3d2771",
            "timeouts": null,
            "to_port": 80,
            "type": "ingress"
          },
          "sensitive_attributes": [],
          "identity_schema_version": 0,
          "private": "eyJlMmJmYjczMC1lY2FhLTExZTYtOGY4OC0zNDM2M2JjN2M0YzAiOnsiY3JlYXRlIjozMDAwMDAwMDAwMDB9LCJzY2hlbWFfdmVyc2lvbiI6IjIifQ==",
          "dependencies": [
            "module.infrastructure.module.security_groups.aws_security_group.alb_sg",
            "module.infrastructure.module.security_groups.aws_security_group.private_instances_sg",
            "module.infrastructure.module.vpc.aws_vpc.this"
          ]
        }
      ]
    },
    {
      "module": "module.infrastructure.module.security_groups",
      "mode": "managed",
      "type": "aws_security_group_rule",
      "name": "private_from_alb_8080",
      "provider": "provider[\"registry.terraform.io/hashicorp/aws\"]",
      "instances": [
        {
          "schema_version": 2,
          "attributes": {
            "cidr_blocks": null,
            "description": null,
            "from_port": 8080,
            "id": "sgrule-691211173",
            "ipv6_cidr_blocks": null,
            "prefix_list_ids": null,
            "protocol": "tcp",
            "security_group_id": "sg-0ab073853f3c9d70c",
            "security_group_rule_id": "sgr-072bbd07c4a3c5b27",
            "self": false,
            "source_security_group_id": "sg-04ee603842f3d2771",
            "timeouts": null,
            "to_port": 8080,
            "type": "ingress"
          },
          "sensitive_attributes": [],
          "identity_schema_version": 0,
          "private": "eyJlMmJmYjczMC1lY2FhLTExZTYtOGY4OC0zNDM2M2JjN2M0YzAiOnsiY3JlYXRlIjozMDAwMDAwMDAwMDB9LCJzY2hlbWFfdmVyc2lvbiI6IjIifQ==",
          "dependencies": [
            "module.infrastructure.module.security_groups.aws_security_group.alb_sg",
            "module.infrastructure.module.security_groups.aws_security_group.private_instances_sg",
            "module.infrastructure.module.vpc.aws_vpc.this"
          ]
        }
      ]
    },
    {
      "module": "module.infrastructure.module.security_groups",
      "mode": "managed",
      "type": "aws_security_group_rule",
      "name": "private_from_bastion_ssh",
      "provider": "provider[\"registry.terraform.io/hashicorp/aws\"]",
      "instances": [
        {
          "schema_version": 2,
          "attributes": {
            "cidr_blocks": null,
            "description": null,
            "from_port": 22,
            "id": "sgrule-352022001",
            "ipv6_cidr_blocks": null,
            "prefix_list_ids": null,
            "protocol": "tcp",
            "security_group_id": "sg-0ab073853f3c9d70c",
            "security_group_rule_id": "sgr-0ce6e67135dac3f28",
            "self": false,
            "source_security_group_id": "sg-0c74b7f33b5367add",
            "timeouts": null,
            "to_port": 22,
            "type": "ingress"
          },
          "sensitive_attributes": [],
          "identity_schema_version": 0,
          "private": "eyJlMmJmYjczMC1lY2FhLTExZTYtOGY4OC0zNDM2M2JjN2M0YzAiOnsiY3JlYXRlIjozMDAwMDAwMDAwMDB9LCJzY2hlbWFfdmVyc2lvbiI6IjIifQ==",
          "dependencies": [
            "module.infrastructure.module.security_groups.aws_security_group.bastion_sg",
            "module.infrastructure.module.security_groups.aws_security_group.private_instances_sg",
            "module.infrastructure.module.vpc.aws_vpc.this"
          ]
        }
      ]
    },
    {
      "module": "module.infrastructure.module.security_groups",
      "mode": "managed",
      "type": "aws_security_group_rule",
      "name": "private_ssh_internal",
      "provider": "provider[\"registry.terraform.io/hashicorp/aws\"]",
      "instances": [
        {
          "schema_version": 2,
          "attributes": {
            "cidr_blocks": null,
            "description": null,
            "from_port": 22,
            "id": "sgrule-1722975726",
            "ipv6_cidr_blocks": null,
            "prefix_list_ids": null,
            "protocol": "tcp",
            "security_group_id": "sg-0ab073853f3c9d70c",
            "security_group_rule_id": "sgr-0d6a7711d0a8dcc41",
            "self": false,
            "source_security_group_id": "sg-0ab073853f3c9d70c",
            "timeouts": null,
            "to_port": 22,
            "type": "ingress"
          },
          "sensitive_attributes": [],
          "identity_schema_version": 0,
          "private": "eyJlMmJmYjczMC1lY2FhLTExZTYtOGY4OC0zNDM2M2JjN2M0YzAiOnsiY3JlYXRlIjozMDAwMDAwMDAwMDB9LCJzY2hlbWFfdmVyc2lvbiI6IjIifQ==",
          "dependencies": [
            "module.infrastructure.module.security_groups.aws_security_group.private_instances_sg",
            "module.infrastructure.module.vpc.aws_vpc.this"
          ]
        }
      ]
    },
    {
      "module": "module.infrastructure.module.vpc",
      "mode": "data",
      "type": "aws_availability_zones",
      "name": "available",
      "provider": "provider[\"registry.terraform.io/hashicorp/aws\"]",
      "instances": [
        {
          "schema_version": 0,
          "attributes": {
            "all_availability_zones": null,
            "exclude_names": null,
            "exclude_zone_ids": null,
            "filter": null,
            "group_names": [
              "us-east-1-zg-1"
            ],
            "id": "us-east-1",
            "names": [
              "us-east-1a",
              "us-east-1b",
              "us-east-1c",
              "us-east-1d",
              "us-east-1e",
              "us-east-1f"
            ],
            "state": null,
            "timeouts": null,
            "zone_ids": [
              "use1-az1",
              "use1-az2",
              "use1-az4",
              "use1-az6",
              "use1-az3",
              "use1-az5"
            ]
          },
          "sensitive_attributes": [],
          "identity_schema_version": 0
        }
      ]
    },
    {
      "module": "module.infrastructure.module.vpc",
      "mode": "managed",
      "type": "aws_eip",
      "name": "nat",
      "provider": "provider[\"registry.terraform.io/hashicorp/aws\"]",
      "instances": [
        {
          "schema_version": 0,
          "attributes": {
            "address": null,
            "allocation_id": "eipalloc-06b962813e1471349",
            "arn": "arn:aws:ec2:us-east-1:960828421635:elastic-ip/eipalloc-06b962813e1471349",
            "associate_with_private_ip": null,
            "association_id": "eipassoc-0858e2108dbbf3c8a",
            "carrier_ip": "",
            "customer_owned_ip": "",
            "customer_owned_ipv4_pool": "",
            "domain": "vpc",
            "id": "eipalloc-06b962813e1471349",
            "instance": "",
            "ipam_pool_id": null,
            "network_border_group": "us-east-1",
            "network_interface": "eni-024221fcf2959c9ad",
            "private_dns": "ip-10-0-0-120.ec2.internal",
            "private_ip": "10.0.0.120",
            "ptr_record": "",
            "public_dns": "ec2-98-94-160-21.compute-1.amazonaws.com",
            "public_ip": "98.94.160.21",
            "public_ipv4_pool": "amazon",
            "tags": {
              "Name": "tf_nat_eip"
            },
            "tags_all": {
              "Name": "tf_nat_eip"
            },
            "timeouts": null,
            "vpc": true
          },
          "sensitive_attributes": [],
          "identity_schema_version": 0,
          "private": "eyJlMmJmYjczMC1lY2FhLTExZTYtOGY4OC0zNDM2M2JjN2M0YzAiOnsiZGVsZXRlIjoxODAwMDAwMDAwMDAsInJlYWQiOjkwMDAwMDAwMDAwMCwidXBkYXRlIjozMDAwMDAwMDAwMDB9fQ=="
        }
      ]
    },
    {
      "module": "module.infrastructure.module.vpc",
      "mode": "managed",
      "type": "aws_internet_gateway",
      "name": "this",
      "provider": "provider[\"registry.terraform.io/hashicorp/aws\"]",
      "instances": [
        {
          "schema_version": 0,
          "attributes": {
            "arn": "arn:aws:ec2:us-east-1:960828421635:internet-gateway/igw-0088eac9ad5989944",
            "id": "igw-0088eac9ad5989944",
            "owner_id": "960828421635",
            "tags": {
              "Name": "tf_igw"
            },
            "tags_all": {
              "Name": "tf_igw"
            },
            "timeouts": null,
            "vpc_id": "vpc-02ee336af566d61f6"
          },
          "sensitive_attributes": [],
          "identity_schema_version": 0,
          "private": "eyJlMmJmYjczMC1lY2FhLTExZTYtOGY4OC0zNDM2M2JjN2M0YzAiOnsiY3JlYXRlIjoxMjAwMDAwMDAwMDAwLCJkZWxldGUiOjEyMDAwMDAwMDAwMDAsInVwZGF0ZSI6MTIwMDAwMDAwMDAwMH19",
          "dependencies": [
            "module.infrastructure.module.vpc.aws_vpc.this"
          ]
        }
      ]
    },
    {
      "module": "module.infrastructure.module.vpc",
      "mode": "managed",
      "type": "aws_nat_gateway",
      "name": "this",
      "provider": "provider[\"registry.terraform.io/hashicorp/aws\"]",
      "instances": [
        {
          "schema_version": 0,
          "attributes": {
            "allocation_id": "eipalloc-06b962813e1471349",
            "association_id": "eipassoc-0858e2108dbbf3c8a",
            "connectivity_type": "public",
            "id": "nat-0be055d655e9562f6",
            "network_interface_id": "eni-024221fcf2959c9ad",
            "private_ip": "10.0.0.120",
            "public_ip": "98.94.160.21",
            "secondary_allocation_ids": [],
            "secondary_private_ip_address_count": 0,
            "secondary_private_ip_addresses": [],
            "subnet_id": "subnet-01d9f97149cf8f403",
            "tags": {
              "Name": "tf_nat_gw"
            },
            "tags_all": {
              "Name": "tf_nat_gw"
            },
            "timeouts": null
          },
          "sensitive_attributes": [],
          "identity_schema_version": 0,
          "private": "eyJlMmJmYjczMC1lY2FhLTExZTYtOGY4OC0zNDM2M2JjN2M0YzAiOnsiY3JlYXRlIjo2MDAwMDAwMDAwMDAsImRlbGV0ZSI6MTgwMDAwMDAwMDAwMCwidXBkYXRlIjo2MDAwMDAwMDAwMDB9fQ==",
          "dependencies": [
            "module.infrastructure.module.vpc.aws_eip.nat",
            "module.infrastructure.module.vpc.aws_internet_gateway.this",
            "module.infrastructure.module.vpc.aws_subnet.public",
            "module.infrastructure.module.vpc.aws_vpc.this",
            "module.infrastructure.module.vpc.data.aws_availability_zones.available"
          ]
        }
      ]
    },
    {
      "module": "module.infrastructure.module.vpc",
      "mode": "managed",
      "type": "aws_route",
      "name": "private_default",
      "provider": "provider[\"registry.terraform.io/hashicorp/aws\"]",
      "instances": [
        {
          "schema_version": 0,
          "attributes": {
            "carrier_gateway_id": "",
            "core_network_arn": "",
            "destination_cidr_block": "0.0.0.0/0",
            "destination_ipv6_cidr_block": "",
            "destination_prefix_list_id": "",
            "egress_only_gateway_id": "",
            "gateway_id": "",
            "id": "r-rtb-011ad4a3572a1cee41080289494",
            "instance_id": "",
            "instance_owner_id": "",
            "local_gateway_id": "",
            "nat_gateway_id": "nat-0be055d655e9562f6",
            "network_interface_id": "",
            "origin": "CreateRoute",
            "route_table_id": "rtb-011ad4a3572a1cee4",
            "state": "active",
            "timeouts": null,
            "transit_gateway_id": "",
            "vpc_endpoint_id": "",
            "vpc_peering_connection_id": ""
          },
          "sensitive_attributes": [],
          "identity_schema_version": 0,
          "private": "eyJlMmJmYjczMC1lY2FhLTExZTYtOGY4OC0zNDM2M2JjN2M0YzAiOnsiY3JlYXRlIjozMDAwMDAwMDAwMDAsImRlbGV0ZSI6MzAwMDAwMDAwMDAwLCJ1cGRhdGUiOjEyMDAwMDAwMDAwMH19",
          "dependencies": [
            "module.infrastructure.module.vpc.aws_eip.nat",
            "module.infrastructure.module.vpc.aws_internet_gateway.this",
            "module.infrastructure.module.vpc.aws_nat_gateway.this",
            "module.infrastructure.module.vpc.aws_route_table.private",
            "module.infrastructure.module.vpc.aws_subnet.public",
            "module.infrastructure.module.vpc.aws_vpc.this",
            "module.infrastructure.module.vpc.data.aws_availability_zones.available"
          ]
        }
      ]
    },
    {
      "module": "module.infrastructure.module.vpc",
      "mode": "managed",
      "type": "aws_route_table",
      "name": "private",
      "provider": "provider[\"registry.terraform.io/hashicorp/aws\"]",
      "instances": [
        {
          "schema_version": 0,
          "attributes": {
            "arn": "arn:aws:ec2:us-east-1:960828421635:route-table/rtb-011ad4a3572a1cee4",
            "id": "rtb-011ad4a3572a1cee4",
            "owner_id": "960828421635",
            "propagating_vgws": [],
            "route": [
              {
                "carrier_gateway_id": "",
                "cidr_block": "0.0.0.0/0",
                "core_network_arn": "",
                "destination_prefix_list_id": "",
                "egress_only_gateway_id": "",
                "gateway_id": "",
                "ipv6_cidr_block": "",
                "local_gateway_id": "",
                "nat_gateway_id": "nat-0be055d655e9562f6",
                "network_interface_id": "",
                "transit_gateway_id": "",
                "vpc_endpoint_id": "",
                "vpc_peering_connection_id": ""
              }
            ],
            "tags": {
              "Name": "tf_private_route_table"
            },
            "tags_all": {
              "Name": "tf_private_route_table"
            },
            "timeouts": null,
            "vpc_id": "vpc-02ee336af566d61f6"
          },
          "sensitive_attributes": [],
          "identity_schema_version": 0,
          "private": "eyJlMmJmYjczMC1lY2FhLTExZTYtOGY4OC0zNDM2M2JjN2M0YzAiOnsiY3JlYXRlIjozMDAwMDAwMDAwMDAsImRlbGV0ZSI6MzAwMDAwMDAwMDAwLCJ1cGRhdGUiOjEyMDAwMDAwMDAwMH19",
          "dependencies": [
            "module.infrastructure.module.vpc.aws_vpc.this"
          ]
        }
      ]
    },
    {
      "module": "module.infrastructure.module.vpc",
      "mode": "managed",
      "type": "aws_route_table",
      "name": "public",
      "provider": "provider[\"registry.terraform.io/hashicorp/aws\"]",
      "instances": [
        {
          "schema_version": 0,
          "attributes": {
            "arn": "arn:aws:ec2:us-east-1:960828421635:route-table/rtb-0628439e8777b78a9",
            "id": "rtb-0628439e8777b78a9",
            "owner_id": "960828421635",
            "propagating_vgws": [],
            "route": [
              {
                "carrier_gateway_id": "",
                "cidr_block": "0.0.0.0/0",
                "core_network_arn": "",
                "destination_prefix_list_id": "",
                "egress_only_gateway_id": "",
                "gateway_id": "igw-0088eac9ad5989944",
                "ipv6_cidr_block": "",
                "local_gateway_id": "",
                "nat_gateway_id": "",
                "network_interface_id": "",
                "transit_gateway_id": "",
                "vpc_endpoint_id": "",
                "vpc_peering_connection_id": ""
              }
            ],
            "tags": {
              "Name": "tf_public_route_table"
            },
            "tags_all": {
              "Name": "tf_public_route_table"
            },
            "timeouts": null,
            "vpc_id": "vpc-02ee336af566d61f6"
          },
          "sensitive_attributes": [],
          "identity_schema_version": 0,
          "private": "eyJlMmJmYjczMC1lY2FhLTExZTYtOGY4OC0zNDM2M2JjN2M0YzAiOnsiY3JlYXRlIjozMDAwMDAwMDAwMDAsImRlbGV0ZSI6MzAwMDAwMDAwMDAwLCJ1cGRhdGUiOjEyMDAwMDAwMDAwMH19",
          "dependencies": [
            "module.infrastructure.module.vpc.aws_internet_gateway.this",
            "module.infrastructure.module.vpc.aws_vpc.this"
          ]
        }
      ]
    },
    {
      "module": "module.infrastructure.module.vpc",
      "mode": "managed",
      "type": "aws_route_table_association",
      "name": "private",
      "provider": "provider[\"registry.terraform.io/hashicorp/aws\"]",
      "instances": [
        {
          "index_key": 0,
          "schema_version": 0,
          "attributes": {
            "gateway_id": "",
            "id": "rtbassoc-05b37ba7abf3a55d1",
            "route_table_id": "rtb-011ad4a3572a1cee4",
            "subnet_id": "subnet-0323792cba24f82a9",
            "timeouts": null
          },
          "sensitive_attributes": [],
          "identity_schema_version": 0,
          "private": "eyJlMmJmYjczMC1lY2FhLTExZTYtOGY4OC0zNDM2M2JjN2M0YzAiOnsiY3JlYXRlIjozMDAwMDAwMDAwMDAsImRlbGV0ZSI6MzAwMDAwMDAwMDAwLCJ1cGRhdGUiOjEyMDAwMDAwMDAwMH19",
          "dependencies": [
            "module.infrastructure.module.vpc.aws_route_table.private",
            "module.infrastructure.module.vpc.aws_subnet.private",
            "module.infrastructure.module.vpc.aws_vpc.this",
            "module.infrastructure.module.vpc.data.aws_availability_zones.available"
          ]
        },
        {
          "index_key": 1,
          "schema_version": 0,
          "attributes": {
            "gateway_id": "",
            "id": "rtbassoc-0377939d1ebb0c4f9",
            "route_table_id": "rtb-011ad4a3572a1cee4",
            "subnet_id": "subnet-0704f05d04d0f330a",
            "timeouts": null
          },
          "sensitive_attributes": [],
          "identity_schema_version": 0,
          "private": "eyJlMmJmYjczMC1lY2FhLTExZTYtOGY4OC0zNDM2M2JjN2M0YzAiOnsiY3JlYXRlIjozMDAwMDAwMDAwMDAsImRlbGV0ZSI6MzAwMDAwMDAwMDAwLCJ1cGRhdGUiOjEyMDAwMDAwMDAwMH19",
          "dependencies": [
            "module.infrastructure.module.vpc.aws_route_table.private",
            "module.infrastructure.module.vpc.aws_subnet.private",
            "module.infrastructure.module.vpc.aws_vpc.this",
            "module.infrastructure.module.vpc.data.aws_availability_zones.available"
          ]
        }
      ]
    },
    {
      "module": "module.infrastructure.module.vpc",
      "mode": "managed",
      "type": "aws_route_table_association",
      "name": "public",
      "provider": "provider[\"registry.terraform.io/hashicorp/aws\"]",
      "instances": [
        {
          "index_key": 0,
          "schema_version": 0,
          "attributes": {
            "gateway_id": "",
            "id": "rtbassoc-097150351a9f4a703",
            "route_table_id": "rtb-0628439e8777b78a9",
            "subnet_id": "subnet-01d9f97149cf8f403",
            "timeouts": null
          },
          "sensitive_attributes": [],
          "identity_schema_version": 0,
          "private": "eyJlMmJmYjczMC1lY2FhLTExZTYtOGY4OC0zNDM2M2JjN2M0YzAiOnsiY3JlYXRlIjozMDAwMDAwMDAwMDAsImRlbGV0ZSI6MzAwMDAwMDAwMDAwLCJ1cGRhdGUiOjEyMDAwMDAwMDAwMH19",
          "dependencies": [
            "module.infrastructure.module.vpc.aws_internet_gateway.this",
            "module.infrastructure.module.vpc.aws_route_table.public",
            "module.infrastructure.module.vpc.aws_subnet.public",
            "module.infrastructure.module.vpc.aws_vpc.this",
            "module.infrastructure.module.vpc.data.aws_availability_zones.available"
          ]
        },
        {
          "index_key": 1,
          "schema_version": 0,
          "attributes": {
            "gateway_id": "",
            "id": "rtbassoc-04f72d7f5c52d5dfe",
            "route_table_id": "rtb-0628439e8777b78a9",
            "subnet_id": "subnet-0838d54df3a0db3ac",
            "timeouts": null
          },
          "sensitive_attributes": [],
          "identity_schema_version": 0,
          "private": "eyJlMmJmYjczMC1lY2FhLTExZTYtOGY4OC0zNDM2M2JjN2M0YzAiOnsiY3JlYXRlIjozMDAwMDAwMDAwMDAsImRlbGV0ZSI6MzAwMDAwMDAwMDAwLCJ1cGRhdGUiOjEyMDAwMDAwMDAwMH19",
          "dependencies": [
            "module.infrastructure.module.vpc.aws_internet_gateway.this",
            "module.infrastructure.module.vpc.aws_route_table.public",
            "module.infrastructure.module.vpc.aws_subnet.public",
            "module.infrastructure.module.vpc.aws_vpc.this",
            "module.infrastructure.module.vpc.data.aws_availability_zones.available"
          ]
        }
      ]
    },
    {
      "module": "module.infrastructure.module.vpc",
      "mode": "managed",
      "type": "aws_subnet",
      "name": "private",
      "provider": "provider[\"registry.terraform.io/hashicorp/aws\"]",
      "instances": [
        {
          "index_key": 0,
          "schema_version": 1,
          "attributes": {
            "arn": "arn:aws:ec2:us-east-1:960828421635:subnet/subnet-0323792cba24f82a9",
            "assign_ipv6_address_on_creation": false,
            "availability_zone": "us-east-1a",
            "availability_zone_id": "use1-az1",
            "cidr_block": "10.0.2.0/24",
            "customer_owned_ipv4_pool": "",
            "enable_dns64": false,
            "enable_lni_at_device_index": 0,
            "enable_resource_name_dns_a_record_on_launch": false,
            "enable_resource_name_dns_aaaa_record_on_launch": false,
            "id": "subnet-0323792cba24f82a9",
            "ipv6_cidr_block": "",
            "ipv6_cidr_block_association_id": "",
            "ipv6_native": false,
            "map_customer_owned_ip_on_launch": false,
            "map_public_ip_on_launch": false,
            "outpost_arn": "",
            "owner_id": "960828421635",
            "private_dns_hostname_type_on_launch": "ip-name",
            "tags": {
              "Name": "private-subnet-0",
              "kubernetes.io/role/elb": "1"
            },
            "tags_all": {
              "Name": "private-subnet-0",
              "kubernetes.io/role/elb": "1"
            },
            "timeouts": null,
            "vpc_id": "vpc-02ee336af566d61f6"
          },
          "sensitive_attributes": [],
          "identity_schema_version": 0,
          "private": "eyJlMmJmYjczMC1lY2FhLTExZTYtOGY4OC0zNDM2M2JjN2M0YzAiOnsiY3JlYXRlIjo2MDAwMDAwMDAwMDAsImRlbGV0ZSI6MTIwMDAwMDAwMDAwMH0sInNjaGVtYV92ZXJzaW9uIjoiMSJ9",
          "dependencies": [
            "module.infrastructure.module.vpc.aws_vpc.this",
            "module.infrastructure.module.vpc.data.aws_availability_zones.available"
          ],
          "create_before_destroy": true
        },
        {
          "index_key": 1,
          "schema_version": 1,
          "attributes": {
            "arn": "arn:aws:ec2:us-east-1:960828421635:subnet/subnet-0704f05d04d0f330a",
            "assign_ipv6_address_on_creation": false,
            "availability_zone": "us-east-1b",
            "availability_zone_id": "use1-az2",
            "cidr_block": "10.0.3.0/24",
            "customer_owned_ipv4_pool": "",
            "enable_dns64": false,
            "enable_lni_at_device_index": 0,
            "enable_resource_name_dns_a_record_on_launch": false,
            "enable_resource_name_dns_aaaa_record_on_launch": false,
            "id": "subnet-0704f05d04d0f330a",
            "ipv6_cidr_block": "",
            "ipv6_cidr_block_association_id": "",
            "ipv6_native": false,
            "map_customer_owned_ip_on_launch": false,
            "map_public_ip_on_launch": false,
            "outpost_arn": "",
            "owner_id": "960828421635",
            "private_dns_hostname_type_on_launch": "ip-name",
            "tags": {
              "Name": "private-subnet-1",
              "kubernetes.io/role/elb": "1"
            },
            "tags_all": {
              "Name": "private-subnet-1",
              "kubernetes.io/role/elb": "1"
            },
            "timeouts": null,
            "vpc_id": "vpc-02ee336af566d61f6"
          },
          "sensitive_attributes": [],
          "identity_schema_version": 0,
          "private": "eyJlMmJmYjczMC1lY2FhLTExZTYtOGY4OC0zNDM2M2JjN2M0YzAiOnsiY3JlYXRlIjo2MDAwMDAwMDAwMDAsImRlbGV0ZSI6MTIwMDAwMDAwMDAwMH0sInNjaGVtYV92ZXJzaW9uIjoiMSJ9",
          "dependencies": [
            "module.infrastructure.module.vpc.aws_vpc.this",
            "module.infrastructure.module.vpc.data.aws_availability_zones.available"
          ],
          "create_before_destroy": true
        }
      ]
    },
    {
      "module": "module.infrastructure.module.vpc",
      "mode": "managed",
      "type": "aws_subnet",
      "name": "public",
      "provider": "provider[\"registry.terraform.io/hashicorp/aws\"]",
      "instances": [
        {
          "index_key": 0,
          "schema_version": 1,
          "attributes": {
            "arn": "arn:aws:ec2:us-east-1:960828421635:subnet/subnet-01d9f97149cf8f403",
            "assign_ipv6_address_on_creation": false,
            "availability_zone": "us-east-1a",
            "availability_zone_id": "use1-az1",
            "cidr_block": "10.0.0.0/24",
            "customer_owned_ipv4_pool": "",
            "enable_dns64": false,
            "enable_lni_at_device_index": 0,
            "enable_resource_name_dns_a_record_on_launch": false,
            "enable_resource_name_dns_aaaa_record_on_launch": false,
            "id": "subnet-01d9f97149cf8f403",
            "ipv6_cidr_block": "",
            "ipv6_cidr_block_association_id": "",
            "ipv6_native": false,
            "map_customer_owned_ip_on_launch": false,
            "map_public_ip_on_launch": true,
            "outpost_arn": "",
            "owner_id": "960828421635",
            "private_dns_hostname_type_on_launch": "ip-name",
            "tags": {
              "Name": "public-subnet-0",
              "kubernetes.io/role/elb": "1"
            },
            "tags_all": {
              "Name": "public-subnet-0",
              "kubernetes.io/role/elb": "1"
            },
            "timeouts": null,
            "vpc_id": "vpc-02ee336af566d61f6"
          },
          "sensitive_attributes": [],
          "identity_schema_version": 0,
          "private": "eyJlMmJmYjczMC1lY2FhLTExZTYtOGY4OC0zNDM2M2JjN2M0YzAiOnsiY3JlYXRlIjo2MDAwMDAwMDAwMDAsImRlbGV0ZSI6MTIwMDAwMDAwMDAwMH0sInNjaGVtYV92ZXJzaW9uIjoiMSJ9",
          "dependencies": [
            "module.infrastructure.module.vpc.aws_vpc.this",
            "module.infrastructure.module.vpc.data.aws_availability_zones.available"
          ]
        },
        {
          "index_key": 1,
          "schema_version": 1,
          "attributes": {
            "arn": "arn:aws:ec2:us-east-1:960828421635:subnet/subnet-0838d54df3a0db3ac",
            "assign_ipv6_address_on_creation": false,
            "availability_zone": "us-east-1b",
            "availability_zone_id": "use1-az2",
            "cidr_block": "10.0.1.0/24",
            "customer_owned_ipv4_pool": "",
            "enable_dns64": false,
            "enable_lni_at_device_index": 0,
            "enable_resource_name_dns_a_record_on_launch": false,
            "enable_resource_name_dns_aaaa_record_on_launch": false,
            "id": "subnet-0838d54df3a0db3ac",
            "ipv6_cidr_block": "",
            "ipv6_cidr_block_association_id": "",
            "ipv6_native": false,
            "map_customer_owned_ip_on_launch": false,
            "map_public_ip_on_launch": true,
            "outpost_arn": "",
            "owner_id": "960828421635",
            "private_dns_hostname_type_on_launch": "ip-name",
            "tags": {
              "Name": "public-subnet-1",
              "kubernetes.io/role/elb": "1"
            },
            "tags_all": {
              "Name": "public-subnet-1",
              "kubernetes.io/role/elb": "1"
            },
            "timeouts": null,
            "vpc_id": "vpc-02ee336af566d61f6"
          },
          "sensitive_attributes": [],
          "identity_schema_version": 0,
          "private": "eyJlMmJmYjczMC1lY2FhLTExZTYtOGY4OC0zNDM2M2JjN2M0YzAiOnsiY3JlYXRlIjo2MDAwMDAwMDAwMDAsImRlbGV0ZSI6MTIwMDAwMDAwMDAwMH0sInNjaGVtYV92ZXJzaW9uIjoiMSJ9",
          "dependencies": [
            "module.infrastructure.module.vpc.aws_vpc.this",
            "module.infrastructure.module.vpc.data.aws_availability_zones.available"
          ]
        }
      ]
    },
    {
      "module": "module.infrastructure.module.vpc",
      "mode": "managed",
      "type": "aws_vpc",
      "name": "this",
      "provider": "provider[\"registry.terraform.io/hashicorp/aws\"]",
      "instances": [
        {
          "schema_version": 1,
          "attributes": {
            "arn": "arn:aws:ec2:us-east-1:960828421635:vpc/vpc-02ee336af566d61f6",
            "assign_generated_ipv6_cidr_block": false,
            "cidr_block": "10.0.0.0/16",
            "default_network_acl_id": "acl-053be57ff4461f208",
            "default_route_table_id": "rtb-0d933d013ee28d9d2",
            "default_security_group_id": "sg-0910ed0ac777b73dd",
            "dhcp_options_id": "dopt-0171a38b13c16f628",
            "enable_dns_hostnames": true,
            "enable_dns_support": true,
            "enable_network_address_usage_metrics": false,
            "id": "vpc-02ee336af566d61f6",
            "instance_tenancy": "default",
            "ipv4_ipam_pool_id": null,
            "ipv4_netmask_length": null,
            "ipv6_association_id": "",
            "ipv6_cidr_block": "",
            "ipv6_cidr_block_network_border_group": "",
            "ipv6_ipam_pool_id": "",
            "ipv6_netmask_length": 0,
            "main_route_table_id": "rtb-0d933d013ee28d9d2",
            "owner_id": "960828421635",
            "tags": {
              "Name": "tf_vpc"
            },
            "tags_all": {
              "Name": "tf_vpc"
            }
          },
          "sensitive_attributes": [],
          "identity_schema_version": 0,
          "private": "eyJzY2hlbWFfdmVyc2lvbiI6IjEifQ==",
          "create_before_destroy": true
        }
      ]
    },
    {
      "module": "module.k8s",
      "mode": "managed",
      "type": "helm_release",
      "name": "weather_app",
      "provider": "provider[\"registry.terraform.io/hashicorp/helm\"]",
      "instances": [
        {
          "schema_version": 1,
          "attributes": {
            "atomic": false,
            "chart": "../../modules/k8s/chart",
            "cleanup_on_fail": false,
            "create_namespace": true,
            "dependency_update": false,
            "description": null,
            "devel": null,
            "disable_crd_hooks": false,
            "disable_openapi_validation": false,
            "disable_webhooks": false,
            "force_update": false,
            "id": "weather-app",
            "keyring": null,
            "lint": false,
            "manifest": null,
            "max_history": 0,
            "metadata": [
              {
                "app_version": "1.0.0",
                "chart": "weather-app",
                "first_deployed": 1771253992,
                "last_deployed": 1771273276,
                "name": "weather-app",
                "namespace": "default",
                "notes": "",
                "revision": 4,
                "values": "{\"configMaps\":{\"blue\":{\"bgColor\":\"blue\",\"name\":\"bg-color-blue\"},\"green\":{\"bgColor\":\"green\",\"name\":\"bg-color-green\"}},\"ingress\":{\"certificateArn\":\"arn:aws:acm:us-east-1:960828421635:certificate/354e07ad-76e2-4921-a459-85fe48702d1f\",\"className\":\"alb\",\"enabled\":true,\"solitaireHost\":\"solitaire.omerlevy03.com\",\"weatherHost\":\"weather.omerlevy03.com\"},\"persistence\":{\"enabled\":true,\"pvc\":{\"accessModes\":[\"ReadWriteMany\"],\"name\":\"weather-history-pvc-efs-v1\",\"size\":\"5Gi\",\"storageClass\":\"weather-efs-sc-v1\"},\"storageClass\":{\"allowVolumeExpansion\":true,\"isDefaultClass\":false,\"name\":\"weather-efs-sc-v1\",\"parameters\":{\"directoryPerms\":\"700\",\"fileSystemId\":\"fs-02f7530e598c97d62\",\"provisioningMode\":\"efs-ap\"},\"provisioner\":\"efs.csi.aws.com\",\"volumeBindingMode\":\"Immediate\"}},\"solitaire\":{\"image\":{\"pullPolicy\":\"IfNotPresent\",\"repository\":\"chimenesjr/solitaire\",\"tag\":\"nginx\"},\"replicas\":4,\"service\":{\"nodePort\":32400,\"port\":80,\"targetPort\":80,\"type\":\"NodePort\"}},\"weather\":{\"bgColorConfigMap\":\"bg-color-blue\",\"historyMountPath\":\"/app/history\",\"image\":{\"pullPolicy\":\"IfNotPresent\",\"repository\":\"omerlevyk/weather_app_private\",\"tag\":\"v1.0.0\"},\"replicas\":4,\"service\":{\"nodePort\":32300,\"port\":80,\"targetPort\":5000,\"type\":\"NodePort\"}}}",
                "version": "0.1.0"
              }
            ],
            "name": "weather-app",
            "namespace": "default",
            "pass_credentials": false,
            "postrender": [],
            "recreate_pods": false,
            "render_subchart_notes": true,
            "replace": false,
            "repository": null,
            "repository_ca_file": null,
            "repository_cert_file": null,
            "repository_key_file": null,
            "repository_password": null,
            "repository_username": null,
            "reset_values": false,
            "reuse_values": false,
            "set": [],
            "set_list": [],
            "set_sensitive": [],
            "skip_crds": false,
            "status": "deployed",
            "timeout": 300,
            "upgrade_install": null,
            "values": [
              "\"configMaps\":\n  \"blue\":\n    \"bgColor\": \"blue\"\n    \"name\": \"bg-color-blue\"\n  \"green\":\n    \"bgColor\": \"green\"\n    \"name\": \"bg-color-green\"\n\"ingress\":\n  \"certificateArn\": \"arn:aws:acm:us-east-1:960828421635:certificate/354e07ad-76e2-4921-a459-85fe48702d1f\"\n  \"className\": \"alb\"\n  \"enabled\": true\n  \"solitaireHost\": \"solitaire.omerlevy03.com\"\n  \"weatherHost\": \"weather.omerlevy03.com\"\n\"persistence\":\n  \"enabled\": true\n  \"pvc\":\n    \"accessModes\":\n    - \"ReadWriteMany\"\n    \"name\": \"weather-history-pvc-efs-v1\"\n    \"size\": \"5Gi\"\n    \"storageClass\": \"weather-efs-sc-v1\"\n  \"storageClass\":\n    \"allowVolumeExpansion\": true\n    \"isDefaultClass\": false\n    \"name\": \"weather-efs-sc-v1\"\n    \"parameters\":\n      \"directoryPerms\": \"700\"\n      \"fileSystemId\": \"fs-02f7530e598c97d62\"\n      \"provisioningMode\": \"efs-ap\"\n    \"provisioner\": \"efs.csi.aws.com\"\n    \"volumeBindingMode\": \"Immediate\"\n\"solitaire\":\n  \"image\":\n    \"pullPolicy\": \"IfNotPresent\"\n    \"repository\": \"chimenesjr/solitaire\"\n    \"tag\": \"nginx\"\n  \"replicas\": 4\n  \"service\":\n    \"nodePort\": 32400\n    \"port\": 80\n    \"targetPort\": 80\n    \"type\": \"NodePort\"\n\"weather\":\n  \"bgColorConfigMap\": \"bg-color-blue\"\n  \"historyMountPath\": \"/app/history\"\n  \"image\":\n    \"pullPolicy\": \"IfNotPresent\"\n    \"repository\": \"omerlevyk/weather_app_private\"\n    \"tag\": \"v1.0.0\"\n  \"replicas\": 4\n  \"service\":\n    \"nodePort\": 32300\n    \"port\": 80\n    \"targetPort\": 5000\n    \"type\": \"NodePort\"\n"
            ],
            "verify": false,
            "version": "0.1.0",
            "wait": true,
            "wait_for_jobs": false
          },
          "sensitive_attributes": [
            [
              {
                "type": "get_attr",
                "value": "repository_password"
              }
            ]
          ],
          "identity_schema_version": 0,
          "private": "eyJzY2hlbWFfdmVyc2lvbiI6IjEifQ==",
          "dependencies": [
            "data.aws_eks_cluster.this",
            "data.aws_eks_cluster_auth.this",
            "module.alb.aws_autoscaling_attachment.weather_eks_nodes",
            "module.alb.aws_lb.this",
            "module.alb.aws_lb_listener.http",
            "module.alb.aws_lb_listener.https",
            "module.alb.aws_lb_listener_rule.gitlab",
            "module.alb.aws_lb_listener_rule.jenkins",
            "module.alb.aws_lb_listener_rule.weather",
            "module.alb.aws_lb_target_group.gitlab",
            "module.alb.aws_lb_target_group.jenkins",
            "module.alb.aws_lb_target_group.weather_eks",
            "module.alb.aws_lb_target_group_attachment.gitlab",
            "module.alb.aws_lb_target_group_attachment.jenkins",
            "module.alb_controller.aws_iam_role.alb_controller",
            "module.alb_controller.data.aws_iam_policy_document.alb_controller_assume_role",
            "module.alb_controller.helm_release.aws_load_balancer_controller",
            "module.alb_controller.kubernetes_service_account_v1.alb_controller",
            "module.infrastructure.aws_efs_file_system.weather_history",
            "module.infrastructure.aws_efs_mount_target.weather_history",
            "module.infrastructure.aws_iam_instance_profile.gitlab_ssm_profile",
            "module.infrastructure.aws_iam_role.gitlab_ssm_role",
            "module.infrastructure.aws_iam_role_policy_attachment.gitlab_ssm_core",
            "module.infrastructure.aws_security_group.efs",
            "module.infrastructure.aws_security_group_rule.efs_egress_all",
            "module.infrastructure.aws_security_group_rule.efs_ingress_nfs_from_eks_nodes",
            "module.infrastructure.data.aws_iam_policy_document.gitlab_ssm_assume_role",
            "module.infrastructure.module.eks.data.aws_caller_identity.current",
            "module.infrastructure.module.eks.module.eks.aws_cloudwatch_log_group.this",
            "module.infrastructure.module.eks.module.eks.aws_ec2_tag.cluster_primary_security_group",
            "module.infrastructure.module.eks.module.eks.aws_eks_access_entry.this",
            "module.infrastructure.module.eks.module.eks.aws_eks_access_policy_association.this",
            "module.infrastructure.module.eks.module.eks.aws_eks_addon.before_compute",
            "module.infrastructure.module.eks.module.eks.aws_eks_addon.this",
            "module.infrastructure.module.eks.module.eks.aws_eks_cluster.this",
            "module.infrastructure.module.eks.module.eks.aws_eks_identity_provider_config.this",
            "module.infrastructure.module.eks.module.eks.aws_iam_openid_connect_provider.oidc_provider",
            "module.infrastructure.module.eks.module.eks.aws_iam_policy.cluster_encryption",
            "module.infrastructure.module.eks.module.eks.aws_iam_policy.cni_ipv6_policy",
            "module.infrastructure.module.eks.module.eks.aws_iam_policy.custom",
            "module.infrastructure.module.eks.module.eks.aws_iam_role.eks_auto",
            "module.infrastructure.module.eks.module.eks.aws_iam_role.this",
            "module.infrastructure.module.eks.module.eks.aws_iam_role_policy_attachment.additional",
            "module.infrastructure.module.eks.module.eks.aws_iam_role_policy_attachment.cluster_encryption",
            "module.infrastructure.module.eks.module.eks.aws_iam_role_policy_attachment.custom",
            "module.infrastructure.module.eks.module.eks.aws_iam_role_policy_attachment.eks_auto",
            "module.infrastructure.module.eks.module.eks.aws_iam_role_policy_attachment.eks_auto_additional",
            "module.infrastructure.module.eks.module.eks.aws_iam_role_policy_attachment.this",
            "module.infrastructure.module.eks.module.eks.aws_security_group.cluster",
            "module.infrastructure.module.eks.module.eks.aws_security_group.node",
            "module.infrastructure.module.eks.module.eks.aws_security_group_rule.cluster",
            "module.infrastructure.module.eks.module.eks.aws_security_group_rule.node",
            "module.infrastructure.module.eks.module.eks.data.aws_caller_identity.current",
            "module.infrastructure.module.eks.module.eks.data.aws_eks_addon_version.this",
            "module.infrastructure.module.eks.module.eks.data.aws_iam_policy_document.assume_role_policy",
            "module.infrastructure.module.eks.module.eks.data.aws_iam_policy_document.cni_ipv6_policy",
            "module.infrastructure.module.eks.module.eks.data.aws_iam_policy_document.custom",
            "module.infrastructure.module.eks.module.eks.data.aws_iam_policy_document.node_assume_role_policy",
            "module.infrastructure.module.eks.module.eks.data.aws_iam_session_context.current",
            "module.infrastructure.module.eks.module.eks.data.aws_partition.current",
            "module.infrastructure.module.eks.module.eks.data.tls_certificate.this",
            "module.infrastructure.module.eks.module.eks.module.eks_managed_node_group.aws_autoscaling_schedule.this",
            "module.infrastructure.module.eks.module.eks.module.eks_managed_node_group.aws_eks_node_group.this",
            "module.infrastructure.module.eks.module.eks.module.eks_managed_node_group.aws_iam_role.this",
            "module.infrastructure.module.eks.module.eks.module.eks_managed_node_group.aws_iam_role_policy.this",
            "module.infrastructure.module.eks.module.eks.module.eks_managed_node_group.aws_iam_role_policy_attachment.additional",
            "module.infrastructure.module.eks.module.eks.module.eks_managed_node_group.aws_iam_role_policy_attachment.this",
            "module.infrastructure.module.eks.module.eks.module.eks_managed_node_group.aws_launch_template.this",
            "module.infrastructure.module.eks.module.eks.module.eks_managed_node_group.aws_placement_group.this",
            "module.infrastructure.module.eks.module.eks.module.eks_managed_node_group.data.aws_caller_identity.current",
            "module.infrastructure.module.eks.module.eks.module.eks_managed_node_group.data.aws_ec2_instance_type.this",
            "module.infrastructure.module.eks.module.eks.module.eks_managed_node_group.data.aws_ec2_instance_type_offerings.this",
            "module.infrastructure.module.eks.module.eks.module.eks_managed_node_group.data.aws_iam_policy_document.assume_role_policy",
            "module.infrastructure.module.eks.module.eks.module.eks_managed_node_group.data.aws_iam_policy_document.role",
            "module.infrastructure.module.eks.module.eks.module.eks_managed_node_group.data.aws_partition.current",
            "module.infrastructure.module.eks.module.eks.module.eks_managed_node_group.data.aws_ssm_parameter.ami",
            "module.infrastructure.module.eks.module.eks.module.eks_managed_node_group.data.aws_subnets.placement_group",
            "module.infrastructure.module.eks.module.eks.module.eks_managed_node_group.module.user_data.data.cloudinit_config.al2023_eks_managed_node_group",
            "module.infrastructure.module.eks.module.eks.module.eks_managed_node_group.module.user_data.data.cloudinit_config.linux_eks_managed_node_group",
            "module.infrastructure.module.eks.module.eks.module.eks_managed_node_group.module.user_data.null_resource.validate_cluster_service_cidr",
            "module.infrastructure.module.eks.module.eks.module.fargate_profile.aws_eks_fargate_profile.this",
            "module.infrastructure.module.eks.module.eks.module.fargate_profile.aws_iam_role.this",
            "module.infrastructure.module.eks.module.eks.module.fargate_profile.aws_iam_role_policy.this",
            "module.infrastructure.module.eks.module.eks.module.fargate_profile.aws_iam_role_policy_attachment.additional",
            "module.infrastructure.module.eks.module.eks.module.fargate_profile.aws_iam_role_policy_attachment.this",
            "module.infrastructure.module.eks.module.eks.module.fargate_profile.data.aws_caller_identity.current",
            "module.infrastructure.module.eks.module.eks.module.fargate_profile.data.aws_iam_policy_document.assume_role_policy",
            "module.infrastructure.module.eks.module.eks.module.fargate_profile.data.aws_iam_policy_document.role",
            "module.infrastructure.module.eks.module.eks.module.fargate_profile.data.aws_partition.current",
            "module.infrastructure.module.eks.module.eks.module.fargate_profile.data.aws_region.current",
            "module.infrastructure.module.eks.module.eks.module.kms.aws_kms_alias.this",
            "module.infrastructure.module.eks.module.eks.module.kms.aws_kms_external_key.this",
            "module.infrastructure.module.eks.module.eks.module.kms.aws_kms_grant.this",
            "module.infrastructure.module.eks.module.eks.module.kms.aws_kms_key.this",
            "module.infrastructure.module.eks.module.eks.module.kms.aws_kms_replica_external_key.this",
            "module.infrastructure.module.eks.module.eks.module.kms.aws_kms_replica_key.this",
            "module.infrastructure.module.eks.module.eks.module.kms.data.aws_caller_identity.current",
            "module.infrastructure.module.eks.module.eks.module.kms.data.aws_iam_policy_document.this",
            "module.infrastructure.module.eks.module.eks.module.kms.data.aws_partition.current",
            "module.infrastructure.module.eks.module.eks.module.self_managed_node_group.aws_autoscaling_group.this",
            "module.infrastructure.module.eks.module.eks.module.self_managed_node_group.aws_autoscaling_schedule.this",
            "module.infrastructure.module.eks.module.eks.module.self_managed_node_group.aws_eks_access_entry.this",
            "module.infrastructure.module.eks.module.eks.module.self_managed_node_group.aws_iam_instance_profile.this",
            "module.infrastructure.module.eks.module.eks.module.self_managed_node_group.aws_iam_role.this",
            "module.infrastructure.module.eks.module.eks.module.self_managed_node_group.aws_iam_role_policy.this",
            "module.infrastructure.module.eks.module.eks.module.self_managed_node_group.aws_iam_role_policy_attachment.additional",
            "module.infrastructure.module.eks.module.eks.module.self_managed_node_group.aws_iam_role_policy_attachment.this",
            "module.infrastructure.module.eks.module.eks.module.self_managed_node_group.aws_launch_template.this",
            "module.infrastructure.module.eks.module.eks.module.self_managed_node_group.aws_placement_group.this",
            "module.infrastructure.module.eks.module.eks.module.self_managed_node_group.data.aws_caller_identity.current",
            "module.infrastructure.module.eks.module.eks.module.self_managed_node_group.data.aws_ec2_instance_type.this",
            "module.infrastructure.module.eks.module.eks.module.self_managed_node_group.data.aws_ec2_instance_type_offerings.this",
            "module.infrastructure.module.eks.module.eks.module.self_managed_node_group.data.aws_iam_policy_document.assume_role_policy",
            "module.infrastructure.module.eks.module.eks.module.self_managed_node_group.data.aws_iam_policy_document.role",
            "module.infrastructure.module.eks.module.eks.module.self_managed_node_group.data.aws_partition.current",
            "module.infrastructure.module.eks.module.eks.module.self_managed_node_group.data.aws_ssm_parameter.ami",
            "module.infrastructure.module.eks.module.eks.module.self_managed_node_group.data.aws_subnets.placement_group",
            "module.infrastructure.module.eks.module.eks.module.self_managed_node_group.module.user_data.data.cloudinit_config.al2023_eks_managed_node_group",
            "module.infrastructure.module.eks.module.eks.module.self_managed_node_group.module.user_data.data.cloudinit_config.linux_eks_managed_node_group",
            "module.infrastructure.module.eks.module.eks.module.self_managed_node_group.module.user_data.null_resource.validate_cluster_service_cidr",
            "module.infrastructure.module.eks.module.eks.time_sleep.this",
            "module.infrastructure.module.gitlab.aws_instance.this",
            "module.infrastructure.module.jenkins_agent.aws_instance.this",
            "module.infrastructure.module.jenkins_controller.aws_instance.this",
            "module.infrastructure.module.security_groups.aws_security_group.alb_sg",
            "module.infrastructure.module.security_groups.aws_security_group.bastion_sg",
            "module.infrastructure.module.security_groups.aws_security_group.private_instances_sg",
            "module.infrastructure.module.security_groups.aws_security_group_rule.alb_egress",
            "module.infrastructure.module.security_groups.aws_security_group_rule.alb_http",
            "module.infrastructure.module.security_groups.aws_security_group_rule.alb_https",
            "module.infrastructure.module.security_groups.aws_security_group_rule.bastion_ssh",
            "module.infrastructure.module.security_groups.aws_security_group_rule.private_egress",
            "module.infrastructure.module.security_groups.aws_security_group_rule.private_from_alb_443",
            "module.infrastructure.module.security_groups.aws_security_group_rule.private_from_alb_80",
            "module.infrastructure.module.security_groups.aws_security_group_rule.private_from_alb_8080",
            "module.infrastructure.module.security_groups.aws_security_group_rule.private_from_bastion_ssh",
            "module.infrastructure.module.security_groups.aws_security_group_rule.private_ssh_internal",
            "module.infrastructure.module.vpc.aws_eip.nat",
            "module.infrastructure.module.vpc.aws_internet_gateway.this",
            "module.infrastructure.module.vpc.aws_nat_gateway.this",
            "module.infrastructure.module.vpc.aws_route.private_default",
            "module.infrastructure.module.vpc.aws_route_table.private",
            "module.infrastructure.module.vpc.aws_route_table.public",
            "module.infrastructure.module.vpc.aws_route_table_association.private",
            "module.infrastructure.module.vpc.aws_route_table_association.public",
            "module.infrastructure.module.vpc.aws_subnet.private",
            "module.infrastructure.module.vpc.aws_subnet.public",
            "module.infrastructure.module.vpc.aws_vpc.this",
            "module.infrastructure.module.vpc.data.aws_availability_zones.available"
          ]
        }
      ]
    }
  ],
  "check_results": [
    {
      "object_kind": "resource",
      "config_addr": "module.infrastructure.module.eks.module.eks.module.eks_managed_node_group.module.user_data.null_resource.validate_cluster_service_cidr",
      "status": "pass",
      "objects": [
        {
          "object_addr": "module.infrastructure.module.eks.module.eks.module.eks_managed_node_group[\"default\"].module.user_data.null_resource.validate_cluster_service_cidr",
          "status": "pass"
        }
      ]
    },
    {
      "object_kind": "var",
      "config_addr": "module.infrastructure.module.eks.module.eks.module.self_managed_node_group.var.platform",
      "status": "pass",
      "objects": null
    },
    {
      "object_kind": "resource",
      "config_addr": "module.infrastructure.module.eks.module.eks.module.self_managed_node_group.module.user_data.null_resource.validate_cluster_service_cidr",
      "status": "pass",
      "objects": null
    }
  ]
}
